// !$*UTF8*$!
{
	archiveVersion = 1;
	classes = {
	};
	objectVersion = 46;
	objects = {

/* Begin PBXBuildFile section */
		0B1074283B4FDD4537903024 /* Pods_Video_Transformers.framework in Frameworks */ = {isa = PBXBuildFile; fileRef = 2F567B150B303CC48F83BCD8 /* Pods_Video_Transformers.framework */; };
		A05376311EB173CC00645696 /* AppDelegate.m in Sources */ = {isa = PBXBuildFile; fileRef = A05376251EB173CC00645696 /* AppDelegate.m */; };
		A05376321EB173CC00645696 /* Main_iPad.storyboard in Resources */ = {isa = PBXBuildFile; fileRef = A05376261EB173CC00645696 /* Main_iPad.storyboard */; };
		A05376331EB173CC00645696 /* Main_iPhone.storyboard in Resources */ = {isa = PBXBuildFile; fileRef = A05376281EB173CC00645696 /* Main_iPhone.storyboard */; };
		A05376341EB173CC00645696 /* InfoPlist.strings in Resources */ = {isa = PBXBuildFile; fileRef = A053762A1EB173CC00645696 /* InfoPlist.strings */; };
		A05376351EB173CC00645696 /* Images.xcassets in Resources */ = {isa = PBXBuildFile; fileRef = A053762C1EB173CC00645696 /* Images.xcassets */; };
		A05376361EB173CC00645696 /* main.m in Sources */ = {isa = PBXBuildFile; fileRef = A053762D1EB173CC00645696 /* main.m */; };
		A05376371EB173CC00645696 /* ViewController.m in Sources */ = {isa = PBXBuildFile; fileRef = A053762F1EB173CC00645696 /* ViewController.m */; };
		D442614C185F92C000E23699 /* README.md in Resources */ = {isa = PBXBuildFile; fileRef = D442614B185F92BF00E23699 /* README.md */; };
/* End PBXBuildFile section */

/* Begin PBXFileReference section */
		2F567B150B303CC48F83BCD8 /* Pods_Video_Transformers.framework */ = {isa = PBXFileReference; explicitFileType = wrapper.framework; includeInIndex = 0; path = Pods_Video_Transformers.framework; sourceTree = BUILT_PRODUCTS_DIR; };
		3CEAE4E2198C4E4DCE832BAD /* Pods-Video-Transformers.release.xcconfig */ = {isa = PBXFileReference; includeInIndex = 1; lastKnownFileType = text.xcconfig; name = "Pods-Video-Transformers.release.xcconfig"; path = "Target Support Files/Pods-Video-Transformers/Pods-Video-Transformers.release.xcconfig"; sourceTree = "<group>"; };
		A05376221EB173CC00645696 /* Info.plist */ = {isa = PBXFileReference; fileEncoding = 4; lastKnownFileType = text.plist.xml; path = Info.plist; sourceTree = "<group>"; };
		A05376241EB173CC00645696 /* AppDelegate.h */ = {isa = PBXFileReference; fileEncoding = 4; lastKnownFileType = sourcecode.c.h; path = AppDelegate.h; sourceTree = "<group>"; };
		A05376251EB173CC00645696 /* AppDelegate.m */ = {isa = PBXFileReference; fileEncoding = 4; lastKnownFileType = sourcecode.c.objc; path = AppDelegate.m; sourceTree = "<group>"; };
		A05376271EB173CC00645696 /* Base */ = {isa = PBXFileReference; lastKnownFileType = file.storyboard; name = Base; path = Base.lproj/Main_iPad.storyboard; sourceTree = "<group>"; };
		A05376291EB173CC00645696 /* Base */ = {isa = PBXFileReference; lastKnownFileType = file.storyboard; name = Base; path = Base.lproj/Main_iPhone.storyboard; sourceTree = "<group>"; };
		A053762B1EB173CC00645696 /* en */ = {isa = PBXFileReference; lastKnownFileType = text.plist.strings; name = en; path = en.lproj/InfoPlist.strings; sourceTree = "<group>"; };
		A053762C1EB173CC00645696 /* Images.xcassets */ = {isa = PBXFileReference; lastKnownFileType = folder.assetcatalog; path = Images.xcassets; sourceTree = "<group>"; };
		A053762D1EB173CC00645696 /* main.m */ = {isa = PBXFileReference; fileEncoding = 4; lastKnownFileType = sourcecode.c.objc; path = main.m; sourceTree = "<group>"; };
		A053762E1EB173CC00645696 /* ViewController.h */ = {isa = PBXFileReference; fileEncoding = 4; lastKnownFileType = sourcecode.c.h; path = ViewController.h; sourceTree = "<group>"; };
		A053762F1EB173CC00645696 /* ViewController.m */ = {isa = PBXFileReference; fileEncoding = 4; lastKnownFileType = sourcecode.c.objc; path = ViewController.m; sourceTree = "<group>"; };
		ADE60F0B2A2626CF00041E41 /* selfie_segmentation.tflite */ = {isa = PBXFileReference; lastKnownFileType = file; name = selfie_segmentation.tflite; path = "Pods/VonageClientSDKVideo/OpenTok.xcframework/ios-arm64/OpenTok.framework/selfie_segmentation.tflite"; sourceTree = "<group>"; };
		D44260F3185F81D800E23699 /* Video-Transformers.app */ = {isa = PBXFileReference; explicitFileType = wrapper.application; includeInIndex = 0; path = "Video-Transformers.app"; sourceTree = BUILT_PRODUCTS_DIR; };
		D44260F6185F81D800E23699 /* Foundation.framework */ = {isa = PBXFileReference; lastKnownFileType = wrapper.framework; name = Foundation.framework; path = System/Library/Frameworks/Foundation.framework; sourceTree = SDKROOT; };
		D44260FA185F81D800E23699 /* UIKit.framework */ = {isa = PBXFileReference; lastKnownFileType = wrapper.framework; name = UIKit.framework; path = System/Library/Frameworks/UIKit.framework; sourceTree = SDKROOT; };
		D442614B185F92BF00E23699 /* README.md */ = {isa = PBXFileReference; fileEncoding = 4; lastKnownFileType = text; path = README.md; sourceTree = "<group>"; };
		D9E430B44AAC82991A79FE87 /* Pods-Video-Transformers.debug.xcconfig */ = {isa = PBXFileReference; includeInIndex = 1; lastKnownFileType = text.xcconfig; name = "Pods-Video-Transformers.debug.xcconfig"; path = "Target Support Files/Pods-Video-Transformers/Pods-Video-Transformers.debug.xcconfig"; sourceTree = "<group>"; };
/* End PBXFileReference section */

/* Begin PBXFrameworksBuildPhase section */
		D44260F0185F81D800E23699 /* Frameworks */ = {
			isa = PBXFrameworksBuildPhase;
			buildActionMask = 2147483647;
			files = (
				0B1074283B4FDD4537903024 /* Pods_Video_Transformers.framework in Frameworks */,
			);
			runOnlyForDeploymentPostprocessing = 0;
		};
/* End PBXFrameworksBuildPhase section */

/* Begin PBXGroup section */
		82EBC85A29B2215464A49FD9 /* Pods */ = {
			isa = PBXGroup;
			children = (
				3CEAE4E2198C4E4DCE832BAD /* Pods-Video-Transformers.release.xcconfig */,
				D9E430B44AAC82991A79FE87 /* Pods-Video-Transformers.debug.xcconfig */,
			);
			path = Pods;
			sourceTree = "<group>";
		};
		A05376211EB173CC00645696 /* Video-Transformers */ = {
			isa = PBXGroup;
			children = (
				A05376221EB173CC00645696 /* Info.plist */,
				A05376241EB173CC00645696 /* AppDelegate.h */,
				A05376251EB173CC00645696 /* AppDelegate.m */,
				A05376261EB173CC00645696 /* Main_iPad.storyboard */,
				A05376281EB173CC00645696 /* Main_iPhone.storyboard */,
				A053762A1EB173CC00645696 /* InfoPlist.strings */,
				A053762C1EB173CC00645696 /* Images.xcassets */,
				A053762D1EB173CC00645696 /* main.m */,
				A053762E1EB173CC00645696 /* ViewController.h */,
				A053762F1EB173CC00645696 /* ViewController.m */,
			);
			path = "Video-Transformers";
			sourceTree = "<group>";
		};
		D44260EA185F81D800E23699 = {
			isa = PBXGroup;
			children = (
				ADE60F0B2A2626CF00041E41 /* selfie_segmentation.tflite */,
				D442614B185F92BF00E23699 /* README.md */,
				A05376211EB173CC00645696 /* Video-Transformers */,
				D44260F5185F81D800E23699 /* Frameworks */,
				D44260F4185F81D800E23699 /* Products */,
				82EBC85A29B2215464A49FD9 /* Pods */,
			);
			sourceTree = "<group>";
		};
		D44260F4185F81D800E23699 /* Products */ = {
			isa = PBXGroup;
			children = (
				D44260F3185F81D800E23699 /* Video-Transformers.app */,
			);
			name = Products;
			sourceTree = "<group>";
		};
		D44260F5185F81D800E23699 /* Frameworks */ = {
			isa = PBXGroup;
			children = (
				D44260F6185F81D800E23699 /* Foundation.framework */,
				D44260FA185F81D800E23699 /* UIKit.framework */,
				2F567B150B303CC48F83BCD8 /* Pods_Video_Transformers.framework */,
			);
			name = Frameworks;
			sourceTree = "<group>";
		};
/* End PBXGroup section */

/* Begin PBXNativeTarget section */
		D44260F2185F81D800E23699 /* Video-Transformers */ = {
			isa = PBXNativeTarget;
			buildConfigurationList = D4426128185F81D800E23699 /* Build configuration list for PBXNativeTarget "Video-Transformers" */;
			buildPhases = (
				AEB5E3891ABFEBFE716BD0B2 /* [CP] Check Pods Manifest.lock */,
				D44260EF185F81D800E23699 /* Sources */,
				D44260F0185F81D800E23699 /* Frameworks */,
				D44260F1185F81D800E23699 /* Resources */,
			);
			buildRules = (
			);
			dependencies = (
			);
			name = "Video-Transformers";
			productName = "Hello-World";
			productReference = D44260F3185F81D800E23699 /* Video-Transformers.app */;
			productType = "com.apple.product-type.application";
		};
/* End PBXNativeTarget section */

/* Begin PBXProject section */
		D44260EB185F81D800E23699 /* Project object */ = {
			isa = PBXProject;
			attributes = {
				LastUpgradeCheck = 1200;
				ORGANIZATIONNAME = "TokBox, Inc.";
				TargetAttributes = {
					D44260F2185F81D800E23699 = {
						DevelopmentTeam = 2A784Y2X3Q;
						ProvisioningStyle = Automatic;
					};
				};
			};
			buildConfigurationList = D44260EE185F81D800E23699 /* Build configuration list for PBXProject "Video-Transformers" */;
			compatibilityVersion = "Xcode 3.2";
			developmentRegion = en;
			hasScannedForEncodings = 0;
			knownRegions = (
				en,
				Base,
			);
			mainGroup = D44260EA185F81D800E23699;
			productRefGroup = D44260F4185F81D800E23699 /* Products */;
			projectDirPath = "";
			projectRoot = "";
			targets = (
				D44260F2185F81D800E23699 /* Video-Transformers */,
			);
		};
/* End PBXProject section */

/* Begin PBXResourcesBuildPhase section */
		D44260F1185F81D800E23699 /* Resources */ = {
			isa = PBXResourcesBuildPhase;
			buildActionMask = 2147483647;
			files = (
				A05376331EB173CC00645696 /* Main_iPhone.storyboard in Resources */,
				A05376321EB173CC00645696 /* Main_iPad.storyboard in Resources */,
				A05376351EB173CC00645696 /* Images.xcassets in Resources */,
				D442614C185F92C000E23699 /* README.md in Resources */,
				A05376341EB173CC00645696 /* InfoPlist.strings in Resources */,
			);
			runOnlyForDeploymentPostprocessing = 0;
		};
/* End PBXResourcesBuildPhase section */

/* Begin PBXShellScriptBuildPhase section */
		AEB5E3891ABFEBFE716BD0B2 /* [CP] Check Pods Manifest.lock */ = {
			isa = PBXShellScriptBuildPhase;
			buildActionMask = 2147483647;
			files = (
			);
			inputFileListPaths = (
			);
			inputPaths = (
				"${PODS_PODFILE_DIR_PATH}/Podfile.lock",
				"${PODS_ROOT}/Manifest.lock",
			);
			name = "[CP] Check Pods Manifest.lock";
			outputFileListPaths = (
			);
			outputPaths = (
				"$(DERIVED_FILE_DIR)/Pods-Video-Transformers-checkManifestLockResult.txt",
			);
			runOnlyForDeploymentPostprocessing = 0;
			shellPath = /bin/sh;
			shellScript = "diff \"${PODS_PODFILE_DIR_PATH}/Podfile.lock\" \"${PODS_ROOT}/Manifest.lock\" > /dev/null\nif [ $? != 0 ] ; then\n    # print error to STDERR\n    echo \"error: The sandbox is not in sync with the Podfile.lock. Run 'pod install' or update your CocoaPods installation.\" >&2\n    exit 1\nfi\n# This output is used by Xcode 'outputs' to avoid re-running this script phase.\necho \"SUCCESS\" > \"${SCRIPT_OUTPUT_FILE_0}\"\n";
			showEnvVarsInLog = 0;
		};
/* End PBXShellScriptBuildPhase section */

/* Begin PBXSourcesBuildPhase section */
		D44260EF185F81D800E23699 /* Sources */ = {
			isa = PBXSourcesBuildPhase;
			buildActionMask = 2147483647;
			files = (
				A05376371EB173CC00645696 /* ViewController.m in Sources */,
				A05376361EB173CC00645696 /* main.m in Sources */,
				A05376311EB173CC00645696 /* AppDelegate.m in Sources */,
			);
			runOnlyForDeploymentPostprocessing = 0;
		};
/* End PBXSourcesBuildPhase section */

/* Begin PBXVariantGroup section */
		A05376261EB173CC00645696 /* Main_iPad.storyboard */ = {
			isa = PBXVariantGroup;
			children = (
				A05376271EB173CC00645696 /* Base */,
			);
			name = Main_iPad.storyboard;
			sourceTree = "<group>";
		};
		A05376281EB173CC00645696 /* Main_iPhone.storyboard */ = {
			isa = PBXVariantGroup;
			children = (
				A05376291EB173CC00645696 /* Base */,
			);
			name = Main_iPhone.storyboard;
			sourceTree = "<group>";
		};
		A053762A1EB173CC00645696 /* InfoPlist.strings */ = {
			isa = PBXVariantGroup;
			children = (
				A053762B1EB173CC00645696 /* en */,
			);
			name = InfoPlist.strings;
			sourceTree = "<group>";
		};
/* End PBXVariantGroup section */

/* Begin XCBuildConfiguration section */
		D4426127185F81D800E23699 /* Release */ = {
			isa = XCBuildConfiguration;
			buildSettings = {
				ALWAYS_SEARCH_USER_PATHS = NO;
				CLANG_ENABLE_MODULES = YES;
				CLANG_ENABLE_OBJC_ARC = YES;
				CLANG_WARN_BLOCK_CAPTURE_AUTORELEASING = YES;
				CLANG_WARN_BOOL_CONVERSION = YES;
				CLANG_WARN_COMMA = YES;
				CLANG_WARN_CONSTANT_CONVERSION = YES;
				CLANG_WARN_DEPRECATED_OBJC_IMPLEMENTATIONS = YES;
				CLANG_WARN_DIRECT_OBJC_ISA_USAGE = YES_ERROR;
				CLANG_WARN_EMPTY_BODY = YES;
				CLANG_WARN_ENUM_CONVERSION = YES;
				CLANG_WARN_INFINITE_RECURSION = YES;
				CLANG_WARN_INT_CONVERSION = YES;
				CLANG_WARN_NON_LITERAL_NULL_CONVERSION = YES;
				CLANG_WARN_OBJC_IMPLICIT_RETAIN_SELF = YES;
				CLANG_WARN_OBJC_LITERAL_CONVERSION = YES;
				CLANG_WARN_OBJC_ROOT_CLASS = YES_ERROR;
				CLANG_WARN_QUOTED_INCLUDE_IN_FRAMEWORK_HEADER = YES;
				CLANG_WARN_RANGE_LOOP_ANALYSIS = YES;
				CLANG_WARN_STRICT_PROTOTYPES = YES;
				CLANG_WARN_SUSPICIOUS_MOVE = YES;
				CLANG_WARN_UNREACHABLE_CODE = YES;
				CLANG_WARN__DUPLICATE_METHOD_MATCH = YES;
				COPY_PHASE_STRIP = YES;
				ENABLE_BITCODE = NO;
				ENABLE_NS_ASSERTIONS = NO;
				ENABLE_STRICT_OBJC_MSGSEND = YES;
				GCC_C_LANGUAGE_STANDARD = gnu99;
				GCC_NO_COMMON_BLOCKS = YES;
				GCC_WARN_64_TO_32_BIT_CONVERSION = YES;
				GCC_WARN_ABOUT_RETURN_TYPE = YES_ERROR;
				GCC_WARN_UNDECLARED_SELECTOR = YES;
				GCC_WARN_UNINITIALIZED_AUTOS = YES;
				GCC_WARN_UNUSED_FUNCTION = YES;
				GCC_WARN_UNUSED_VARIABLE = YES;
				IPHONEOS_DEPLOYMENT_TARGET = 12.4;
				SDKROOT = iphoneos;
				TARGETED_DEVICE_FAMILY = "1,2";
				VALIDATE_PRODUCT = YES;
			};
			name = Release;
		};
		D442612A185F81D800E23699 /* Release */ = {
			isa = XCBuildConfiguration;
			baseConfigurationReference = 3CEAE4E2198C4E4DCE832BAD /* Pods-Video-Transformers.release.xcconfig */;
			buildSettings = {
				ASSETCATALOG_COMPILER_APPICON_NAME = AppIcon;
				CODE_SIGN_IDENTITY = "Apple Development";
				CODE_SIGN_STYLE = Automatic;
				DEVELOPMENT_TEAM = 2A784Y2X3Q;
				ENABLE_BITCODE = NO;
				FRAMEWORK_SEARCH_PATHS = (
					"$(inherited)",
					"${SRCROOT}",
				);
				GCC_PRECOMPILE_PREFIX_HEADER = YES;
				GCC_PREFIX_HEADER = "";
				INFOPLIST_FILE = "$(SRCROOT)/Video-Transformers/Info.plist";
				IPHONEOS_DEPLOYMENT_TARGET = 12.4;
				PRODUCT_BUNDLE_IDENTIFIER = "com.tokbox.Video-Transformers543e";
				PRODUCT_NAME = "$(TARGET_NAME)";
				PROVISIONING_PROFILE_SPECIFIER = "";
				WRAPPER_EXTENSION = app;
			};
			name = Release;
		};
		F8DE15D11D95710C00EFFA79 /* Debug */ = {
			isa = XCBuildConfiguration;
			buildSettings = {
				ALWAYS_SEARCH_USER_PATHS = NO;
				CLANG_ENABLE_MODULES = YES;
				CLANG_ENABLE_OBJC_ARC = YES;
				CLANG_WARN_BLOCK_CAPTURE_AUTORELEASING = YES;
				CLANG_WARN_BOOL_CONVERSION = YES;
				CLANG_WARN_COMMA = YES;
				CLANG_WARN_CONSTANT_CONVERSION = YES;
				CLANG_WARN_DEPRECATED_OBJC_IMPLEMENTATIONS = YES;
				CLANG_WARN_DIRECT_OBJC_ISA_USAGE = YES_ERROR;
				CLANG_WARN_EMPTY_BODY = YES;
				CLANG_WARN_ENUM_CONVERSION = YES;
				CLANG_WARN_INFINITE_RECURSION = YES;
				CLANG_WARN_INT_CONVERSION = YES;
				CLANG_WARN_NON_LITERAL_NULL_CONVERSION = YES;
				CLANG_WARN_OBJC_IMPLICIT_RETAIN_SELF = YES;
				CLANG_WARN_OBJC_LITERAL_CONVERSION = YES;
				CLANG_WARN_OBJC_ROOT_CLASS = YES_ERROR;
				CLANG_WARN_QUOTED_INCLUDE_IN_FRAMEWORK_HEADER = YES;
				CLANG_WARN_RANGE_LOOP_ANALYSIS = YES;
				CLANG_WARN_STRICT_PROTOTYPES = YES;
				CLANG_WARN_SUSPICIOUS_MOVE = YES;
				CLANG_WARN_UNREACHABLE_CODE = YES;
				CLANG_WARN__DUPLICATE_METHOD_MATCH = YES;
				COPY_PHASE_STRIP = YES;
				ENABLE_BITCODE = NO;
				ENABLE_NS_ASSERTIONS = NO;
				ENABLE_STRICT_OBJC_MSGSEND = YES;
				ENABLE_TESTABILITY = YES;
				GCC_C_LANGUAGE_STANDARD = gnu99;
				GCC_NO_COMMON_BLOCKS = YES;
				GCC_WARN_64_TO_32_BIT_CONVERSION = YES;
				GCC_WARN_ABOUT_RETURN_TYPE = YES_ERROR;
				GCC_WARN_UNDECLARED_SELECTOR = YES;
				GCC_WARN_UNINITIALIZED_AUTOS = YES;
				GCC_WARN_UNUSED_FUNCTION = YES;
				GCC_WARN_UNUSED_VARIABLE = YES;
				IPHONEOS_DEPLOYMENT_TARGET = 12.4;
				ONLY_ACTIVE_ARCH = YES;
				SDKROOT = iphoneos;
				TARGETED_DEVICE_FAMILY = "1,2";
				VALIDATE_PRODUCT = YES;
			};
			name = Debug;
		};
		F8DE15D21D95710C00EFFA79 /* Debug */ = {
			isa = XCBuildConfiguration;
			baseConfigurationReference = D9E430B44AAC82991A79FE87 /* Pods-Video-Transformers.debug.xcconfig */;
			buildSettings = {
				ASSETCATALOG_COMPILER_APPICON_NAME = AppIcon;
				CODE_SIGN_IDENTITY = "Apple Development";
				CODE_SIGN_STYLE = Automatic;
				DEVELOPMENT_TEAM = 2A784Y2X3Q;
				ENABLE_BITCODE = NO;
				FRAMEWORK_SEARCH_PATHS = (
					"$(inherited)",
					"${SRCROOT}",
				);
				GCC_PRECOMPILE_PREFIX_HEADER = YES;
				GCC_PREFIX_HEADER = "";
				INFOPLIST_FILE = "$(SRCROOT)/Video-Transformers/Info.plist";
				IPHONEOS_DEPLOYMENT_TARGET = 12.4;
				PRODUCT_BUNDLE_IDENTIFIER = "com.tokbox.Video-Transformers543e";
				PRODUCT_NAME = "$(TARGET_NAME)";
				PROVISIONING_PROFILE_SPECIFIER = "";
				WRAPPER_EXTENSION = app;
			};
			name = Debug;
		};
/* End XCBuildConfiguration section */

/* Begin XCConfigurationList section */
		D44260EE185F81D800E23699 /* Build configuration list for PBXProject "Video-Transformers" */ = {
			isa = XCConfigurationList;
			buildConfigurations = (
				D4426127185F81D800E23699 /* Release */,
				F8DE15D11D95710C00EFFA79 /* Debug */,
			);
			defaultConfigurationIsVisible = 0;
			defaultConfigurationName = Release;
		};
		D4426128185F81D800E23699 /* Build configuration list for PBXNativeTarget "Video-Transformers" */ = {
			isa = XCConfigurationList;
			buildConfigurations = (
				D442612A185F81D800E23699 /* Release */,
				F8DE15D21D95710C00EFFA79 /* Debug */,
			);
			defaultConfigurationIsVisible = 0;
			defaultConfigurationName = Release;
		};
/* End XCConfigurationList section */
	};
	rootObject = D44260EB185F81D800E23699 /* Project object */;
}
