// !$*UTF8*$!
{
	archiveVersion = 1;
	classes = {
	};
	objectVersion = 46;
	objects = {

/* Begin PBXBuildFile section */
		0C1685341A71930400A507E3 /* libc++.dylib in Frameworks */ = {isa = PBXBuildFile; fileRef = 0C1685331A71930400A507E3 /* libc++.dylib */; };
		A5D01FAA1A3A1270005D84F9 /* VideoToolbox.framework in Frameworks */ = {isa = PBXBuildFile; fileRef = A5D01FA91A3A1270005D84F9 /* VideoToolbox.framework */; };
		D44261E6185FC8D600E23699 /* Foundation.framework in Frameworks */ = {isa = PBXBuildFile; fileRef = D44261E5185FC8D600E23699 /* Foundation.framework */; };
		D44261E8185FC8D600E23699 /* CoreGraphics.framework in Frameworks */ = {isa = PBXBuildFile; fileRef = D44261E7185FC8D600E23699 /* CoreGraphics.framework */; };
		D44261EA185FC8D600E23699 /* UIKit.framework in Frameworks */ = {isa = PBXBuildFile; fileRef = D44261E9185FC8D600E23699 /* UIKit.framework */; };
		D44261F0185FC8D600E23699 /* InfoPlist.strings in Resources */ = {isa = PBXBuildFile; fileRef = D44261EE185FC8D600E23699 /* InfoPlist.strings */; };
		D44261F2185FC8D600E23699 /* main.m in Sources */ = {isa = PBXBuildFile; fileRef = D44261F1185FC8D600E23699 /* main.m */; };
		D44261F6185FC8D600E23699 /* AppDelegate.m in Sources */ = {isa = PBXBuildFile; fileRef = D44261F5185FC8D600E23699 /* AppDelegate.m */; };
		D44261F9185FC8D600E23699 /* Main_iPhone.storyboard in Resources */ = {isa = PBXBuildFile; fileRef = D44261F7185FC8D600E23699 /* Main_iPhone.storyboard */; };
		D44261FC185FC8D600E23699 /* Main_iPad.storyboard in Resources */ = {isa = PBXBuildFile; fileRef = D44261FA185FC8D600E23699 /* Main_iPad.storyboard */; };
		D44261FF185FC8D600E23699 /* ViewController.m in Sources */ = {isa = PBXBuildFile; fileRef = D44261FE185FC8D600E23699 /* ViewController.m */; };
		D4426201185FC8D600E23699 /* Images.xcassets in Resources */ = {isa = PBXBuildFile; fileRef = D4426200185FC8D600E23699 /* Images.xcassets */; };
		D4426208185FC8D600E23699 /* XCTest.framework in Frameworks */ = {isa = PBXBuildFile; fileRef = D4426207185FC8D600E23699 /* XCTest.framework */; };
		D4426209185FC8D600E23699 /* Foundation.framework in Frameworks */ = {isa = PBXBuildFile; fileRef = D44261E5185FC8D600E23699 /* Foundation.framework */; };
		D442620A185FC8D600E23699 /* UIKit.framework in Frameworks */ = {isa = PBXBuildFile; fileRef = D44261E9185FC8D600E23699 /* UIKit.framework */; };
		D4426212185FC8D600E23699 /* InfoPlist.strings in Resources */ = {isa = PBXBuildFile; fileRef = D4426210185FC8D600E23699 /* InfoPlist.strings */; };
		D4426214185FC8D600E23699 /* Live_Photo_CaptureTests.m in Sources */ = {isa = PBXBuildFile; fileRef = D4426213185FC8D600E23699 /* Live_Photo_CaptureTests.m */; };
		D442621E185FC9F800E23699 /* OpenTok.framework in Frameworks */ = {isa = PBXBuildFile; fileRef = D442621D185FC9F800E23699 /* OpenTok.framework */; };
		D4426223185FCB8F00E23699 /* TBExamplePhotoVideoCapture.m in Sources */ = {isa = PBXBuildFile; fileRef = D4426222185FCB8F00E23699 /* TBExamplePhotoVideoCapture.m */; };
		D4426233185FCDA700E23699 /* libpthread.dylib in Frameworks */ = {isa = PBXBuildFile; fileRef = D4426226185FCDA700E23699 /* libpthread.dylib */; };
		D4426234185FCDA700E23699 /* libsqlite3.dylib in Frameworks */ = {isa = PBXBuildFile; fileRef = D4426227185FCDA700E23699 /* libsqlite3.dylib */; };
		D4426236185FCDA700E23699 /* SystemConfiguration.framework in Frameworks */ = {isa = PBXBuildFile; fileRef = D4426229185FCDA700E23699 /* SystemConfiguration.framework */; };
		D4426237185FCDA700E23699 /* CoreTelephony.framework in Frameworks */ = {isa = PBXBuildFile; fileRef = D442622A185FCDA700E23699 /* CoreTelephony.framework */; };
		D4426238185FCDA700E23699 /* OpenGLES.framework in Frameworks */ = {isa = PBXBuildFile; fileRef = D442622B185FCDA700E23699 /* OpenGLES.framework */; };
		D4426239185FCDA700E23699 /* CoreVideo.framework in Frameworks */ = {isa = PBXBuildFile; fileRef = D442622C185FCDA700E23699 /* CoreVideo.framework */; };
		D442623A185FCDA700E23699 /* CoreMedia.framework in Frameworks */ = {isa = PBXBuildFile; fileRef = D442622D185FCDA700E23699 /* CoreMedia.framework */; };
		D442623B185FCDA700E23699 /* AudioToolbox.framework in Frameworks */ = {isa = PBXBuildFile; fileRef = D442622E185FCDA700E23699 /* AudioToolbox.framework */; };
		D442623C185FCDA700E23699 /* AVFoundation.framework in Frameworks */ = {isa = PBXBuildFile; fileRef = D442622F185FCDA700E23699 /* AVFoundation.framework */; };
		D442623D185FCDA700E23699 /* QuartzCore.framework in Frameworks */ = {isa = PBXBuildFile; fileRef = D4426230185FCDA700E23699 /* QuartzCore.framework */; };
		D442623F185FCEFB00E23699 /* TBExamplePublisher.m in Sources */ = {isa = PBXBuildFile; fileRef = D442623E185FCEFB00E23699 /* TBExamplePublisher.m */; };
		D4426242185FCF2400E23699 /* TBExampleSubscriber.m in Sources */ = {isa = PBXBuildFile; fileRef = D4426241185FCF2400E23699 /* TBExampleSubscriber.m */; };
		D4426245185FCF2900E23699 /* TBExampleVideoCapture.m in Sources */ = {isa = PBXBuildFile; fileRef = D4426243185FCF2900E23699 /* TBExampleVideoCapture.m */; };
		D4426246185FCF2900E23699 /* TBExampleVideoRender.m in Sources */ = {isa = PBXBuildFile; fileRef = D4426244185FCF2900E23699 /* TBExampleVideoRender.m */; };
		D4426248185FCF6A00E23699 /* README.md in Resources */ = {isa = PBXBuildFile; fileRef = D4426247185FCF6A00E23699 /* README.md */; };
		D4F8FD9D194125D100364672 /* GLKit.framework in Frameworks */ = {isa = PBXBuildFile; fileRef = D4F8FD9C194125D100364672 /* GLKit.framework */; };
/* End PBXBuildFile section */

/* Begin PBXContainerItemProxy section */
		D442620B185FC8D600E23699 /* PBXContainerItemProxy */ = {
			isa = PBXContainerItemProxy;
			containerPortal = D44261DA185FC8D600E23699 /* Project object */;
			proxyType = 1;
			remoteGlobalIDString = D44261E1185FC8D600E23699;
			remoteInfo = "Live-Photo-Capture";
		};
/* End PBXContainerItemProxy section */

/* Begin PBXFileReference section */
		0C1685331A71930400A507E3 /* libc++.dylib */ = {isa = PBXFileReference; lastKnownFileType = "compiled.mach-o.dylib"; name = "libc++.dylib"; path = "usr/lib/libc++.dylib"; sourceTree = SDKROOT; };
		0C1685351A71930900A507E3 /* libicucore.dylib */ = {isa = PBXFileReference; lastKnownFileType = "compiled.mach-o.dylib"; name = libicucore.dylib; path = usr/lib/libicucore.dylib; sourceTree = SDKROOT; };
		A5D01FA91A3A1270005D84F9 /* VideoToolbox.framework */ = {isa = PBXFileReference; lastKnownFileType = wrapper.framework; name = VideoToolbox.framework; path = System/Library/Frameworks/VideoToolbox.framework; sourceTree = SDKROOT; };
		D44261E2185FC8D600E23699 /* Live-Photo-Capture.app */ = {isa = PBXFileReference; explicitFileType = wrapper.application; includeInIndex = 0; path = "Live-Photo-Capture.app"; sourceTree = BUILT_PRODUCTS_DIR; };
		D44261E5185FC8D600E23699 /* Foundation.framework */ = {isa = PBXFileReference; lastKnownFileType = wrapper.framework; name = Foundation.framework; path = System/Library/Frameworks/Foundation.framework; sourceTree = SDKROOT; };
		D44261E7185FC8D600E23699 /* CoreGraphics.framework */ = {isa = PBXFileReference; lastKnownFileType = wrapper.framework; name = CoreGraphics.framework; path = System/Library/Frameworks/CoreGraphics.framework; sourceTree = SDKROOT; };
		D44261E9185FC8D600E23699 /* UIKit.framework */ = {isa = PBXFileReference; lastKnownFileType = wrapper.framework; name = UIKit.framework; path = System/Library/Frameworks/UIKit.framework; sourceTree = SDKROOT; };
		D44261ED185FC8D600E23699 /* Live-Photo-Capture-Info.plist */ = {isa = PBXFileReference; lastKnownFileType = text.plist.xml; path = "Live-Photo-Capture-Info.plist"; sourceTree = "<group>"; };
		D44261EF185FC8D600E23699 /* en */ = {isa = PBXFileReference; lastKnownFileType = text.plist.strings; name = en; path = en.lproj/InfoPlist.strings; sourceTree = "<group>"; };
		D44261F1185FC8D600E23699 /* main.m */ = {isa = PBXFileReference; lastKnownFileType = sourcecode.c.objc; path = main.m; sourceTree = "<group>"; };
		D44261F3185FC8D600E23699 /* Live-Photo-Capture-Prefix.pch */ = {isa = PBXFileReference; lastKnownFileType = sourcecode.c.h; path = "Live-Photo-Capture-Prefix.pch"; sourceTree = "<group>"; };
		D44261F4185FC8D600E23699 /* AppDelegate.h */ = {isa = PBXFileReference; lastKnownFileType = sourcecode.c.h; path = AppDelegate.h; sourceTree = "<group>"; };
		D44261F5185FC8D600E23699 /* AppDelegate.m */ = {isa = PBXFileReference; lastKnownFileType = sourcecode.c.objc; path = AppDelegate.m; sourceTree = "<group>"; };
		D44261F8185FC8D600E23699 /* Base */ = {isa = PBXFileReference; lastKnownFileType = file.storyboard; name = Base; path = Base.lproj/Main_iPhone.storyboard; sourceTree = "<group>"; };
		D44261FB185FC8D600E23699 /* Base */ = {isa = PBXFileReference; lastKnownFileType = file.storyboard; name = Base; path = Base.lproj/Main_iPad.storyboard; sourceTree = "<group>"; };
		D44261FD185FC8D600E23699 /* ViewController.h */ = {isa = PBXFileReference; lastKnownFileType = sourcecode.c.h; path = ViewController.h; sourceTree = "<group>"; };
		D44261FE185FC8D600E23699 /* ViewController.m */ = {isa = PBXFileReference; lastKnownFileType = sourcecode.c.objc; path = ViewController.m; sourceTree = "<group>"; };
		D4426200185FC8D600E23699 /* Images.xcassets */ = {isa = PBXFileReference; lastKnownFileType = folder.assetcatalog; path = Images.xcassets; sourceTree = "<group>"; };
		D4426206185FC8D600E23699 /* Live-Photo-CaptureTests.xctest */ = {isa = PBXFileReference; explicitFileType = wrapper.cfbundle; includeInIndex = 0; path = "Live-Photo-CaptureTests.xctest"; sourceTree = BUILT_PRODUCTS_DIR; };
		D4426207185FC8D600E23699 /* XCTest.framework */ = {isa = PBXFileReference; lastKnownFileType = wrapper.framework; name = XCTest.framework; path = Library/Frameworks/XCTest.framework; sourceTree = DEVELOPER_DIR; };
		D442620F185FC8D600E23699 /* Live-Photo-CaptureTests-Info.plist */ = {isa = PBXFileReference; lastKnownFileType = text.plist.xml; path = "Live-Photo-CaptureTests-Info.plist"; sourceTree = "<group>"; };
		D4426211185FC8D600E23699 /* en */ = {isa = PBXFileReference; lastKnownFileType = text.plist.strings; name = en; path = en.lproj/InfoPlist.strings; sourceTree = "<group>"; };
		D4426213185FC8D600E23699 /* Live_Photo_CaptureTests.m */ = {isa = PBXFileReference; lastKnownFileType = sourcecode.c.objc; path = Live_Photo_CaptureTests.m; sourceTree = "<group>"; };
		D442621D185FC9F800E23699 /* OpenTok.framework */ = {isa = PBXFileReference; lastKnownFileType = wrapper.framework; path = OpenTok.framework; sourceTree = "<group>"; };
		D442621F185FCB6D00E23699 /* TBExamplePublisher.h */ = {isa = PBXFileReference; lastKnownFileType = sourcecode.c.h; name = TBExamplePublisher.h; path = "../2.Lets-Build-OTPublisher/Lets-Build-OTPublisher/TBExamplePublisher.h"; sourceTree = "<group>"; };
		D4426220185FCB6D00E23699 /* TBExampleVideoCapture.h */ = {isa = PBXFileReference; lastKnownFileType = sourcecode.c.h; name = TBExampleVideoCapture.h; path = "../2.Lets-Build-OTPublisher/Lets-Build-OTPublisher/TBExampleVideoCapture.h"; sourceTree = "<group>"; };
		D4426221185FCB8F00E23699 /* TBExamplePhotoVideoCapture.h */ = {isa = PBXFileReference; fileEncoding = 4; lastKnownFileType = sourcecode.c.h; path = TBExamplePhotoVideoCapture.h; sourceTree = "<group>"; };
		D4426222185FCB8F00E23699 /* TBExamplePhotoVideoCapture.m */ = {isa = PBXFileReference; fileEncoding = 4; lastKnownFileType = sourcecode.c.objc; path = TBExamplePhotoVideoCapture.m; sourceTree = "<group>"; };
		D4426224185FCDA700E23699 /* libstdc++.dylib */ = {isa = PBXFileReference; lastKnownFileType = "compiled.mach-o.dylib"; name = "libstdc++.dylib"; path = "usr/lib/libstdc++.dylib"; sourceTree = SDKROOT; };
		D4426225185FCDA700E23699 /* libstdc++.6.0.9.dylib */ = {isa = PBXFileReference; lastKnownFileType = "compiled.mach-o.dylib"; name = "libstdc++.6.0.9.dylib"; path = "usr/lib/libstdc++.6.0.9.dylib"; sourceTree = SDKROOT; };
		D4426226185FCDA700E23699 /* libpthread.dylib */ = {isa = PBXFileReference; lastKnownFileType = "compiled.mach-o.dylib"; name = libpthread.dylib; path = usr/lib/libpthread.dylib; sourceTree = SDKROOT; };
		D4426227185FCDA700E23699 /* libsqlite3.dylib */ = {isa = PBXFileReference; lastKnownFileType = "compiled.mach-o.dylib"; name = libsqlite3.dylib; path = usr/lib/libsqlite3.dylib; sourceTree = SDKROOT; };
		D4426228185FCDA700E23699 /* libxml2.dylib */ = {isa = PBXFileReference; lastKnownFileType = "compiled.mach-o.dylib"; name = libxml2.dylib; path = usr/lib/libxml2.dylib; sourceTree = SDKROOT; };
		D4426229185FCDA700E23699 /* SystemConfiguration.framework */ = {isa = PBXFileReference; lastKnownFileType = wrapper.framework; name = SystemConfiguration.framework; path = System/Library/Frameworks/SystemConfiguration.framework; sourceTree = SDKROOT; };
		D442622A185FCDA700E23699 /* CoreTelephony.framework */ = {isa = PBXFileReference; lastKnownFileType = wrapper.framework; name = CoreTelephony.framework; path = System/Library/Frameworks/CoreTelephony.framework; sourceTree = SDKROOT; };
		D442622B185FCDA700E23699 /* OpenGLES.framework */ = {isa = PBXFileReference; lastKnownFileType = wrapper.framework; name = OpenGLES.framework; path = System/Library/Frameworks/OpenGLES.framework; sourceTree = SDKROOT; };
		D442622C185FCDA700E23699 /* CoreVideo.framework */ = {isa = PBXFileReference; lastKnownFileType = wrapper.framework; name = CoreVideo.framework; path = System/Library/Frameworks/CoreVideo.framework; sourceTree = SDKROOT; };
		D442622D185FCDA700E23699 /* CoreMedia.framework */ = {isa = PBXFileReference; lastKnownFileType = wrapper.framework; name = CoreMedia.framework; path = System/Library/Frameworks/CoreMedia.framework; sourceTree = SDKROOT; };
		D442622E185FCDA700E23699 /* AudioToolbox.framework */ = {isa = PBXFileReference; lastKnownFileType = wrapper.framework; name = AudioToolbox.framework; path = System/Library/Frameworks/AudioToolbox.framework; sourceTree = SDKROOT; };
		D442622F185FCDA700E23699 /* AVFoundation.framework */ = {isa = PBXFileReference; lastKnownFileType = wrapper.framework; name = AVFoundation.framework; path = System/Library/Frameworks/AVFoundation.framework; sourceTree = SDKROOT; };
		D4426230185FCDA700E23699 /* QuartzCore.framework */ = {isa = PBXFileReference; lastKnownFileType = wrapper.framework; name = QuartzCore.framework; path = System/Library/Frameworks/QuartzCore.framework; sourceTree = SDKROOT; };
		D442623E185FCEFB00E23699 /* TBExamplePublisher.m */ = {isa = PBXFileReference; fileEncoding = 4; lastKnownFileType = sourcecode.c.objc; name = TBExamplePublisher.m; path = "../2.Lets-Build-OTPublisher/Lets-Build-OTPublisher/TBExamplePublisher.m"; sourceTree = "<group>"; };
		D4426241185FCF2400E23699 /* TBExampleSubscriber.m */ = {isa = PBXFileReference; fileEncoding = 4; lastKnownFileType = sourcecode.c.objc; name = TBExampleSubscriber.m; path = "../2.Lets-Build-OTPublisher/Lets-Build-OTPublisher/TBExampleSubscriber.m"; sourceTree = "<group>"; };
		D4426243185FCF2900E23699 /* TBExampleVideoCapture.m */ = {isa = PBXFileReference; fileEncoding = 4; lastKnownFileType = sourcecode.c.objc; name = TBExampleVideoCapture.m; path = "../2.Lets-Build-OTPublisher/Lets-Build-OTPublisher/TBExampleVideoCapture.m"; sourceTree = "<group>"; };
		D4426244185FCF2900E23699 /* TBExampleVideoRender.m */ = {isa = PBXFileReference; fileEncoding = 4; lastKnownFileType = sourcecode.c.objc; name = TBExampleVideoRender.m; path = "../2.Lets-Build-OTPublisher/Lets-Build-OTPublisher/TBExampleVideoRender.m"; sourceTree = "<group>"; };
		D4426247185FCF6A00E23699 /* README.md */ = {isa = PBXFileReference; fileEncoding = 4; lastKnownFileType = text; path = README.md; sourceTree = "<group>"; };
		D4F8FD9C194125D100364672 /* GLKit.framework */ = {isa = PBXFileReference; lastKnownFileType = wrapper.framework; name = GLKit.framework; path = System/Library/Frameworks/GLKit.framework; sourceTree = SDKROOT; };
/* End PBXFileReference section */

/* Begin PBXFrameworksBuildPhase section */
		D44261DF185FC8D600E23699 /* Frameworks */ = {
			isa = PBXFrameworksBuildPhase;
			buildActionMask = 2147483647;
			files = (
				0C1685341A71930400A507E3 /* libc++.dylib in Frameworks */,
				A5D01FAA1A3A1270005D84F9 /* VideoToolbox.framework in Frameworks */,
				D4426233185FCDA700E23699 /* libpthread.dylib in Frameworks */,
				D4426234185FCDA700E23699 /* libsqlite3.dylib in Frameworks */,
				D4426236185FCDA700E23699 /* SystemConfiguration.framework in Frameworks */,
				D4426237185FCDA700E23699 /* CoreTelephony.framework in Frameworks */,
				D4426238185FCDA700E23699 /* OpenGLES.framework in Frameworks */,
				D4F8FD9D194125D100364672 /* GLKit.framework in Frameworks */,
				D4426239185FCDA700E23699 /* CoreVideo.framework in Frameworks */,
				D442623A185FCDA700E23699 /* CoreMedia.framework in Frameworks */,
				D442623B185FCDA700E23699 /* AudioToolbox.framework in Frameworks */,
				D442623C185FCDA700E23699 /* AVFoundation.framework in Frameworks */,
				D442623D185FCDA700E23699 /* QuartzCore.framework in Frameworks */,
				D44261E8185FC8D600E23699 /* CoreGraphics.framework in Frameworks */,
				D442621E185FC9F800E23699 /* OpenTok.framework in Frameworks */,
				D44261EA185FC8D600E23699 /* UIKit.framework in Frameworks */,
				D44261E6185FC8D600E23699 /* Foundation.framework in Frameworks */,
			);
			runOnlyForDeploymentPostprocessing = 0;
		};
		D4426203185FC8D600E23699 /* Frameworks */ = {
			isa = PBXFrameworksBuildPhase;
			buildActionMask = 2147483647;
			files = (
				D4426208185FC8D600E23699 /* XCTest.framework in Frameworks */,
				D442620A185FC8D600E23699 /* UIKit.framework in Frameworks */,
				D4426209185FC8D600E23699 /* Foundation.framework in Frameworks */,
			);
			runOnlyForDeploymentPostprocessing = 0;
		};
/* End PBXFrameworksBuildPhase section */

/* Begin PBXGroup section */
		D44261D9185FC8D600E23699 = {
			isa = PBXGroup;
			children = (
				D4426247185FCF6A00E23699 /* README.md */,
				D4426240185FCF0100E23699 /* Project 2 - Let's Build OTPublisher */,
				D44261EB185FC8D600E23699 /* Live-Photo-Capture */,
				D442620D185FC8D600E23699 /* Live-Photo-CaptureTests */,
				D44261E4185FC8D600E23699 /* Frameworks */,
				D44261E3185FC8D600E23699 /* Products */,
			);
			sourceTree = "<group>";
		};
		D44261E3185FC8D600E23699 /* Products */ = {
			isa = PBXGroup;
			children = (
				D44261E2185FC8D600E23699 /* Live-Photo-Capture.app */,
				D4426206185FC8D600E23699 /* Live-Photo-CaptureTests.xctest */,
			);
			name = Products;
			sourceTree = "<group>";
		};
		D44261E4185FC8D600E23699 /* Frameworks */ = {
			isa = PBXGroup;
			children = (
				0C1685351A71930900A507E3 /* libicucore.dylib */,
				0C1685331A71930400A507E3 /* libc++.dylib */,
				A5D01FA91A3A1270005D84F9 /* VideoToolbox.framework */,
				D4426224185FCDA700E23699 /* libstdc++.dylib */,
				D4426225185FCDA700E23699 /* libstdc++.6.0.9.dylib */,
				D4426226185FCDA700E23699 /* libpthread.dylib */,
				D4426227185FCDA700E23699 /* libsqlite3.dylib */,
				D4426228185FCDA700E23699 /* libxml2.dylib */,
				D4F8FD9C194125D100364672 /* GLKit.framework */,
				D4426229185FCDA700E23699 /* SystemConfiguration.framework */,
				D442622A185FCDA700E23699 /* CoreTelephony.framework */,
				D442622B185FCDA700E23699 /* OpenGLES.framework */,
				D442622C185FCDA700E23699 /* CoreVideo.framework */,
				D442622D185FCDA700E23699 /* CoreMedia.framework */,
				D442622E185FCDA700E23699 /* AudioToolbox.framework */,
				D442622F185FCDA700E23699 /* AVFoundation.framework */,
				D4426230185FCDA700E23699 /* QuartzCore.framework */,
				D442621D185FC9F800E23699 /* OpenTok.framework */,
				D44261E5185FC8D600E23699 /* Foundation.framework */,
				D44261E7185FC8D600E23699 /* CoreGraphics.framework */,
				D44261E9185FC8D600E23699 /* UIKit.framework */,
				D4426207185FC8D600E23699 /* XCTest.framework */,
			);
			name = Frameworks;
			sourceTree = "<group>";
		};
		D44261EB185FC8D600E23699 /* Live-Photo-Capture */ = {
			isa = PBXGroup;
			children = (
				D4426221185FCB8F00E23699 /* TBExamplePhotoVideoCapture.h */,
				D4426222185FCB8F00E23699 /* TBExamplePhotoVideoCapture.m */,
				D44261F4185FC8D600E23699 /* AppDelegate.h */,
				D44261F5185FC8D600E23699 /* AppDelegate.m */,
				D44261F7185FC8D600E23699 /* Main_iPhone.storyboard */,
				D44261FA185FC8D600E23699 /* Main_iPad.storyboard */,
				D44261FD185FC8D600E23699 /* ViewController.h */,
				D44261FE185FC8D600E23699 /* ViewController.m */,
				D4426200185FC8D600E23699 /* Images.xcassets */,
				D44261EC185FC8D600E23699 /* Supporting Files */,
			);
			path = "Live-Photo-Capture";
			sourceTree = "<group>";
		};
		D44261EC185FC8D600E23699 /* Supporting Files */ = {
			isa = PBXGroup;
			children = (
				D44261ED185FC8D600E23699 /* Live-Photo-Capture-Info.plist */,
				D44261EE185FC8D600E23699 /* InfoPlist.strings */,
				D44261F1185FC8D600E23699 /* main.m */,
				D44261F3185FC8D600E23699 /* Live-Photo-Capture-Prefix.pch */,
			);
			name = "Supporting Files";
			sourceTree = "<group>";
		};
		D442620D185FC8D600E23699 /* Live-Photo-CaptureTests */ = {
			isa = PBXGroup;
			children = (
				D4426213185FC8D600E23699 /* Live_Photo_CaptureTests.m */,
				D442620E185FC8D600E23699 /* Supporting Files */,
			);
			path = "Live-Photo-CaptureTests";
			sourceTree = "<group>";
		};
		D442620E185FC8D600E23699 /* Supporting Files */ = {
			isa = PBXGroup;
			children = (
				D442620F185FC8D600E23699 /* Live-Photo-CaptureTests-Info.plist */,
				D4426210185FC8D600E23699 /* InfoPlist.strings */,
			);
			name = "Supporting Files";
			sourceTree = "<group>";
		};
		D4426240185FCF0100E23699 /* Project 2 - Let's Build OTPublisher */ = {
			isa = PBXGroup;
			children = (
				D442621F185FCB6D00E23699 /* TBExamplePublisher.h */,
				D442623E185FCEFB00E23699 /* TBExamplePublisher.m */,
				D4426220185FCB6D00E23699 /* TBExampleVideoCapture.h */,
				D4426241185FCF2400E23699 /* TBExampleSubscriber.m */,
				D4426243185FCF2900E23699 /* TBExampleVideoCapture.m */,
				D4426244185FCF2900E23699 /* TBExampleVideoRender.m */,
			);
			name = "Project 2 - Let's Build OTPublisher";
			sourceTree = "<group>";
		};
/* End PBXGroup section */

/* Begin PBXNativeTarget section */
		D44261E1185FC8D600E23699 /* Live-Photo-Capture */ = {
			isa = PBXNativeTarget;
			buildConfigurationList = D4426217185FC8D600E23699 /* Build configuration list for PBXNativeTarget "Live-Photo-Capture" */;
			buildPhases = (
				D44261DE185FC8D600E23699 /* Sources */,
				D44261DF185FC8D600E23699 /* Frameworks */,
				D44261E0185FC8D600E23699 /* Resources */,
			);
			buildRules = (
			);
			dependencies = (
			);
			name = "Live-Photo-Capture";
			productName = "Live-Photo-Capture";
			productReference = D44261E2185FC8D600E23699 /* Live-Photo-Capture.app */;
			productType = "com.apple.product-type.application";
		};
		D4426205185FC8D600E23699 /* Live-Photo-CaptureTests */ = {
			isa = PBXNativeTarget;
			buildConfigurationList = D442621A185FC8D600E23699 /* Build configuration list for PBXNativeTarget "Live-Photo-CaptureTests" */;
			buildPhases = (
				D4426202185FC8D600E23699 /* Sources */,
				D4426203185FC8D600E23699 /* Frameworks */,
				D4426204185FC8D600E23699 /* Resources */,
			);
			buildRules = (
			);
			dependencies = (
				D442620C185FC8D600E23699 /* PBXTargetDependency */,
			);
			name = "Live-Photo-CaptureTests";
			productName = "Live-Photo-CaptureTests";
			productReference = D4426206185FC8D600E23699 /* Live-Photo-CaptureTests.xctest */;
			productType = "com.apple.product-type.bundle.unit-test";
		};
/* End PBXNativeTarget section */

/* Begin PBXProject section */
		D44261DA185FC8D600E23699 /* Project object */ = {
			isa = PBXProject;
			attributes = {
				LastUpgradeCheck = 0500;
				ORGANIZATIONNAME = "TokBox, Inc.";
				TargetAttributes = {
					D4426205185FC8D600E23699 = {
						TestTargetID = D44261E1185FC8D600E23699;
					};
				};
			};
			buildConfigurationList = D44261DD185FC8D600E23699 /* Build configuration list for PBXProject "Live-Photo-Capture" */;
			compatibilityVersion = "Xcode 3.2";
			developmentRegion = English;
			hasScannedForEncodings = 0;
			knownRegions = (
				en,
				Base,
			);
			mainGroup = D44261D9185FC8D600E23699;
			productRefGroup = D44261E3185FC8D600E23699 /* Products */;
			projectDirPath = "";
			projectRoot = "";
			targets = (
				D44261E1185FC8D600E23699 /* Live-Photo-Capture */,
				D4426205185FC8D600E23699 /* Live-Photo-CaptureTests */,
			);
		};
/* End PBXProject section */

/* Begin PBXResourcesBuildPhase section */
		D44261E0185FC8D600E23699 /* Resources */ = {
			isa = PBXResourcesBuildPhase;
			buildActionMask = 2147483647;
			files = (
				D44261FC185FC8D600E23699 /* Main_iPad.storyboard in Resources */,
				D4426201185FC8D600E23699 /* Images.xcassets in Resources */,
				D4426248185FCF6A00E23699 /* README.md in Resources */,
				D44261F9185FC8D600E23699 /* Main_iPhone.storyboard in Resources */,
				D44261F0185FC8D600E23699 /* InfoPlist.strings in Resources */,
			);
			runOnlyForDeploymentPostprocessing = 0;
		};
		D4426204185FC8D600E23699 /* Resources */ = {
			isa = PBXResourcesBuildPhase;
			buildActionMask = 2147483647;
			files = (
				D4426212185FC8D600E23699 /* InfoPlist.strings in Resources */,
			);
			runOnlyForDeploymentPostprocessing = 0;
		};
/* End PBXResourcesBuildPhase section */

/* Begin PBXSourcesBuildPhase section */
		D44261DE185FC8D600E23699 /* Sources */ = {
			isa = PBXSourcesBuildPhase;
			buildActionMask = 2147483647;
			files = (
				D4426245185FCF2900E23699 /* TBExampleVideoCapture.m in Sources */,
				D4426242185FCF2400E23699 /* TBExampleSubscriber.m in Sources */,
				D4426246185FCF2900E23699 /* TBExampleVideoRender.m in Sources */,
				D44261FF185FC8D600E23699 /* ViewController.m in Sources */,
				D4426223185FCB8F00E23699 /* TBExamplePhotoVideoCapture.m in Sources */,
				D44261F6185FC8D600E23699 /* AppDelegate.m in Sources */,
				D442623F185FCEFB00E23699 /* TBExamplePublisher.m in Sources */,
				D44261F2185FC8D600E23699 /* main.m in Sources */,
			);
			runOnlyForDeploymentPostprocessing = 0;
		};
		D4426202185FC8D600E23699 /* Sources */ = {
			isa = PBXSourcesBuildPhase;
			buildActionMask = 2147483647;
			files = (
				D4426214185FC8D600E23699 /* Live_Photo_CaptureTests.m in Sources */,
			);
			runOnlyForDeploymentPostprocessing = 0;
		};
/* End PBXSourcesBuildPhase section */

/* Begin PBXTargetDependency section */
		D442620C185FC8D600E23699 /* PBXTargetDependency */ = {
			isa = PBXTargetDependency;
			target = D44261E1185FC8D600E23699 /* Live-Photo-Capture */;
			targetProxy = D442620B185FC8D600E23699 /* PBXContainerItemProxy */;
		};
/* End PBXTargetDependency section */

/* Begin PBXVariantGroup section */
		D44261EE185FC8D600E23699 /* InfoPlist.strings */ = {
			isa = PBXVariantGroup;
			children = (
				D44261EF185FC8D600E23699 /* en */,
			);
			name = InfoPlist.strings;
			sourceTree = "<group>";
		};
		D44261F7185FC8D600E23699 /* Main_iPhone.storyboard */ = {
			isa = PBXVariantGroup;
			children = (
				D44261F8185FC8D600E23699 /* Base */,
			);
			name = Main_iPhone.storyboard;
			sourceTree = "<group>";
		};
		D44261FA185FC8D600E23699 /* Main_iPad.storyboard */ = {
			isa = PBXVariantGroup;
			children = (
				D44261FB185FC8D600E23699 /* Base */,
			);
			name = Main_iPad.storyboard;
			sourceTree = "<group>";
		};
		D4426210185FC8D600E23699 /* InfoPlist.strings */ = {
			isa = PBXVariantGroup;
			children = (
				D4426211185FC8D600E23699 /* en */,
			);
			name = InfoPlist.strings;
			sourceTree = "<group>";
		};
/* End PBXVariantGroup section */

/* Begin XCBuildConfiguration section */
		D4426215185FC8D600E23699 /* Debug */ = {
			isa = XCBuildConfiguration;
			buildSettings = {
				ALWAYS_SEARCH_USER_PATHS = NO;
				CLANG_CXX_LANGUAGE_STANDARD = "gnu++0x";
				CLANG_CXX_LIBRARY = "libc++";
				CLANG_ENABLE_MODULES = YES;
				CLANG_ENABLE_OBJC_ARC = YES;
				CLANG_WARN_BOOL_CONVERSION = YES;
				CLANG_WARN_CONSTANT_CONVERSION = YES;
				CLANG_WARN_DIRECT_OBJC_ISA_USAGE = YES_ERROR;
				CLANG_WARN_EMPTY_BODY = YES;
				CLANG_WARN_ENUM_CONVERSION = YES;
				CLANG_WARN_INT_CONVERSION = YES;
				CLANG_WARN_OBJC_ROOT_CLASS = YES_ERROR;
				CLANG_WARN__DUPLICATE_METHOD_MATCH = YES;
				"CODE_SIGN_IDENTITY[sdk=iphoneos*]" = "iPhone Developer";
				COPY_PHASE_STRIP = NO;
				GCC_C_LANGUAGE_STANDARD = gnu99;
				GCC_DYNAMIC_NO_PIC = NO;
				GCC_OPTIMIZATION_LEVEL = 0;
				GCC_PREPROCESSOR_DEFINITIONS = (
					"DEBUG=1",
					"$(inherited)",
				);
				GCC_SYMBOLS_PRIVATE_EXTERN = NO;
				GCC_WARN_64_TO_32_BIT_CONVERSION = YES;
				GCC_WARN_ABOUT_RETURN_TYPE = YES_ERROR;
				GCC_WARN_UNDECLARED_SELECTOR = YES;
				GCC_WARN_UNINITIALIZED_AUTOS = YES;
				GCC_WARN_UNUSED_FUNCTION = YES;
				GCC_WARN_UNUSED_VARIABLE = YES;
				IPHONEOS_DEPLOYMENT_TARGET = 7.0;
				ONLY_ACTIVE_ARCH = YES;
				SDKROOT = iphoneos;
				TARGETED_DEVICE_FAMILY = "1,2";
			};
			name = Debug;
		};
		D4426216185FC8D600E23699 /* Release */ = {
			isa = XCBuildConfiguration;
			buildSettings = {
				ALWAYS_SEARCH_USER_PATHS = NO;
				CLANG_CXX_LANGUAGE_STANDARD = "gnu++0x";
				CLANG_CXX_LIBRARY = "libc++";
				CLANG_ENABLE_MODULES = YES;
				CLANG_ENABLE_OBJC_ARC = YES;
				CLANG_WARN_BOOL_CONVERSION = YES;
				CLANG_WARN_CONSTANT_CONVERSION = YES;
				CLANG_WARN_DIRECT_OBJC_ISA_USAGE = YES_ERROR;
				CLANG_WARN_EMPTY_BODY = YES;
				CLANG_WARN_ENUM_CONVERSION = YES;
				CLANG_WARN_INT_CONVERSION = YES;
				CLANG_WARN_OBJC_ROOT_CLASS = YES_ERROR;
				CLANG_WARN__DUPLICATE_METHOD_MATCH = YES;
				"CODE_SIGN_IDENTITY[sdk=iphoneos*]" = "iPhone Developer";
				COPY_PHASE_STRIP = YES;
				ENABLE_NS_ASSERTIONS = NO;
				GCC_C_LANGUAGE_STANDARD = gnu99;
				GCC_WARN_64_TO_32_BIT_CONVERSION = YES;
				GCC_WARN_ABOUT_RETURN_TYPE = YES_ERROR;
				GCC_WARN_UNDECLARED_SELECTOR = YES;
				GCC_WARN_UNINITIALIZED_AUTOS = YES;
				GCC_WARN_UNUSED_FUNCTION = YES;
				GCC_WARN_UNUSED_VARIABLE = YES;
				IPHONEOS_DEPLOYMENT_TARGET = 7.0;
				SDKROOT = iphoneos;
				TARGETED_DEVICE_FAMILY = "1,2";
				VALIDATE_PRODUCT = YES;
			};
			name = Release;
		};
		D4426218185FC8D600E23699 /* Debug */ = {
			isa = XCBuildConfiguration;
			buildSettings = {
				ASSETCATALOG_COMPILER_APPICON_NAME = AppIcon;
				ASSETCATALOG_COMPILER_LAUNCHIMAGE_NAME = LaunchImage;
				CLANG_ENABLE_OBJC_ARC = NO;
				FRAMEWORK_SEARCH_PATHS = (
					"$(inherited)",
					"${SRCROOT}",
				);
				GCC_PRECOMPILE_PREFIX_HEADER = YES;
				GCC_PREFIX_HEADER = "Live-Photo-Capture/Live-Photo-Capture-Prefix.pch";
				HEADER_SEARCH_PATHS = (
					"$(inherited)",
					/Applications/Xcode.app/Contents/Developer/Toolchains/XcodeDefault.xctoolchain/usr/include,
					"${SRCROOT}/../2.Lets-Build-OTPublisher/**",
				);
				INFOPLIST_FILE = "Live-Photo-Capture/Live-Photo-Capture-Info.plist";
				PRODUCT_NAME = "$(TARGET_NAME)";
				WRAPPER_EXTENSION = app;
			};
			name = Debug;
		};
		D4426219185FC8D600E23699 /* Release */ = {
			isa = XCBuildConfiguration;
			buildSettings = {
				ASSETCATALOG_COMPILER_APPICON_NAME = AppIcon;
				ASSETCATALOG_COMPILER_LAUNCHIMAGE_NAME = LaunchImage;
				CLANG_ENABLE_OBJC_ARC = NO;
				FRAMEWORK_SEARCH_PATHS = (
					"$(inherited)",
					"${SRCROOT}",
				);
				GCC_PRECOMPILE_PREFIX_HEADER = YES;
				GCC_PREFIX_HEADER = "Live-Photo-Capture/Live-Photo-Capture-Prefix.pch";
				HEADER_SEARCH_PATHS = (
					"$(inherited)",
					/Applications/Xcode.app/Contents/Developer/Toolchains/XcodeDefault.xctoolchain/usr/include,
					"${SRCROOT}/../2.Lets-Build-OTPublisher/**",
				);
				INFOPLIST_FILE = "Live-Photo-Capture/Live-Photo-Capture-Info.plist";
				PRODUCT_NAME = "$(TARGET_NAME)";
				WRAPPER_EXTENSION = app;
			};
			name = Release;
		};
		D442621B185FC8D600E23699 /* Debug */ = {
			isa = XCBuildConfiguration;
			buildSettings = {
				ARCHS = "$(ARCHS_STANDARD_INCLUDING_64_BIT)";
				BUNDLE_LOADER = "$(BUILT_PRODUCTS_DIR)/Live-Photo-Capture.app/Live-Photo-Capture";
				FRAMEWORK_SEARCH_PATHS = (
					"$(SDKROOT)/Developer/Library/Frameworks",
					"$(inherited)",
					"$(DEVELOPER_FRAMEWORKS_DIR)",
				);
				GCC_PRECOMPILE_PREFIX_HEADER = YES;
				GCC_PREFIX_HEADER = "Live-Photo-Capture/Live-Photo-Capture-Prefix.pch";
				GCC_PREPROCESSOR_DEFINITIONS = (
					"DEBUG=1",
					"$(inherited)",
				);
				INFOPLIST_FILE = "Live-Photo-CaptureTests/Live-Photo-CaptureTests-Info.plist";
				PRODUCT_NAME = "$(TARGET_NAME)";
				TEST_HOST = "$(BUNDLE_LOADER)";
				WRAPPER_EXTENSION = xctest;
			};
			name = Debug;
		};
		D442621C185FC8D600E23699 /* Release */ = {
			isa = XCBuildConfiguration;
			buildSettings = {
				ARCHS = "$(ARCHS_STANDARD_INCLUDING_64_BIT)";
				BUNDLE_LOADER = "$(BUILT_PRODUCTS_DIR)/Live-Photo-Capture.app/Live-Photo-Capture";
				FRAMEWORK_SEARCH_PATHS = (
					"$(SDKROOT)/Developer/Library/Frameworks",
					"$(inherited)",
					"$(DEVELOPER_FRAMEWORKS_DIR)",
				);
				GCC_PRECOMPILE_PREFIX_HEADER = YES;
				GCC_PREFIX_HEADER = "Live-Photo-Capture/Live-Photo-Capture-Prefix.pch";
				INFOPLIST_FILE = "Live-Photo-CaptureTests/Live-Photo-CaptureTests-Info.plist";
				PRODUCT_NAME = "$(TARGET_NAME)";
				TEST_HOST = "$(BUNDLE_LOADER)";
				WRAPPER_EXTENSION = xctest;
			};
			name = Release;
		};
/* End XCBuildConfiguration section */

/* Begin XCConfigurationList section */
		D44261DD185FC8D600E23699 /* Build configuration list for PBXProject "Live-Photo-Capture" */ = {
			isa = XCConfigurationList;
			buildConfigurations = (
				D4426215185FC8D600E23699 /* Debug */,
				D4426216185FC8D600E23699 /* Release */,
			);
			defaultConfigurationIsVisible = 0;
			defaultConfigurationName = Release;
		};
		D4426217185FC8D600E23699 /* Build configuration list for PBXNativeTarget "Live-Photo-Capture" */ = {
			isa = XCConfigurationList;
			buildConfigurations = (
				D4426218185FC8D600E23699 /* Debug */,
				D4426219185FC8D600E23699 /* Release */,
			);
			defaultConfigurationIsVisible = 0;
			defaultConfigurationName = Release;
		};
		D442621A185FC8D600E23699 /* Build configuration list for PBXNativeTarget "Live-Photo-CaptureTests" */ = {
			isa = XCConfigurationList;
			buildConfigurations = (
				D442621B185FC8D600E23699 /* Debug */,
				D442621C185FC8D600E23699 /* Release */,
			);
			defaultConfigurationIsVisible = 0;
			defaultConfigurationName = Release;
		};
/* End XCConfigurationList section */
	};
	rootObject = D44261DA185FC8D600E23699 /* Project object */;
}
