// !$*UTF8*$!
{
	archiveVersion = 1;
	classes = {
	};
	objectVersion = 46;
	objects = {

/* Begin PBXBuildFile section */
		A5149AA91913969700CB1A9F /* libQuickSVG.a in Frameworks */ = {isa = PBXBuildFile; fileRef = A5149AA41913968800CB1A9F /* libQuickSVG.a */; };
		A51C861619B81F1D0067184D /* TBExamplePublisher.m in Sources */ = {isa = PBXBuildFile; fileRef = A51C861319B81F1D0067184D /* TBExamplePublisher.m */; };
		A51C861719B81F1D0067184D /* TBExampleSubscriber.m in Sources */ = {isa = PBXBuildFile; fileRef = A51C861519B81F1D0067184D /* TBExampleSubscriber.m */; };
		A535047718FD469B00E68BD9 /* archiving_off-Small.png in Resources */ = {isa = PBXBuildFile; fileRef = A535047118FD469B00E68BD9 /* archiving_off-Small.png */; };
		A535047818FD469B00E68BD9 /* archiving_off-Small@2x.png in Resources */ = {isa = PBXBuildFile; fileRef = A535047218FD469B00E68BD9 /* archiving_off-Small@2x.png */; };
		A535047918FD469B00E68BD9 /* archiving_on-10.png in Resources */ = {isa = PBXBuildFile; fileRef = A535047318FD469B00E68BD9 /* archiving_on-10.png */; };
		A535047A18FD469B00E68BD9 /* archiving_on-10@2x.png in Resources */ = {isa = PBXBuildFile; fileRef = A535047418FD469B00E68BD9 /* archiving_on-10@2x.png */; };
		A535047B18FD469B00E68BD9 /* archiving_pulse-Small.png in Resources */ = {isa = PBXBuildFile; fileRef = A535047518FD469B00E68BD9 /* archiving_pulse-Small.png */; };
		A535047C18FD469B00E68BD9 /* archiving_pulse-Small@2x.png in Resources */ = {isa = PBXBuildFile; fileRef = A535047618FD469B00E68BD9 /* archiving_pulse-Small@2x.png */; };
		A56B2BAA18C085AD001E082A /* Foundation.framework in Frameworks */ = {isa = PBXBuildFile; fileRef = A56B2BA918C085AD001E082A /* Foundation.framework */; };
		A56B2BAC18C085AD001E082A /* CoreGraphics.framework in Frameworks */ = {isa = PBXBuildFile; fileRef = A56B2BAB18C085AD001E082A /* CoreGraphics.framework */; };
		A56B2BAE18C085AD001E082A /* UIKit.framework in Frameworks */ = {isa = PBXBuildFile; fileRef = A56B2BAD18C085AD001E082A /* UIKit.framework */; };
		A56B2BB418C085AD001E082A /* InfoPlist.strings in Resources */ = {isa = PBXBuildFile; fileRef = A56B2BB218C085AD001E082A /* InfoPlist.strings */; };
		A56B2BB618C085AD001E082A /* main.m in Sources */ = {isa = PBXBuildFile; fileRef = A56B2BB518C085AD001E082A /* main.m */; };
		A56B2BBA18C085AD001E082A /* AppDelegate.m in Sources */ = {isa = PBXBuildFile; fileRef = A56B2BB918C085AD001E082A /* AppDelegate.m */; };
		A56B2BBD18C085AD001E082A /* Main_iPhone.storyboard in Resources */ = {isa = PBXBuildFile; fileRef = A56B2BBB18C085AD001E082A /* Main_iPhone.storyboard */; };
		A56B2BC018C085AD001E082A /* Main_iPad.storyboard in Resources */ = {isa = PBXBuildFile; fileRef = A56B2BBE18C085AD001E082A /* Main_iPad.storyboard */; };
		A56B2BC318C085AD001E082A /* ViewController.m in Sources */ = {isa = PBXBuildFile; fileRef = A56B2BC218C085AD001E082A /* ViewController.m */; };
		A56B2BC518C085AD001E082A /* Images.xcassets in Resources */ = {isa = PBXBuildFile; fileRef = A56B2BC418C085AD001E082A /* Images.xcassets */; };
		A56B2BCC18C085AD001E082A /* XCTest.framework in Frameworks */ = {isa = PBXBuildFile; fileRef = A56B2BCB18C085AD001E082A /* XCTest.framework */; };
		A56B2BCD18C085AD001E082A /* Foundation.framework in Frameworks */ = {isa = PBXBuildFile; fileRef = A56B2BA918C085AD001E082A /* Foundation.framework */; };
		A56B2BCE18C085AE001E082A /* UIKit.framework in Frameworks */ = {isa = PBXBuildFile; fileRef = A56B2BAD18C085AD001E082A /* UIKit.framework */; };
		A56B2BD618C085AE001E082A /* InfoPlist.strings in Resources */ = {isa = PBXBuildFile; fileRef = A56B2BD418C085AE001E082A /* InfoPlist.strings */; };
		A56B2BD818C085AE001E082A /* Overlay_GraphicsTests.m in Sources */ = {isa = PBXBuildFile; fileRef = A56B2BD718C085AE001E082A /* Overlay_GraphicsTests.m */; };
		A56B2BEF18C08648001E082A /* ShaderUtilities.c in Sources */ = {isa = PBXBuildFile; fileRef = A56B2BE918C08648001E082A /* ShaderUtilities.c */; };
		A5A607E118C08B6B00192466 /* OpenTok.framework in Frameworks */ = {isa = PBXBuildFile; fileRef = A5A607E018C08B6B00192466 /* OpenTok.framework */; };
		A5A607E318C08B8500192466 /* CoreMedia.framework in Frameworks */ = {isa = PBXBuildFile; fileRef = A5A607E218C08B8500192466 /* CoreMedia.framework */; };
		A5A607E518C08B8A00192466 /* CoreVideo.framework in Frameworks */ = {isa = PBXBuildFile; fileRef = A5A607E418C08B8A00192466 /* CoreVideo.framework */; };
		A5A607E718C08B9B00192466 /* AudioToolbox.framework in Frameworks */ = {isa = PBXBuildFile; fileRef = A5A607E618C08B9B00192466 /* AudioToolbox.framework */; };
		A5A607E918C08BA100192466 /* libsqlite3.dylib in Frameworks */ = {isa = PBXBuildFile; fileRef = A5A607E818C08BA100192466 /* libsqlite3.dylib */; };
		A5A607EB18C08BAB00192466 /* libxml2.dylib in Frameworks */ = {isa = PBXBuildFile; fileRef = A5A607EA18C08BAB00192466 /* libxml2.dylib */; };
		A5A607ED18C08BB900192466 /* libstdc++.dylib in Frameworks */ = {isa = PBXBuildFile; fileRef = A5A607EC18C08BB900192466 /* libstdc++.dylib */; };
		A5A607EF18C08C4F00192466 /* libstdc++.6.0.9.dylib in Frameworks */ = {isa = PBXBuildFile; fileRef = A5A607EE18C08C4F00192466 /* libstdc++.6.0.9.dylib */; };
		A5A607F718C08F3D00192466 /* SystemConfiguration.framework in Frameworks */ = {isa = PBXBuildFile; fileRef = A5A607F618C08F3D00192466 /* SystemConfiguration.framework */; };
		A5A607F918C08F4B00192466 /* CoreTelephony.framework in Frameworks */ = {isa = PBXBuildFile; fileRef = A5A607F818C08F4B00192466 /* CoreTelephony.framework */; };
		A5A6081B18C0921800192466 /* TBExampleOverlayButton.m in Sources */ = {isa = PBXBuildFile; fileRef = A5A6080F18C0921800192466 /* TBExampleOverlayButton.m */; };
		A5A6081C18C0921800192466 /* TBExampleOverlayView.m in Sources */ = {isa = PBXBuildFile; fileRef = A5A6081118C0921800192466 /* TBExampleOverlayView.m */; };
		A5A6081E18C0921800192466 /* TBExampleUnderlayView.m in Sources */ = {isa = PBXBuildFile; fileRef = A5A6081518C0921800192466 /* TBExampleUnderlayView.m */; };
		A5A6081F18C0921800192466 /* TBExampleVideoView.m in Sources */ = {isa = PBXBuildFile; fileRef = A5A6081718C0921800192466 /* TBExampleVideoView.m */; };
		A5A6082018C0921800192466 /* TBExampleSVG.m in Sources */ = {isa = PBXBuildFile; fileRef = A5A6081918C0921800192466 /* TBExampleSVG.m */; };
		D4F8FDAA1941277B00364672 /* TBExampleVideoCapture.m in Sources */ = {isa = PBXBuildFile; fileRef = D4F8FDA71941277B00364672 /* TBExampleVideoCapture.m */; };
		D4F8FDAB1941277B00364672 /* TBExampleVideoRender.m in Sources */ = {isa = PBXBuildFile; fileRef = D4F8FDA91941277B00364672 /* TBExampleVideoRender.m */; };
		D4F8FDAD194129B900364672 /* GLKit.framework in Frameworks */ = {isa = PBXBuildFile; fileRef = D4F8FDAC194129B900364672 /* GLKit.framework */; };
		D4F8FDAF194129C400364672 /* OpenGLES.framework in Frameworks */ = {isa = PBXBuildFile; fileRef = D4F8FDAE194129C400364672 /* OpenGLES.framework */; };
/* End PBXBuildFile section */

/* Begin PBXContainerItemProxy section */
		A5149AA31913968800CB1A9F /* PBXContainerItemProxy */ = {
			isa = PBXContainerItemProxy;
			containerPortal = A5149A9C1913968800CB1A9F /* QuickSVG.xcodeproj */;
			proxyType = 2;
			remoteGlobalIDString = C9090D27161316BC001145EC;
			remoteInfo = QuickSVG;
		};
		A5149AA51913968800CB1A9F /* PBXContainerItemProxy */ = {
			isa = PBXContainerItemProxy;
			containerPortal = A5149A9C1913968800CB1A9F /* QuickSVG.xcodeproj */;
			proxyType = 2;
			remoteGlobalIDString = C9090D38161316BC001145EC;
			remoteInfo = UnitTests;
		};
		A5149AA71913968800CB1A9F /* PBXContainerItemProxy */ = {
			isa = PBXContainerItemProxy;
			containerPortal = A5149A9C1913968800CB1A9F /* QuickSVG.xcodeproj */;
			proxyType = 2;
			remoteGlobalIDString = C9090D6816135E10001145EC;
			remoteInfo = RenderingTests;
		};
		A56B2BCF18C085AE001E082A /* PBXContainerItemProxy */ = {
			isa = PBXContainerItemProxy;
			containerPortal = A56B2B9E18C085AD001E082A /* Project object */;
			proxyType = 1;
			remoteGlobalIDString = A56B2BA518C085AD001E082A;
			remoteInfo = "Overlay-Graphics";
		};
/* End PBXContainerItemProxy section */

/* Begin PBXFileReference section */
		A5149A9C1913968800CB1A9F /* QuickSVG.xcodeproj */ = {isa = PBXFileReference; lastKnownFileType = "wrapper.pb-project"; name = QuickSVG.xcodeproj; path = quicksvg/QuickSVG.xcodeproj; sourceTree = "<group>"; };
		A51C861219B81F1D0067184D /* TBExamplePublisher.h */ = {isa = PBXFileReference; fileEncoding = 4; lastKnownFileType = sourcecode.c.h; path = TBExamplePublisher.h; sourceTree = "<group>"; };
		A51C861319B81F1D0067184D /* TBExamplePublisher.m */ = {isa = PBXFileReference; fileEncoding = 4; lastKnownFileType = sourcecode.c.objc; path = TBExamplePublisher.m; sourceTree = "<group>"; };
		A51C861419B81F1D0067184D /* TBExampleSubscriber.h */ = {isa = PBXFileReference; fileEncoding = 4; lastKnownFileType = sourcecode.c.h; path = TBExampleSubscriber.h; sourceTree = "<group>"; };
		A51C861519B81F1D0067184D /* TBExampleSubscriber.m */ = {isa = PBXFileReference; fileEncoding = 4; lastKnownFileType = sourcecode.c.objc; path = TBExampleSubscriber.m; sourceTree = "<group>"; };
		A535047118FD469B00E68BD9 /* archiving_off-Small.png */ = {isa = PBXFileReference; lastKnownFileType = image.png; path = "archiving_off-Small.png"; sourceTree = "<group>"; };
		A535047218FD469B00E68BD9 /* archiving_off-Small@2x.png */ = {isa = PBXFileReference; lastKnownFileType = image.png; path = "archiving_off-Small@2x.png"; sourceTree = "<group>"; };
		A535047318FD469B00E68BD9 /* archiving_on-10.png */ = {isa = PBXFileReference; lastKnownFileType = image.png; path = "archiving_on-10.png"; sourceTree = "<group>"; };
		A535047418FD469B00E68BD9 /* archiving_on-10@2x.png */ = {isa = PBXFileReference; lastKnownFileType = image.png; path = "archiving_on-10@2x.png"; sourceTree = "<group>"; };
		A535047518FD469B00E68BD9 /* archiving_pulse-Small.png */ = {isa = PBXFileReference; lastKnownFileType = image.png; path = "archiving_pulse-Small.png"; sourceTree = "<group>"; };
		A535047618FD469B00E68BD9 /* archiving_pulse-Small@2x.png */ = {isa = PBXFileReference; lastKnownFileType = image.png; path = "archiving_pulse-Small@2x.png"; sourceTree = "<group>"; };
		A56B2BA618C085AD001E082A /* Overlay-Graphics.app */ = {isa = PBXFileReference; explicitFileType = wrapper.application; includeInIndex = 0; path = "Overlay-Graphics.app"; sourceTree = BUILT_PRODUCTS_DIR; };
		A56B2BA918C085AD001E082A /* Foundation.framework */ = {isa = PBXFileReference; lastKnownFileType = wrapper.framework; name = Foundation.framework; path = System/Library/Frameworks/Foundation.framework; sourceTree = SDKROOT; };
		A56B2BAB18C085AD001E082A /* CoreGraphics.framework */ = {isa = PBXFileReference; lastKnownFileType = wrapper.framework; name = CoreGraphics.framework; path = System/Library/Frameworks/CoreGraphics.framework; sourceTree = SDKROOT; };
		A56B2BAD18C085AD001E082A /* UIKit.framework */ = {isa = PBXFileReference; lastKnownFileType = wrapper.framework; name = UIKit.framework; path = System/Library/Frameworks/UIKit.framework; sourceTree = SDKROOT; };
		A56B2BB118C085AD001E082A /* Overlay-Graphics-Info.plist */ = {isa = PBXFileReference; lastKnownFileType = text.plist.xml; path = "Overlay-Graphics-Info.plist"; sourceTree = "<group>"; };
		A56B2BB318C085AD001E082A /* en */ = {isa = PBXFileReference; lastKnownFileType = text.plist.strings; name = en; path = en.lproj/InfoPlist.strings; sourceTree = "<group>"; };
		A56B2BB518C085AD001E082A /* main.m */ = {isa = PBXFileReference; lastKnownFileType = sourcecode.c.objc; path = main.m; sourceTree = "<group>"; };
		A56B2BB718C085AD001E082A /* Overlay-Graphics-Prefix.pch */ = {isa = PBXFileReference; lastKnownFileType = sourcecode.c.h; path = "Overlay-Graphics-Prefix.pch"; sourceTree = "<group>"; };
		A56B2BB818C085AD001E082A /* AppDelegate.h */ = {isa = PBXFileReference; lastKnownFileType = sourcecode.c.h; path = AppDelegate.h; sourceTree = "<group>"; };
		A56B2BB918C085AD001E082A /* AppDelegate.m */ = {isa = PBXFileReference; lastKnownFileType = sourcecode.c.objc; path = AppDelegate.m; sourceTree = "<group>"; };
		A56B2BBC18C085AD001E082A /* Base */ = {isa = PBXFileReference; lastKnownFileType = file.storyboard; name = Base; path = Base.lproj/Main_iPhone.storyboard; sourceTree = "<group>"; };
		A56B2BBF18C085AD001E082A /* Base */ = {isa = PBXFileReference; lastKnownFileType = file.storyboard; name = Base; path = Base.lproj/Main_iPad.storyboard; sourceTree = "<group>"; };
		A56B2BC118C085AD001E082A /* ViewController.h */ = {isa = PBXFileReference; lastKnownFileType = sourcecode.c.h; path = ViewController.h; sourceTree = "<group>"; };
		A56B2BC218C085AD001E082A /* ViewController.m */ = {isa = PBXFileReference; lastKnownFileType = sourcecode.c.objc; path = ViewController.m; sourceTree = "<group>"; };
		A56B2BC418C085AD001E082A /* Images.xcassets */ = {isa = PBXFileReference; lastKnownFileType = folder.assetcatalog; path = Images.xcassets; sourceTree = "<group>"; };
		A56B2BCA18C085AD001E082A /* Overlay-GraphicsTests.xctest */ = {isa = PBXFileReference; explicitFileType = wrapper.cfbundle; includeInIndex = 0; path = "Overlay-GraphicsTests.xctest"; sourceTree = BUILT_PRODUCTS_DIR; };
		A56B2BCB18C085AD001E082A /* XCTest.framework */ = {isa = PBXFileReference; lastKnownFileType = wrapper.framework; name = XCTest.framework; path = Library/Frameworks/XCTest.framework; sourceTree = DEVELOPER_DIR; };
		A56B2BD318C085AE001E082A /* Overlay-GraphicsTests-Info.plist */ = {isa = PBXFileReference; lastKnownFileType = text.plist.xml; path = "Overlay-GraphicsTests-Info.plist"; sourceTree = "<group>"; };
		A56B2BD518C085AE001E082A /* en */ = {isa = PBXFileReference; lastKnownFileType = text.plist.strings; name = en; path = en.lproj/InfoPlist.strings; sourceTree = "<group>"; };
		A56B2BD718C085AE001E082A /* Overlay_GraphicsTests.m */ = {isa = PBXFileReference; lastKnownFileType = sourcecode.c.objc; path = Overlay_GraphicsTests.m; sourceTree = "<group>"; };
		A56B2BE918C08648001E082A /* ShaderUtilities.c */ = {isa = PBXFileReference; fileEncoding = 4; lastKnownFileType = sourcecode.c.c; path = ShaderUtilities.c; sourceTree = "<group>"; };
		A56B2BEA18C08648001E082A /* ShaderUtilities.h */ = {isa = PBXFileReference; fileEncoding = 4; lastKnownFileType = sourcecode.c.h; path = ShaderUtilities.h; sourceTree = "<group>"; };
		A5A607E018C08B6B00192466 /* OpenTok.framework */ = {isa = PBXFileReference; lastKnownFileType = wrapper.framework; name = OpenTok.framework; path = ../../OpenTok.framework; sourceTree = "<group>"; };
		A5A607E218C08B8500192466 /* CoreMedia.framework */ = {isa = PBXFileReference; lastKnownFileType = wrapper.framework; name = CoreMedia.framework; path = System/Library/Frameworks/CoreMedia.framework; sourceTree = SDKROOT; };
		A5A607E418C08B8A00192466 /* CoreVideo.framework */ = {isa = PBXFileReference; lastKnownFileType = wrapper.framework; name = CoreVideo.framework; path = System/Library/Frameworks/CoreVideo.framework; sourceTree = SDKROOT; };
		A5A607E618C08B9B00192466 /* AudioToolbox.framework */ = {isa = PBXFileReference; lastKnownFileType = wrapper.framework; name = AudioToolbox.framework; path = System/Library/Frameworks/AudioToolbox.framework; sourceTree = SDKROOT; };
		A5A607E818C08BA100192466 /* libsqlite3.dylib */ = {isa = PBXFileReference; lastKnownFileType = "compiled.mach-o.dylib"; name = libsqlite3.dylib; path = usr/lib/libsqlite3.dylib; sourceTree = SDKROOT; };
		A5A607EA18C08BAB00192466 /* libxml2.dylib */ = {isa = PBXFileReference; lastKnownFileType = "compiled.mach-o.dylib"; name = libxml2.dylib; path = usr/lib/libxml2.dylib; sourceTree = SDKROOT; };
		A5A607EC18C08BB900192466 /* libstdc++.dylib */ = {isa = PBXFileReference; lastKnownFileType = "compiled.mach-o.dylib"; name = "libstdc++.dylib"; path = "usr/lib/libstdc++.dylib"; sourceTree = SDKROOT; };
		A5A607EE18C08C4F00192466 /* libstdc++.6.0.9.dylib */ = {isa = PBXFileReference; lastKnownFileType = "compiled.mach-o.dylib"; name = "libstdc++.6.0.9.dylib"; path = "usr/lib/libstdc++.6.0.9.dylib"; sourceTree = SDKROOT; };
		A5A607F618C08F3D00192466 /* SystemConfiguration.framework */ = {isa = PBXFileReference; lastKnownFileType = wrapper.framework; name = SystemConfiguration.framework; path = System/Library/Frameworks/SystemConfiguration.framework; sourceTree = SDKROOT; };
		A5A607F818C08F4B00192466 /* CoreTelephony.framework */ = {isa = PBXFileReference; lastKnownFileType = wrapper.framework; name = CoreTelephony.framework; path = System/Library/Frameworks/CoreTelephony.framework; sourceTree = SDKROOT; };
		A5A6080E18C0921800192466 /* TBExampleOverlayButton.h */ = {isa = PBXFileReference; fileEncoding = 4; lastKnownFileType = sourcecode.c.h; path = TBExampleOverlayButton.h; sourceTree = "<group>"; };
		A5A6080F18C0921800192466 /* TBExampleOverlayButton.m */ = {isa = PBXFileReference; fileEncoding = 4; lastKnownFileType = sourcecode.c.objc; path = TBExampleOverlayButton.m; sourceTree = "<group>"; };
		A5A6081018C0921800192466 /* TBExampleOverlayView.h */ = {isa = PBXFileReference; fileEncoding = 4; lastKnownFileType = sourcecode.c.h; path = TBExampleOverlayView.h; sourceTree = "<group>"; };
		A5A6081118C0921800192466 /* TBExampleOverlayView.m */ = {isa = PBXFileReference; fileEncoding = 4; lastKnownFileType = sourcecode.c.objc; path = TBExampleOverlayView.m; sourceTree = "<group>"; };
		A5A6081418C0921800192466 /* TBExampleUnderlayView.h */ = {isa = PBXFileReference; fileEncoding = 4; lastKnownFileType = sourcecode.c.h; path = TBExampleUnderlayView.h; sourceTree = "<group>"; };
		A5A6081518C0921800192466 /* TBExampleUnderlayView.m */ = {isa = PBXFileReference; fileEncoding = 4; lastKnownFileType = sourcecode.c.objc; path = TBExampleUnderlayView.m; sourceTree = "<group>"; };
		A5A6081618C0921800192466 /* TBExampleVideoView.h */ = {isa = PBXFileReference; fileEncoding = 4; lastKnownFileType = sourcecode.c.h; path = TBExampleVideoView.h; sourceTree = "<group>"; };
		A5A6081718C0921800192466 /* TBExampleVideoView.m */ = {isa = PBXFileReference; fileEncoding = 4; lastKnownFileType = sourcecode.c.objc; path = TBExampleVideoView.m; sourceTree = "<group>"; };
		A5A6081818C0921800192466 /* TBExampleSVG.h */ = {isa = PBXFileReference; fileEncoding = 4; lastKnownFileType = sourcecode.c.h; path = TBExampleSVG.h; sourceTree = "<group>"; };
		A5A6081918C0921800192466 /* TBExampleSVG.m */ = {isa = PBXFileReference; fileEncoding = 4; lastKnownFileType = sourcecode.c.objc; path = TBExampleSVG.m; sourceTree = "<group>"; };
		D4F8FDA61941277B00364672 /* TBExampleVideoCapture.h */ = {isa = PBXFileReference; fileEncoding = 4; lastKnownFileType = sourcecode.c.h; name = TBExampleVideoCapture.h; path = "../2.Lets-Build-OTPublisher/Lets-Build-OTPublisher/TBExampleVideoCapture.h"; sourceTree = "<group>"; };
		D4F8FDA71941277B00364672 /* TBExampleVideoCapture.m */ = {isa = PBXFileReference; fileEncoding = 4; lastKnownFileType = sourcecode.c.objc; name = TBExampleVideoCapture.m; path = "../2.Lets-Build-OTPublisher/Lets-Build-OTPublisher/TBExampleVideoCapture.m"; sourceTree = "<group>"; };
		D4F8FDA81941277B00364672 /* TBExampleVideoRender.h */ = {isa = PBXFileReference; fileEncoding = 4; lastKnownFileType = sourcecode.c.h; name = TBExampleVideoRender.h; path = "../2.Lets-Build-OTPublisher/Lets-Build-OTPublisher/TBExampleVideoRender.h"; sourceTree = "<group>"; };
		D4F8FDA91941277B00364672 /* TBExampleVideoRender.m */ = {isa = PBXFileReference; fileEncoding = 4; lastKnownFileType = sourcecode.c.objc; name = TBExampleVideoRender.m; path = "../2.Lets-Build-OTPublisher/Lets-Build-OTPublisher/TBExampleVideoRender.m"; sourceTree = "<group>"; };
		D4F8FDAC194129B900364672 /* GLKit.framework */ = {isa = PBXFileReference; lastKnownFileType = wrapper.framework; name = GLKit.framework; path = System/Library/Frameworks/GLKit.framework; sourceTree = SDKROOT; };
		D4F8FDAE194129C400364672 /* OpenGLES.framework */ = {isa = PBXFileReference; lastKnownFileType = wrapper.framework; name = OpenGLES.framework; path = System/Library/Frameworks/OpenGLES.framework; sourceTree = SDKROOT; };
/* End PBXFileReference section */

/* Begin PBXFrameworksBuildPhase section */
		A56B2BA318C085AD001E082A /* Frameworks */ = {
			isa = PBXFrameworksBuildPhase;
			buildActionMask = 2147483647;
			files = (
				A5149AA91913969700CB1A9F /* libQuickSVG.a in Frameworks */,
				A5A607EF18C08C4F00192466 /* libstdc++.6.0.9.dylib in Frameworks */,
				A5A607ED18C08BB900192466 /* libstdc++.dylib in Frameworks */,
				A5A607EB18C08BAB00192466 /* libxml2.dylib in Frameworks */,
				A5A607E918C08BA100192466 /* libsqlite3.dylib in Frameworks */,
				A5A607E118C08B6B00192466 /* OpenTok.framework in Frameworks */,
				A5A607E718C08B9B00192466 /* AudioToolbox.framework in Frameworks */,
				A5A607E518C08B8A00192466 /* CoreVideo.framework in Frameworks */,
				A5A607E318C08B8500192466 /* CoreMedia.framework in Frameworks */,
				D4F8FDAF194129C400364672 /* OpenGLES.framework in Frameworks */,
				A5A607F718C08F3D00192466 /* SystemConfiguration.framework in Frameworks */,
				A5A607F918C08F4B00192466 /* CoreTelephony.framework in Frameworks */,
				A56B2BAC18C085AD001E082A /* CoreGraphics.framework in Frameworks */,
				D4F8FDAD194129B900364672 /* GLKit.framework in Frameworks */,
				A56B2BAE18C085AD001E082A /* UIKit.framework in Frameworks */,
				A56B2BAA18C085AD001E082A /* Foundation.framework in Frameworks */,
			);
			runOnlyForDeploymentPostprocessing = 0;
		};
		A56B2BC718C085AD001E082A /* Frameworks */ = {
			isa = PBXFrameworksBuildPhase;
			buildActionMask = 2147483647;
			files = (
				A56B2BCC18C085AD001E082A /* XCTest.framework in Frameworks */,
				A56B2BCE18C085AE001E082A /* UIKit.framework in Frameworks */,
				A56B2BCD18C085AD001E082A /* Foundation.framework in Frameworks */,
			);
			runOnlyForDeploymentPostprocessing = 0;
		};
/* End PBXFrameworksBuildPhase section */

/* Begin PBXGroup section */
		A5149A9D1913968800CB1A9F /* Products */ = {
			isa = PBXGroup;
			children = (
				A5149AA41913968800CB1A9F /* libQuickSVG.a */,
				A5149AA61913968800CB1A9F /* UnitTests.octest */,
				A5149AA81913968800CB1A9F /* RenderingTests.app */,
			);
			name = Products;
			sourceTree = "<group>";
		};
		A56B2B9D18C085AD001E082A = {
			isa = PBXGroup;
			children = (
				A5149A9C1913968800CB1A9F /* QuickSVG.xcodeproj */,
				D4F8FDA11941271300364672 /* Project 2 - Let's Build OTPubilsher */,
				A56B2BAF18C085AD001E082A /* Overlay-Graphics */,
				A56B2BD118C085AE001E082A /* Overlay-GraphicsTests */,
				A56B2BA818C085AD001E082A /* Frameworks */,
				A56B2BA718C085AD001E082A /* Products */,
			);
			sourceTree = "<group>";
		};
		A56B2BA718C085AD001E082A /* Products */ = {
			isa = PBXGroup;
			children = (
				A56B2BA618C085AD001E082A /* Overlay-Graphics.app */,
				A56B2BCA18C085AD001E082A /* Overlay-GraphicsTests.xctest */,
			);
			name = Products;
			sourceTree = "<group>";
		};
		A56B2BA818C085AD001E082A /* Frameworks */ = {
			isa = PBXGroup;
			children = (
				A5A607E018C08B6B00192466 /* OpenTok.framework */,
				A5A607EE18C08C4F00192466 /* libstdc++.6.0.9.dylib */,
				A5A607EC18C08BB900192466 /* libstdc++.dylib */,
				A5A607EA18C08BAB00192466 /* libxml2.dylib */,
				A5A607E818C08BA100192466 /* libsqlite3.dylib */,
				D4F8FDAE194129C400364672 /* OpenGLES.framework */,
				D4F8FDAC194129B900364672 /* GLKit.framework */,
				A5A607F818C08F4B00192466 /* CoreTelephony.framework */,
				A5A607F618C08F3D00192466 /* SystemConfiguration.framework */,
				A5A607E618C08B9B00192466 /* AudioToolbox.framework */,
				A5A607E418C08B8A00192466 /* CoreVideo.framework */,
				A5A607E218C08B8500192466 /* CoreMedia.framework */,
				A56B2BA918C085AD001E082A /* Foundation.framework */,
				A56B2BAB18C085AD001E082A /* CoreGraphics.framework */,
				A56B2BAD18C085AD001E082A /* UIKit.framework */,
				A56B2BCB18C085AD001E082A /* XCTest.framework */,
			);
			name = Frameworks;
			sourceTree = "<group>";
		};
		A56B2BAF18C085AD001E082A /* Overlay-Graphics */ = {
			isa = PBXGroup;
			children = (
				A5A6080B18C0920600192466 /* Views */,
				A51C861219B81F1D0067184D /* TBExamplePublisher.h */,
				A51C861319B81F1D0067184D /* TBExamplePublisher.m */,
				A51C861419B81F1D0067184D /* TBExampleSubscriber.h */,
				A51C861519B81F1D0067184D /* TBExampleSubscriber.m */,
				A56B2BE918C08648001E082A /* ShaderUtilities.c */,
				A56B2BEA18C08648001E082A /* ShaderUtilities.h */,
				A56B2BB818C085AD001E082A /* AppDelegate.h */,
				A56B2BB918C085AD001E082A /* AppDelegate.m */,
				A56B2BBB18C085AD001E082A /* Main_iPhone.storyboard */,
				A56B2BBE18C085AD001E082A /* Main_iPad.storyboard */,
				A56B2BC118C085AD001E082A /* ViewController.h */,
				A56B2BC218C085AD001E082A /* ViewController.m */,
				A56B2BC418C085AD001E082A /* Images.xcassets */,
				A56B2BB018C085AD001E082A /* Supporting Files */,
			);
			path = "Overlay-Graphics";
			sourceTree = "<group>";
		};
		A56B2BB018C085AD001E082A /* Supporting Files */ = {
			isa = PBXGroup;
			children = (
				A535047118FD469B00E68BD9 /* archiving_off-Small.png */,
				A535047218FD469B00E68BD9 /* archiving_off-Small@2x.png */,
				A535047318FD469B00E68BD9 /* archiving_on-10.png */,
				A535047418FD469B00E68BD9 /* archiving_on-10@2x.png */,
				A535047518FD469B00E68BD9 /* archiving_pulse-Small.png */,
				A535047618FD469B00E68BD9 /* archiving_pulse-Small@2x.png */,
				A56B2BB118C085AD001E082A /* Overlay-Graphics-Info.plist */,
				A56B2BB218C085AD001E082A /* InfoPlist.strings */,
				A56B2BB518C085AD001E082A /* main.m */,
				A56B2BB718C085AD001E082A /* Overlay-Graphics-Prefix.pch */,
			);
			name = "Supporting Files";
			sourceTree = "<group>";
		};
		A56B2BD118C085AE001E082A /* Overlay-GraphicsTests */ = {
			isa = PBXGroup;
			children = (
				A56B2BD718C085AE001E082A /* Overlay_GraphicsTests.m */,
				A56B2BD218C085AE001E082A /* Supporting Files */,
			);
			path = "Overlay-GraphicsTests";
			sourceTree = "<group>";
		};
		A56B2BD218C085AE001E082A /* Supporting Files */ = {
			isa = PBXGroup;
			children = (
				A56B2BD318C085AE001E082A /* Overlay-GraphicsTests-Info.plist */,
				A56B2BD418C085AE001E082A /* InfoPlist.strings */,
			);
			name = "Supporting Files";
			sourceTree = "<group>";
		};
		A5A6080B18C0920600192466 /* Views */ = {
			isa = PBXGroup;
			children = (
				A5A6080E18C0921800192466 /* TBExampleOverlayButton.h */,
				A5A6080F18C0921800192466 /* TBExampleOverlayButton.m */,
				A5A6081018C0921800192466 /* TBExampleOverlayView.h */,
				A5A6081118C0921800192466 /* TBExampleOverlayView.m */,
				A5A6081418C0921800192466 /* TBExampleUnderlayView.h */,
				A5A6081518C0921800192466 /* TBExampleUnderlayView.m */,
				A5A6081618C0921800192466 /* TBExampleVideoView.h */,
				A5A6081718C0921800192466 /* TBExampleVideoView.m */,
				A5A6081818C0921800192466 /* TBExampleSVG.h */,
				A5A6081918C0921800192466 /* TBExampleSVG.m */,
			);
			name = Views;
			sourceTree = "<group>";
		};
		D4F8FDA11941271300364672 /* Project 2 - Let's Build OTPubilsher */ = {
			isa = PBXGroup;
			children = (
				D4F8FDA61941277B00364672 /* TBExampleVideoCapture.h */,
				D4F8FDA71941277B00364672 /* TBExampleVideoCapture.m */,
				D4F8FDA81941277B00364672 /* TBExampleVideoRender.h */,
				D4F8FDA91941277B00364672 /* TBExampleVideoRender.m */,
			);
			name = "Project 2 - Let's Build OTPubilsher";
			sourceTree = "<group>";
		};
/* End PBXGroup section */

/* Begin PBXNativeTarget section */
		A56B2BA518C085AD001E082A /* Overlay-Graphics */ = {
			isa = PBXNativeTarget;
			buildConfigurationList = A56B2BDB18C085AE001E082A /* Build configuration list for PBXNativeTarget "Overlay-Graphics" */;
			buildPhases = (
				A56B2BA218C085AD001E082A /* Sources */,
				A56B2BA318C085AD001E082A /* Frameworks */,
				A56B2BA418C085AD001E082A /* Resources */,
			);
			buildRules = (
			);
			dependencies = (
			);
			name = "Overlay-Graphics";
			productName = "Overlay-Graphics";
			productReference = A56B2BA618C085AD001E082A /* Overlay-Graphics.app */;
			productType = "com.apple.product-type.application";
		};
		A56B2BC918C085AD001E082A /* Overlay-GraphicsTests */ = {
			isa = PBXNativeTarget;
			buildConfigurationList = A56B2BDE18C085AE001E082A /* Build configuration list for PBXNativeTarget "Overlay-GraphicsTests" */;
			buildPhases = (
				A56B2BC618C085AD001E082A /* Sources */,
				A56B2BC718C085AD001E082A /* Frameworks */,
				A56B2BC818C085AD001E082A /* Resources */,
			);
			buildRules = (
			);
			dependencies = (
				A56B2BD018C085AE001E082A /* PBXTargetDependency */,
			);
			name = "Overlay-GraphicsTests";
			productName = "Overlay-GraphicsTests";
			productReference = A56B2BCA18C085AD001E082A /* Overlay-GraphicsTests.xctest */;
			productType = "com.apple.product-type.bundle.unit-test";
		};
/* End PBXNativeTarget section */

/* Begin PBXProject section */
		A56B2B9E18C085AD001E082A /* Project object */ = {
			isa = PBXProject;
			attributes = {
				LastUpgradeCheck = 0500;
				ORGANIZATIONNAME = Tokbox;
				TargetAttributes = {
					A56B2BC918C085AD001E082A = {
						TestTargetID = A56B2BA518C085AD001E082A;
					};
				};
			};
			buildConfigurationList = A56B2BA118C085AD001E082A /* Build configuration list for PBXProject "Overlay-Graphics" */;
			compatibilityVersion = "Xcode 3.2";
			developmentRegion = English;
			hasScannedForEncodings = 0;
			knownRegions = (
				en,
				Base,
			);
			mainGroup = A56B2B9D18C085AD001E082A;
			productRefGroup = A56B2BA718C085AD001E082A /* Products */;
			projectDirPath = "";
			projectReferences = (
				{
					ProductGroup = A5149A9D1913968800CB1A9F /* Products */;
					ProjectRef = A5149A9C1913968800CB1A9F /* QuickSVG.xcodeproj */;
				},
			);
			projectRoot = "";
			targets = (
				A56B2BA518C085AD001E082A /* Overlay-Graphics */,
				A56B2BC918C085AD001E082A /* Overlay-GraphicsTests */,
			);
		};
/* End PBXProject section */

/* Begin PBXReferenceProxy section */
		A5149AA41913968800CB1A9F /* libQuickSVG.a */ = {
			isa = PBXReferenceProxy;
			fileType = archive.ar;
			path = libQuickSVG.a;
			remoteRef = A5149AA31913968800CB1A9F /* PBXContainerItemProxy */;
			sourceTree = BUILT_PRODUCTS_DIR;
		};
		A5149AA61913968800CB1A9F /* UnitTests.octest */ = {
			isa = PBXReferenceProxy;
			fileType = wrapper.cfbundle;
			path = UnitTests.octest;
			remoteRef = A5149AA51913968800CB1A9F /* PBXContainerItemProxy */;
			sourceTree = BUILT_PRODUCTS_DIR;
		};
		A5149AA81913968800CB1A9F /* RenderingTests.app */ = {
			isa = PBXReferenceProxy;
			fileType = wrapper.application;
			path = RenderingTests.app;
			remoteRef = A5149AA71913968800CB1A9F /* PBXContainerItemProxy */;
			sourceTree = BUILT_PRODUCTS_DIR;
		};
/* End PBXReferenceProxy section */

/* Begin PBXResourcesBuildPhase section */
		A56B2BA418C085AD001E082A /* Resources */ = {
			isa = PBXResourcesBuildPhase;
			buildActionMask = 2147483647;
			files = (
				A535047A18FD469B00E68BD9 /* archiving_on-10@2x.png in Resources */,
				A56B2BC018C085AD001E082A /* Main_iPad.storyboard in Resources */,
				A535047C18FD469B00E68BD9 /* archiving_pulse-Small@2x.png in Resources */,
				A56B2BC518C085AD001E082A /* Images.xcassets in Resources */,
				A56B2BBD18C085AD001E082A /* Main_iPhone.storyboard in Resources */,
				A535047718FD469B00E68BD9 /* archiving_off-Small.png in Resources */,
				A535047818FD469B00E68BD9 /* archiving_off-Small@2x.png in Resources */,
				A56B2BB418C085AD001E082A /* InfoPlist.strings in Resources */,
				A535047918FD469B00E68BD9 /* archiving_on-10.png in Resources */,
				A535047B18FD469B00E68BD9 /* archiving_pulse-Small.png in Resources */,
			);
			runOnlyForDeploymentPostprocessing = 0;
		};
		A56B2BC818C085AD001E082A /* Resources */ = {
			isa = PBXResourcesBuildPhase;
			buildActionMask = 2147483647;
			files = (
				A56B2BD618C085AE001E082A /* InfoPlist.strings in Resources */,
			);
			runOnlyForDeploymentPostprocessing = 0;
		};
/* End PBXResourcesBuildPhase section */

/* Begin PBXSourcesBuildPhase section */
		A56B2BA218C085AD001E082A /* Sources */ = {
			isa = PBXSourcesBuildPhase;
			buildActionMask = 2147483647;
			files = (
				D4F8FDAB1941277B00364672 /* TBExampleVideoRender.m in Sources */,
				A5A6082018C0921800192466 /* TBExampleSVG.m in Sources */,
				A5A6081F18C0921800192466 /* TBExampleVideoView.m in Sources */,
				A56B2BC318C085AD001E082A /* ViewController.m in Sources */,
				A5A6081E18C0921800192466 /* TBExampleUnderlayView.m in Sources */,
				A5A6081B18C0921800192466 /* TBExampleOverlayButton.m in Sources */,
				A56B2BBA18C085AD001E082A /* AppDelegate.m in Sources */,
				A51C861619B81F1D0067184D /* TBExamplePublisher.m in Sources */,
				D4F8FDAA1941277B00364672 /* TBExampleVideoCapture.m in Sources */,
				A56B2BEF18C08648001E082A /* ShaderUtilities.c in Sources */,
				A56B2BB618C085AD001E082A /* main.m in Sources */,
				A51C861719B81F1D0067184D /* TBExampleSubscriber.m in Sources */,
				A5A6081C18C0921800192466 /* TBExampleOverlayView.m in Sources */,
			);
			runOnlyForDeploymentPostprocessing = 0;
		};
		A56B2BC618C085AD001E082A /* Sources */ = {
			isa = PBXSourcesBuildPhase;
			buildActionMask = 2147483647;
			files = (
				A56B2BD818C085AE001E082A /* Overlay_GraphicsTests.m in Sources */,
			);
			runOnlyForDeploymentPostprocessing = 0;
		};
/* End PBXSourcesBuildPhase section */

/* Begin PBXTargetDependency section */
		A56B2BD018C085AE001E082A /* PBXTargetDependency */ = {
			isa = PBXTargetDependency;
			target = A56B2BA518C085AD001E082A /* Overlay-Graphics */;
			targetProxy = A56B2BCF18C085AE001E082A /* PBXContainerItemProxy */;
		};
/* End PBXTargetDependency section */

/* Begin PBXVariantGroup section */
		A56B2BB218C085AD001E082A /* InfoPlist.strings */ = {
			isa = PBXVariantGroup;
			children = (
				A56B2BB318C085AD001E082A /* en */,
			);
			name = InfoPlist.strings;
			sourceTree = "<group>";
		};
		A56B2BBB18C085AD001E082A /* Main_iPhone.storyboard */ = {
			isa = PBXVariantGroup;
			children = (
				A56B2BBC18C085AD001E082A /* Base */,
			);
			name = Main_iPhone.storyboard;
			sourceTree = "<group>";
		};
		A56B2BBE18C085AD001E082A /* Main_iPad.storyboard */ = {
			isa = PBXVariantGroup;
			children = (
				A56B2BBF18C085AD001E082A /* Base */,
			);
			name = Main_iPad.storyboard;
			sourceTree = "<group>";
		};
		A56B2BD418C085AE001E082A /* InfoPlist.strings */ = {
			isa = PBXVariantGroup;
			children = (
				A56B2BD518C085AE001E082A /* en */,
			);
			name = InfoPlist.strings;
			sourceTree = "<group>";
		};
/* End PBXVariantGroup section */

/* Begin XCBuildConfiguration section */
		A56B2BD918C085AE001E082A /* Debug */ = {
			isa = XCBuildConfiguration;
			buildSettings = {
				ALWAYS_SEARCH_USER_PATHS = NO;
				ARCHS = "$(ARCHS_STANDARD_INCLUDING_64_BIT)";
				CLANG_CXX_LANGUAGE_STANDARD = "gnu++0x";
				CLANG_CXX_LIBRARY = "libc++";
				CLANG_ENABLE_MODULES = YES;
				CLANG_ENABLE_OBJC_ARC = YES;
				CLANG_WARN_BOOL_CONVERSION = YES;
				CLANG_WARN_CONSTANT_CONVERSION = YES;
				CLANG_WARN_DIRECT_OBJC_ISA_USAGE = YES_ERROR;
				CLANG_WARN_EMPTY_BODY = YES;
				CLANG_WARN_ENUM_CONVERSION = YES;
				CLANG_WARN_INT_CONVERSION = YES;
				CLANG_WARN_OBJC_ROOT_CLASS = YES_ERROR;
				CLANG_WARN__DUPLICATE_METHOD_MATCH = YES;
				"CODE_SIGN_IDENTITY[sdk=iphoneos*]" = "iPhone Developer";
				COPY_PHASE_STRIP = NO;
				GCC_C_LANGUAGE_STANDARD = gnu99;
				GCC_DYNAMIC_NO_PIC = NO;
				GCC_OPTIMIZATION_LEVEL = 0;
				GCC_PREPROCESSOR_DEFINITIONS = (
					"DEBUG=1",
					"$(inherited)",
				);
				GCC_SYMBOLS_PRIVATE_EXTERN = NO;
				GCC_WARN_64_TO_32_BIT_CONVERSION = YES;
				GCC_WARN_ABOUT_RETURN_TYPE = YES_ERROR;
				GCC_WARN_UNDECLARED_SELECTOR = YES;
				GCC_WARN_UNINITIALIZED_AUTOS = YES;
				GCC_WARN_UNUSED_FUNCTION = YES;
				GCC_WARN_UNUSED_VARIABLE = YES;
				IPHONEOS_DEPLOYMENT_TARGET = 7.0;
				ONLY_ACTIVE_ARCH = YES;
				SDKROOT = iphoneos;
				TARGETED_DEVICE_FAMILY = "1,2";
			};
			name = Debug;
		};
		A56B2BDA18C085AE001E082A /* Release */ = {
			isa = XCBuildConfiguration;
			buildSettings = {
				ALWAYS_SEARCH_USER_PATHS = NO;
				ARCHS = "$(ARCHS_STANDARD_INCLUDING_64_BIT)";
				CLANG_CXX_LANGUAGE_STANDARD = "gnu++0x";
				CLANG_CXX_LIBRARY = "libc++";
				CLANG_ENABLE_MODULES = YES;
				CLANG_ENABLE_OBJC_ARC = YES;
				CLANG_WARN_BOOL_CONVERSION = YES;
				CLANG_WARN_CONSTANT_CONVERSION = YES;
				CLANG_WARN_DIRECT_OBJC_ISA_USAGE = YES_ERROR;
				CLANG_WARN_EMPTY_BODY = YES;
				CLANG_WARN_ENUM_CONVERSION = YES;
				CLANG_WARN_INT_CONVERSION = YES;
				CLANG_WARN_OBJC_ROOT_CLASS = YES_ERROR;
				CLANG_WARN__DUPLICATE_METHOD_MATCH = YES;
				"CODE_SIGN_IDENTITY[sdk=iphoneos*]" = "iPhone Developer";
				COPY_PHASE_STRIP = YES;
				ENABLE_NS_ASSERTIONS = NO;
				GCC_C_LANGUAGE_STANDARD = gnu99;
				GCC_WARN_64_TO_32_BIT_CONVERSION = YES;
				GCC_WARN_ABOUT_RETURN_TYPE = YES_ERROR;
				GCC_WARN_UNDECLARED_SELECTOR = YES;
				GCC_WARN_UNINITIALIZED_AUTOS = YES;
				GCC_WARN_UNUSED_FUNCTION = YES;
				GCC_WARN_UNUSED_VARIABLE = YES;
				IPHONEOS_DEPLOYMENT_TARGET = 7.0;
				SDKROOT = iphoneos;
				TARGETED_DEVICE_FAMILY = "1,2";
				VALIDATE_PRODUCT = YES;
			};
			name = Release;
		};
		A56B2BDC18C085AE001E082A /* Debug */ = {
			isa = XCBuildConfiguration;
			buildSettings = {
				ARCHS = armv7;
				ASSETCATALOG_COMPILER_APPICON_NAME = AppIcon;
				ASSETCATALOG_COMPILER_LAUNCHIMAGE_NAME = LaunchImage;
				CLANG_ENABLE_OBJC_ARC = NO;
				FRAMEWORK_SEARCH_PATHS = (
					"$(inherited)",
					"${SRCROOT}",
					/Users/charley/src,
				);
				GCC_PRECOMPILE_PREFIX_HEADER = YES;
				GCC_PREFIX_HEADER = "Overlay-Graphics/Overlay-Graphics-Prefix.pch";
				HEADER_SEARCH_PATHS = (
					"$(inherited)",
					/Applications/Xcode.app/Contents/Developer/Toolchains/XcodeDefault.xctoolchain/usr/include,
					"\"$(SRCROOT)/Overlay-Graphics\"",
					"\"$(SRCROOT)/quicksvg/QuickSVG $(SRCROOT)/../2.Lets-Build-OTPubilsher/Lets-Build-OTPublisher",
				);
				INFOPLIST_FILE = "Overlay-Graphics/Overlay-Graphics-Info.plist";
				OTHER_LDFLAGS = "-ObjC";
				PRODUCT_NAME = "$(TARGET_NAME)";
				VALID_ARCHS = armv7;
				WRAPPER_EXTENSION = app;
			};
			name = Debug;
		};
		A56B2BDD18C085AE001E082A /* Release */ = {
			isa = XCBuildConfiguration;
			buildSettings = {
				ARCHS = armv7;
				ASSETCATALOG_COMPILER_APPICON_NAME = AppIcon;
				ASSETCATALOG_COMPILER_LAUNCHIMAGE_NAME = LaunchImage;
				CLANG_ENABLE_OBJC_ARC = NO;
				FRAMEWORK_SEARCH_PATHS = (
					"$(inherited)",
					"${SRCROOT}",
					/Users/charley/src,
				);
				GCC_PRECOMPILE_PREFIX_HEADER = YES;
				GCC_PREFIX_HEADER = "Overlay-Graphics/Overlay-Graphics-Prefix.pch";
				HEADER_SEARCH_PATHS = (
					"$(inherited)",
					/Applications/Xcode.app/Contents/Developer/Toolchains/XcodeDefault.xctoolchain/usr/include,
					"\"$(SRCROOT)/Overlay-Graphics\"",
					"\"$(SRCROOT)/quicksvg/QuickSVG $(SRCROOT)/../2.Lets-Build-OTPubilsher/Lets-Build-OTPublisher",
				);
				INFOPLIST_FILE = "Overlay-Graphics/Overlay-Graphics-Info.plist";
				OTHER_LDFLAGS = "-ObjC";
				PRODUCT_NAME = "$(TARGET_NAME)";
				VALID_ARCHS = armv7;
				WRAPPER_EXTENSION = app;
			};
			name = Release;
		};
		A56B2BDF18C085AE001E082A /* Debug */ = {
			isa = XCBuildConfiguration;
			buildSettings = {
				ARCHS = "$(ARCHS_STANDARD_INCLUDING_64_BIT)";
				BUNDLE_LOADER = "$(BUILT_PRODUCTS_DIR)/Overlay-Graphics.app/Overlay-Graphics";
				FRAMEWORK_SEARCH_PATHS = (
					"$(SDKROOT)/Developer/Library/Frameworks",
					"$(inherited)",
					"$(DEVELOPER_FRAMEWORKS_DIR)",
				);
				GCC_PRECOMPILE_PREFIX_HEADER = YES;
				GCC_PREFIX_HEADER = "Overlay-Graphics/Overlay-Graphics-Prefix.pch";
				GCC_PREPROCESSOR_DEFINITIONS = (
					"DEBUG=1",
					"$(inherited)",
				);
				INFOPLIST_FILE = "Overlay-GraphicsTests/Overlay-GraphicsTests-Info.plist";
				PRODUCT_NAME = "$(TARGET_NAME)";
				TEST_HOST = "$(BUNDLE_LOADER)";
				WRAPPER_EXTENSION = xctest;
			};
			name = Debug;
		};
		A56B2BE018C085AE001E082A /* Release */ = {
			isa = XCBuildConfiguration;
			buildSettings = {
				ARCHS = "$(ARCHS_STANDARD_INCLUDING_64_BIT)";
				BUNDLE_LOADER = "$(BUILT_PRODUCTS_DIR)/Overlay-Graphics.app/Overlay-Graphics";
				FRAMEWORK_SEARCH_PATHS = (
					"$(SDKROOT)/Developer/Library/Frameworks",
					"$(inherited)",
					"$(DEVELOPER_FRAMEWORKS_DIR)",
				);
				GCC_PRECOMPILE_PREFIX_HEADER = YES;
				GCC_PREFIX_HEADER = "Overlay-Graphics/Overlay-Graphics-Prefix.pch";
				INFOPLIST_FILE = "Overlay-GraphicsTests/Overlay-GraphicsTests-Info.plist";
				PRODUCT_NAME = "$(TARGET_NAME)";
				TEST_HOST = "$(BUNDLE_LOADER)";
				WRAPPER_EXTENSION = xctest;
			};
			name = Release;
		};
/* End XCBuildConfiguration section */

/* Begin XCConfigurationList section */
		A56B2BA118C085AD001E082A /* Build configuration list for PBXProject "Overlay-Graphics" */ = {
			isa = XCConfigurationList;
			buildConfigurations = (
				A56B2BD918C085AE001E082A /* Debug */,
				A56B2BDA18C085AE001E082A /* Release */,
			);
			defaultConfigurationIsVisible = 0;
			defaultConfigurationName = Release;
		};
		A56B2BDB18C085AE001E082A /* Build configuration list for PBXNativeTarget "Overlay-Graphics" */ = {
			isa = XCConfigurationList;
			buildConfigurations = (
				A56B2BDC18C085AE001E082A /* Debug */,
				A56B2BDD18C085AE001E082A /* Release */,
			);
			defaultConfigurationIsVisible = 0;
			defaultConfigurationName = Release;
		};
		A56B2BDE18C085AE001E082A /* Build configuration list for PBXNativeTarget "Overlay-GraphicsTests" */ = {
			isa = XCConfigurationList;
			buildConfigurations = (
				A56B2BDF18C085AE001E082A /* Debug */,
				A56B2BE018C085AE001E082A /* Release */,
			);
			defaultConfigurationIsVisible = 0;
			defaultConfigurationName = Release;
		};
/* End XCConfigurationList section */
	};
	rootObject = A56B2B9E18C085AD001E082A /* Project object */;
}
