// !$*UTF8*$!
{
	archiveVersion = 1;
	classes = {
	};
	objectVersion = 46;
	objects = {

/* Begin PBXBuildFile section */
		9D89045C83BA0E4D2E9745EF /* libPods.a in Frameworks */ = {isa = PBXBuildFile; fileRef = FAF0E6D86210263CECC6A3B9 /* libPods.a */; };
		D4426101185F81D800E23699 /* InfoPlist.strings in Resources */ = {isa = PBXBuildFile; fileRef = D44260FF185F81D800E23699 /* InfoPlist.strings */; };
		D4426103185F81D800E23699 /* main.m in Sources */ = {isa = PBXBuildFile; fileRef = D4426102185F81D800E23699 /* main.m */; };
		D4426107185F81D800E23699 /* AppDelegate.m in Sources */ = {isa = PBXBuildFile; fileRef = D4426106185F81D800E23699 /* AppDelegate.m */; };
		D442610A185F81D800E23699 /* Main_iPhone.storyboard in Resources */ = {isa = PBXBuildFile; fileRef = D4426108185F81D800E23699 /* Main_iPhone.storyboard */; };
		D442610D185F81D800E23699 /* Main_iPad.storyboard in Resources */ = {isa = PBXBuildFile; fileRef = D442610B185F81D800E23699 /* Main_iPad.storyboard */; };
		D4426110185F81D800E23699 /* ViewController.m in Sources */ = {isa = PBXBuildFile; fileRef = D442610F185F81D800E23699 /* ViewController.m */; };
		D4426112185F81D800E23699 /* Images.xcassets in Resources */ = {isa = PBXBuildFile; fileRef = D4426111185F81D800E23699 /* Images.xcassets */; };
		D442611A185F81D800E23699 /* Foundation.framework in Frameworks */ = {isa = PBXBuildFile; fileRef = D44260F6185F81D800E23699 /* Foundation.framework */; };
		D442611B185F81D800E23699 /* UIKit.framework in Frameworks */ = {isa = PBXBuildFile; fileRef = D44260FA185F81D800E23699 /* UIKit.framework */; };
		D4426123185F81D800E23699 /* InfoPlist.strings in Resources */ = {isa = PBXBuildFile; fileRef = D4426121185F81D800E23699 /* InfoPlist.strings */; };
		D4426125185F81D800E23699 /* Hello_WorldTests.m in Sources */ = {isa = PBXBuildFile; fileRef = D4426124185F81D800E23699 /* Hello_WorldTests.m */; };
		D442614C185F92C000E23699 /* README.md in Resources */ = {isa = PBXBuildFile; fileRef = D442614B185F92BF00E23699 /* README.md */; };
/* End PBXBuildFile section */

/* Begin PBXContainerItemProxy section */
		D442611C185F81D800E23699 /* PBXContainerItemProxy */ = {
			isa = PBXContainerItemProxy;
			containerPortal = D44260EB185F81D800E23699 /* Project object */;
			proxyType = 1;
			remoteGlobalIDString = D44260F2185F81D800E23699;
			remoteInfo = "Hello-World";
		};
/* End PBXContainerItemProxy section */

/* Begin PBXFileReference section */
		00BACA06E8CDB759A9349E08 /* Pods.release.xcconfig */ = {isa = PBXFileReference; includeInIndex = 1; lastKnownFileType = text.xcconfig; name = Pods.release.xcconfig; path = "Pods/Target Support Files/Pods/Pods.release.xcconfig"; sourceTree = "<group>"; };
		0C16853B1A71949A00A507E3 /* libc++.dylib */ = {isa = PBXFileReference; lastKnownFileType = "compiled.mach-o.dylib"; name = "libc++.dylib"; path = "usr/lib/libc++.dylib"; sourceTree = SDKROOT; };
		A5D01FB21A3A133C005D84F9 /* VideoToolbox.framework */ = {isa = PBXFileReference; lastKnownFileType = wrapper.framework; name = VideoToolbox.framework; path = System/Library/Frameworks/VideoToolbox.framework; sourceTree = SDKROOT; };
		A9594D9D1BA292CF1D7DFE4F /* Pods.debug.xcconfig */ = {isa = PBXFileReference; includeInIndex = 1; lastKnownFileType = text.xcconfig; name = Pods.debug.xcconfig; path = "Pods/Target Support Files/Pods/Pods.debug.xcconfig"; sourceTree = "<group>"; };
		D44260F3185F81D800E23699 /* Hello-World.app */ = {isa = PBXFileReference; explicitFileType = wrapper.application; includeInIndex = 0; path = "Hello-World.app"; sourceTree = BUILT_PRODUCTS_DIR; };
		D44260F6185F81D800E23699 /* Foundation.framework */ = {isa = PBXFileReference; lastKnownFileType = wrapper.framework; name = Foundation.framework; path = System/Library/Frameworks/Foundation.framework; sourceTree = SDKROOT; };
		D44260F8185F81D800E23699 /* CoreGraphics.framework */ = {isa = PBXFileReference; lastKnownFileType = wrapper.framework; name = CoreGraphics.framework; path = System/Library/Frameworks/CoreGraphics.framework; sourceTree = SDKROOT; };
		D44260FA185F81D800E23699 /* UIKit.framework */ = {isa = PBXFileReference; lastKnownFileType = wrapper.framework; name = UIKit.framework; path = System/Library/Frameworks/UIKit.framework; sourceTree = SDKROOT; };
		D44260FE185F81D800E23699 /* Hello-World-Info.plist */ = {isa = PBXFileReference; lastKnownFileType = text.plist.xml; path = "Hello-World-Info.plist"; sourceTree = "<group>"; };
		D4426100185F81D800E23699 /* en */ = {isa = PBXFileReference; lastKnownFileType = text.plist.strings; name = en; path = en.lproj/InfoPlist.strings; sourceTree = "<group>"; };
		D4426102185F81D800E23699 /* main.m */ = {isa = PBXFileReference; lastKnownFileType = sourcecode.c.objc; path = main.m; sourceTree = "<group>"; };
		D4426104185F81D800E23699 /* Hello-World-Prefix.pch */ = {isa = PBXFileReference; lastKnownFileType = sourcecode.c.h; path = "Hello-World-Prefix.pch"; sourceTree = "<group>"; };
		D4426105185F81D800E23699 /* AppDelegate.h */ = {isa = PBXFileReference; lastKnownFileType = sourcecode.c.h; path = AppDelegate.h; sourceTree = "<group>"; };
		D4426106185F81D800E23699 /* AppDelegate.m */ = {isa = PBXFileReference; lastKnownFileType = sourcecode.c.objc; path = AppDelegate.m; sourceTree = "<group>"; };
		D4426109185F81D800E23699 /* Base */ = {isa = PBXFileReference; lastKnownFileType = file.storyboard; name = Base; path = Base.lproj/Main_iPhone.storyboard; sourceTree = "<group>"; };
		D442610C185F81D800E23699 /* Base */ = {isa = PBXFileReference; lastKnownFileType = file.storyboard; name = Base; path = Base.lproj/Main_iPad.storyboard; sourceTree = "<group>"; };
		D442610E185F81D800E23699 /* ViewController.h */ = {isa = PBXFileReference; lastKnownFileType = sourcecode.c.h; path = ViewController.h; sourceTree = "<group>"; };
		D442610F185F81D800E23699 /* ViewController.m */ = {isa = PBXFileReference; lastKnownFileType = sourcecode.c.objc; path = ViewController.m; sourceTree = "<group>"; };
		D4426111185F81D800E23699 /* Images.xcassets */ = {isa = PBXFileReference; lastKnownFileType = folder.assetcatalog; path = Images.xcassets; sourceTree = "<group>"; };
		D4426117185F81D800E23699 /* Hello-WorldTests.xctest */ = {isa = PBXFileReference; explicitFileType = wrapper.cfbundle; includeInIndex = 0; path = "Hello-WorldTests.xctest"; sourceTree = BUILT_PRODUCTS_DIR; };
		D4426120185F81D800E23699 /* Hello-WorldTests-Info.plist */ = {isa = PBXFileReference; lastKnownFileType = text.plist.xml; path = "Hello-WorldTests-Info.plist"; sourceTree = "<group>"; };
		D4426122185F81D800E23699 /* en */ = {isa = PBXFileReference; lastKnownFileType = text.plist.strings; name = en; path = en.lproj/InfoPlist.strings; sourceTree = "<group>"; };
		D4426124185F81D800E23699 /* Hello_WorldTests.m */ = {isa = PBXFileReference; lastKnownFileType = sourcecode.c.objc; path = Hello_WorldTests.m; sourceTree = "<group>"; };
		D442612E185F82AB00E23699 /* OpenTok.framework */ = {isa = PBXFileReference; lastKnownFileType = wrapper.framework; path = OpenTok.framework; sourceTree = "<group>"; };
		D4426132185F876500E23699 /* libsqlite3.dylib */ = {isa = PBXFileReference; lastKnownFileType = "compiled.mach-o.dylib"; name = libsqlite3.dylib; path = usr/lib/libsqlite3.dylib; sourceTree = SDKROOT; };
		D4426138185F877600E23699 /* QuartzCore.framework */ = {isa = PBXFileReference; lastKnownFileType = wrapper.framework; name = QuartzCore.framework; path = System/Library/Frameworks/QuartzCore.framework; sourceTree = SDKROOT; };
		D442613A185F877B00E23699 /* AVFoundation.framework */ = {isa = PBXFileReference; lastKnownFileType = wrapper.framework; name = AVFoundation.framework; path = System/Library/Frameworks/AVFoundation.framework; sourceTree = SDKROOT; };
		D442613C185F878000E23699 /* AudioToolbox.framework */ = {isa = PBXFileReference; lastKnownFileType = wrapper.framework; name = AudioToolbox.framework; path = System/Library/Frameworks/AudioToolbox.framework; sourceTree = SDKROOT; };
		D442613E185F8EE000E23699 /* CoreMedia.framework */ = {isa = PBXFileReference; lastKnownFileType = wrapper.framework; name = CoreMedia.framework; path = System/Library/Frameworks/CoreMedia.framework; sourceTree = SDKROOT; };
		D4426140185F8EE700E23699 /* CoreVideo.framework */ = {isa = PBXFileReference; lastKnownFileType = wrapper.framework; name = CoreVideo.framework; path = System/Library/Frameworks/CoreVideo.framework; sourceTree = SDKROOT; };
		D4426142185F8EEB00E23699 /* OpenGLES.framework */ = {isa = PBXFileReference; lastKnownFileType = wrapper.framework; name = OpenGLES.framework; path = System/Library/Frameworks/OpenGLES.framework; sourceTree = SDKROOT; };
		D4426146185F8F3F00E23699 /* CoreTelephony.framework */ = {isa = PBXFileReference; lastKnownFileType = wrapper.framework; name = CoreTelephony.framework; path = System/Library/Frameworks/CoreTelephony.framework; sourceTree = SDKROOT; };
		D4426148185F8F5000E23699 /* SystemConfiguration.framework */ = {isa = PBXFileReference; lastKnownFileType = wrapper.framework; name = SystemConfiguration.framework; path = System/Library/Frameworks/SystemConfiguration.framework; sourceTree = SDKROOT; };
		D442614B185F92BF00E23699 /* README.md */ = {isa = PBXFileReference; fileEncoding = 4; lastKnownFileType = text; path = README.md; sourceTree = "<group>"; };
		D492D19019547E4C00F4F534 /* GLKit.framework */ = {isa = PBXFileReference; lastKnownFileType = wrapper.framework; name = GLKit.framework; path = System/Library/Frameworks/GLKit.framework; sourceTree = SDKROOT; };
		FAF0E6D86210263CECC6A3B9 /* libPods.a */ = {isa = PBXFileReference; explicitFileType = archive.ar; includeInIndex = 0; path = libPods.a; sourceTree = BUILT_PRODUCTS_DIR; };
/* End PBXFileReference section */

/* Begin PBXFrameworksBuildPhase section */
		D44260F0185F81D800E23699 /* Frameworks */ = {
			isa = PBXFrameworksBuildPhase;
			buildActionMask = 2147483647;
			files = (
				9D89045C83BA0E4D2E9745EF /* libPods.a in Frameworks */,
			);
			runOnlyForDeploymentPostprocessing = 0;
		};
		D4426114185F81D800E23699 /* Frameworks */ = {
			isa = PBXFrameworksBuildPhase;
			buildActionMask = 2147483647;
			files = (
				D442611B185F81D800E23699 /* UIKit.framework in Frameworks */,
				D442611A185F81D800E23699 /* Foundation.framework in Frameworks */,
			);
			runOnlyForDeploymentPostprocessing = 0;
		};
/* End PBXFrameworksBuildPhase section */

/* Begin PBXGroup section */
		410C4A602988CA38003C08BB /* Pods */ = {
			isa = PBXGroup;
			children = (
				A9594D9D1BA292CF1D7DFE4F /* Pods.debug.xcconfig */,
				00BACA06E8CDB759A9349E08 /* Pods.release.xcconfig */,
			);
			name = Pods;
			sourceTree = "<group>";
		};
		D44260EA185F81D800E23699 = {
			isa = PBXGroup;
			children = (
				D442614B185F92BF00E23699 /* README.md */,
				D44260FC185F81D800E23699 /* Hello-World */,
				D442611E185F81D800E23699 /* Hello-WorldTests */,
				D44260F5185F81D800E23699 /* Frameworks */,
				D44260F4185F81D800E23699 /* Products */,
				410C4A602988CA38003C08BB /* Pods */,
			);
			sourceTree = "<group>";
		};
		D44260F4185F81D800E23699 /* Products */ = {
			isa = PBXGroup;
			children = (
				D44260F3185F81D800E23699 /* Hello-World.app */,
				D4426117185F81D800E23699 /* Hello-WorldTests.xctest */,
			);
			name = Products;
			sourceTree = "<group>";
		};
		D44260F5185F81D800E23699 /* Frameworks */ = {
			isa = PBXGroup;
			children = (
				0C16853B1A71949A00A507E3 /* libc++.dylib */,
				A5D01FB21A3A133C005D84F9 /* VideoToolbox.framework */,
				D442612E185F82AB00E23699 /* OpenTok.framework */,
				D4426132185F876500E23699 /* libsqlite3.dylib */,
				D492D19019547E4C00F4F534 /* GLKit.framework */,
				D4426148185F8F5000E23699 /* SystemConfiguration.framework */,
				D4426146185F8F3F00E23699 /* CoreTelephony.framework */,
				D4426142185F8EEB00E23699 /* OpenGLES.framework */,
				D4426140185F8EE700E23699 /* CoreVideo.framework */,
				D442613E185F8EE000E23699 /* CoreMedia.framework */,
				D442613C185F878000E23699 /* AudioToolbox.framework */,
				D442613A185F877B00E23699 /* AVFoundation.framework */,
				D4426138185F877600E23699 /* QuartzCore.framework */,
				D44260F6185F81D800E23699 /* Foundation.framework */,
				D44260F8185F81D800E23699 /* CoreGraphics.framework */,
				D44260FA185F81D800E23699 /* UIKit.framework */,
				FAF0E6D86210263CECC6A3B9 /* libPods.a */,
			);
			name = Frameworks;
			sourceTree = "<group>";
		};
		D44260FC185F81D800E23699 /* Hello-World */ = {
			isa = PBXGroup;
			children = (
				D4426105185F81D800E23699 /* AppDelegate.h */,
				D4426106185F81D800E23699 /* AppDelegate.m */,
				D4426108185F81D800E23699 /* Main_iPhone.storyboard */,
				D442610B185F81D800E23699 /* Main_iPad.storyboard */,
				D442610E185F81D800E23699 /* ViewController.h */,
				D442610F185F81D800E23699 /* ViewController.m */,
				D4426111185F81D800E23699 /* Images.xcassets */,
				D44260FD185F81D800E23699 /* Supporting Files */,
			);
			path = "Hello-World";
			sourceTree = "<group>";
		};
		D44260FD185F81D800E23699 /* Supporting Files */ = {
			isa = PBXGroup;
			children = (
				D44260FE185F81D800E23699 /* Hello-World-Info.plist */,
				D44260FF185F81D800E23699 /* InfoPlist.strings */,
				D4426102185F81D800E23699 /* main.m */,
				D4426104185F81D800E23699 /* Hello-World-Prefix.pch */,
			);
			name = "Supporting Files";
			sourceTree = "<group>";
		};
		D442611E185F81D800E23699 /* Hello-WorldTests */ = {
			isa = PBXGroup;
			children = (
				D4426124185F81D800E23699 /* Hello_WorldTests.m */,
				D442611F185F81D800E23699 /* Supporting Files */,
			);
			path = "Hello-WorldTests";
			sourceTree = "<group>";
		};
		D442611F185F81D800E23699 /* Supporting Files */ = {
			isa = PBXGroup;
			children = (
				D4426120185F81D800E23699 /* Hello-WorldTests-Info.plist */,
				D4426121185F81D800E23699 /* InfoPlist.strings */,
			);
			name = "Supporting Files";
			sourceTree = "<group>";
		};
/* End PBXGroup section */

/* Begin PBXNativeTarget section */
		D44260F2185F81D800E23699 /* Hello-World */ = {
			isa = PBXNativeTarget;
			buildConfigurationList = D4426128185F81D800E23699 /* Build configuration list for PBXNativeTarget "Hello-World" */;
			buildPhases = (
				EFC642817FFA643DBA2BE3B9 /* Check Pods Manifest.lock */,
				D44260EF185F81D800E23699 /* Sources */,
				D44260F0185F81D800E23699 /* Frameworks */,
				D44260F1185F81D800E23699 /* Resources */,
				6BCB70CF839CC031482FB46A /* Copy Pods Resources */,
			);
			buildRules = (
			);
			dependencies = (
			);
			name = "Hello-World";
			productName = "Hello-World";
			productReference = D44260F3185F81D800E23699 /* Hello-World.app */;
			productType = "com.apple.product-type.application";
		};
		D4426116185F81D800E23699 /* Hello-WorldTests */ = {
			isa = PBXNativeTarget;
			buildConfigurationList = D442612B185F81D800E23699 /* Build configuration list for PBXNativeTarget "Hello-WorldTests" */;
			buildPhases = (
				D4426113185F81D800E23699 /* Sources */,
				D4426114185F81D800E23699 /* Frameworks */,
				D4426115185F81D800E23699 /* Resources */,
			);
			buildRules = (
			);
			dependencies = (
				D442611D185F81D800E23699 /* PBXTargetDependency */,
			);
			name = "Hello-WorldTests";
			productName = "Hello-WorldTests";
			productReference = D4426117185F81D800E23699 /* Hello-WorldTests.xctest */;
			productType = "com.apple.product-type.bundle.unit-test";
		};
/* End PBXNativeTarget section */

/* Begin PBXProject section */
		D44260EB185F81D800E23699 /* Project object */ = {
			isa = PBXProject;
			attributes = {
				LastUpgradeCheck = 0610;
				ORGANIZATIONNAME = "TokBox, Inc.";
				TargetAttributes = {
					D4426116185F81D800E23699 = {
						TestTargetID = D44260F2185F81D800E23699;
					};
				};
			};
			buildConfigurationList = D44260EE185F81D800E23699 /* Build configuration list for PBXProject "Hello-World" */;
			compatibilityVersion = "Xcode 3.2";
			developmentRegion = English;
			hasScannedForEncodings = 0;
			knownRegions = (
				en,
				Base,
			);
			mainGroup = D44260EA185F81D800E23699;
			productRefGroup = D44260F4185F81D800E23699 /* Products */;
			projectDirPath = "";
			projectRoot = "";
			targets = (
				D44260F2185F81D800E23699 /* Hello-World */,
				D4426116185F81D800E23699 /* Hello-WorldTests */,
			);
		};
/* End PBXProject section */

/* Begin PBXResourcesBuildPhase section */
		D44260F1185F81D800E23699 /* Resources */ = {
			isa = PBXResourcesBuildPhase;
			buildActionMask = 2147483647;
			files = (
				D442610D185F81D800E23699 /* Main_iPad.storyboard in Resources */,
				D4426112185F81D800E23699 /* Images.xcassets in Resources */,
				D442614C185F92C000E23699 /* README.md in Resources */,
				D442610A185F81D800E23699 /* Main_iPhone.storyboard in Resources */,
				D4426101185F81D800E23699 /* InfoPlist.strings in Resources */,
			);
			runOnlyForDeploymentPostprocessing = 0;
		};
		D4426115185F81D800E23699 /* Resources */ = {
			isa = PBXResourcesBuildPhase;
			buildActionMask = 2147483647;
			files = (
				D4426123185F81D800E23699 /* InfoPlist.strings in Resources */,
			);
			runOnlyForDeploymentPostprocessing = 0;
		};
/* End PBXResourcesBuildPhase section */

/* Begin PBXShellScriptBuildPhase section */
		6BCB70CF839CC031482FB46A /* Copy Pods Resources */ = {
			isa = PBXShellScriptBuildPhase;
			buildActionMask = 2147483647;
			files = (
			);
			inputPaths = (
			);
			name = "Copy Pods Resources";
			outputPaths = (
			);
			runOnlyForDeploymentPostprocessing = 0;
			shellPath = /bin/sh;
			shellScript = "\"${SRCROOT}/Pods/Target Support Files/Pods/Pods-resources.sh\"\n";
			showEnvVarsInLog = 0;
		};
		EFC642817FFA643DBA2BE3B9 /* Check Pods Manifest.lock */ = {
			isa = PBXShellScriptBuildPhase;
			buildActionMask = 2147483647;
			files = (
			);
			inputPaths = (
			);
			name = "Check Pods Manifest.lock";
			outputPaths = (
			);
			runOnlyForDeploymentPostprocessing = 0;
			shellPath = /bin/sh;
			shellScript = "diff \"${PODS_ROOT}/../Podfile.lock\" \"${PODS_ROOT}/Manifest.lock\" > /dev/null\nif [[ $? != 0 ]] ; then\n    cat << EOM\nerror: The sandbox is not in sync with the Podfile.lock. Run 'pod install' or update your CocoaPods installation.\nEOM\n    exit 1\nfi\n";
			showEnvVarsInLog = 0;
		};
/* End PBXShellScriptBuildPhase section */

/* Begin PBXSourcesBuildPhase section */
		D44260EF185F81D800E23699 /* Sources */ = {
			isa = PBXSourcesBuildPhase;
			buildActionMask = 2147483647;
			files = (
				D4426110185F81D800E23699 /* ViewController.m in Sources */,
				D4426107185F81D800E23699 /* AppDelegate.m in Sources */,
				D4426103185F81D800E23699 /* main.m in Sources */,
			);
			runOnlyForDeploymentPostprocessing = 0;
		};
		D4426113185F81D800E23699 /* Sources */ = {
			isa = PBXSourcesBuildPhase;
			buildActionMask = 2147483647;
			files = (
				D4426125185F81D800E23699 /* Hello_WorldTests.m in Sources */,
			);
			runOnlyForDeploymentPostprocessing = 0;
		};
/* End PBXSourcesBuildPhase section */

/* Begin PBXTargetDependency section */
		D442611D185F81D800E23699 /* PBXTargetDependency */ = {
			isa = PBXTargetDependency;
			target = D44260F2185F81D800E23699 /* Hello-World */;
			targetProxy = D442611C185F81D800E23699 /* PBXContainerItemProxy */;
		};
/* End PBXTargetDependency section */

/* Begin PBXVariantGroup section */
		D44260FF185F81D800E23699 /* InfoPlist.strings */ = {
			isa = PBXVariantGroup;
			children = (
				D4426100185F81D800E23699 /* en */,
			);
			name = InfoPlist.strings;
			sourceTree = "<group>";
		};
		D4426108185F81D800E23699 /* Main_iPhone.storyboard */ = {
			isa = PBXVariantGroup;
			children = (
				D4426109185F81D800E23699 /* Base */,
			);
			name = Main_iPhone.storyboard;
			sourceTree = "<group>";
		};
		D442610B185F81D800E23699 /* Main_iPad.storyboard */ = {
			isa = PBXVariantGroup;
			children = (
				D442610C185F81D800E23699 /* Base */,
			);
			name = Main_iPad.storyboard;
			sourceTree = "<group>";
		};
		D4426121185F81D800E23699 /* InfoPlist.strings */ = {
			isa = PBXVariantGroup;
			children = (
				D4426122185F81D800E23699 /* en */,
			);
			name = InfoPlist.strings;
			sourceTree = "<group>";
		};
/* End PBXVariantGroup section */

/* Begin XCBuildConfiguration section */
		D4426126185F81D800E23699 /* Debug */ = {
			isa = XCBuildConfiguration;
			buildSettings = {
				ALWAYS_SEARCH_USER_PATHS = NO;
				CLANG_ENABLE_MODULES = YES;
				CLANG_ENABLE_OBJC_ARC = YES;
				CLANG_WARN_BOOL_CONVERSION = YES;
				CLANG_WARN_CONSTANT_CONVERSION = YES;
				CLANG_WARN_DIRECT_OBJC_ISA_USAGE = YES_ERROR;
				CLANG_WARN_EMPTY_BODY = YES;
				CLANG_WARN_ENUM_CONVERSION = YES;
				CLANG_WARN_INT_CONVERSION = YES;
				CLANG_WARN_OBJC_ROOT_CLASS = YES_ERROR;
				CLANG_WARN__DUPLICATE_METHOD_MATCH = YES;
				"CODE_SIGN_IDENTITY[sdk=iphoneos*]" = "iPhone Developer";
				COPY_PHASE_STRIP = NO;
				GCC_C_LANGUAGE_STANDARD = gnu99;
				GCC_DYNAMIC_NO_PIC = NO;
				GCC_OPTIMIZATION_LEVEL = 0;
				GCC_PREPROCESSOR_DEFINITIONS = (
					"DEBUG=1",
					"$(inherited)",
				);
				GCC_SYMBOLS_PRIVATE_EXTERN = NO;
				GCC_WARN_64_TO_32_BIT_CONVERSION = YES;
				GCC_WARN_ABOUT_RETURN_TYPE = YES_ERROR;
				GCC_WARN_UNDECLARED_SELECTOR = YES;
				GCC_WARN_UNINITIALIZED_AUTOS = YES;
				GCC_WARN_UNUSED_FUNCTION = YES;
				GCC_WARN_UNUSED_VARIABLE = YES;
				ONLY_ACTIVE_ARCH = YES;
				SDKROOT = iphoneos;
				TARGETED_DEVICE_FAMILY = "1,2";
			};
			name = Debug;
		};
		D4426127185F81D800E23699 /* Release */ = {
			isa = XCBuildConfiguration;
			buildSettings = {
				ALWAYS_SEARCH_USER_PATHS = NO;
				CLANG_ENABLE_MODULES = YES;
				CLANG_ENABLE_OBJC_ARC = YES;
				CLANG_WARN_BOOL_CONVERSION = YES;
				CLANG_WARN_CONSTANT_CONVERSION = YES;
				CLANG_WARN_DIRECT_OBJC_ISA_USAGE = YES_ERROR;
				CLANG_WARN_EMPTY_BODY = YES;
				CLANG_WARN_ENUM_CONVERSION = YES;
				CLANG_WARN_INT_CONVERSION = YES;
				CLANG_WARN_OBJC_ROOT_CLASS = YES_ERROR;
				CLANG_WARN__DUPLICATE_METHOD_MATCH = YES;
				"CODE_SIGN_IDENTITY[sdk=iphoneos*]" = "iPhone Developer";
				COPY_PHASE_STRIP = YES;
				ENABLE_NS_ASSERTIONS = NO;
				GCC_C_LANGUAGE_STANDARD = gnu99;
				GCC_WARN_64_TO_32_BIT_CONVERSION = YES;
				GCC_WARN_ABOUT_RETURN_TYPE = YES_ERROR;
				GCC_WARN_UNDECLARED_SELECTOR = YES;
				GCC_WARN_UNINITIALIZED_AUTOS = YES;
				GCC_WARN_UNUSED_FUNCTION = YES;
				GCC_WARN_UNUSED_VARIABLE = YES;
				SDKROOT = iphoneos;
				TARGETED_DEVICE_FAMILY = "1,2";
				VALIDATE_PRODUCT = YES;
			};
			name = Release;
		};
		D4426129185F81D800E23699 /* Debug */ = {
			isa = XCBuildConfiguration;
			baseConfigurationReference = A9594D9D1BA292CF1D7DFE4F /* Pods.debug.xcconfig */;
			buildSettings = {
				ASSETCATALOG_COMPILER_APPICON_NAME = AppIcon;
				ASSETCATALOG_COMPILER_LAUNCHIMAGE_NAME = LaunchImage;
				FRAMEWORK_SEARCH_PATHS = (
					"$(inherited)",
					"${SRCROOT}",
				);
				GCC_PRECOMPILE_PREFIX_HEADER = YES;
				GCC_PREFIX_HEADER = "Hello-World/Hello-World-Prefix.pch";
				INFOPLIST_FILE = "Hello-World/Hello-World-Info.plist";
				PRODUCT_NAME = "$(TARGET_NAME)";
				WRAPPER_EXTENSION = app;
			};
			name = Debug;
		};
		D442612A185F81D800E23699 /* Release */ = {
			isa = XCBuildConfiguration;
			baseConfigurationReference = 00BACA06E8CDB759A9349E08 /* Pods.release.xcconfig */;
			buildSettings = {
				ASSETCATALOG_COMPILER_APPICON_NAME = AppIcon;
				ASSETCATALOG_COMPILER_LAUNCHIMAGE_NAME = LaunchImage;
				FRAMEWORK_SEARCH_PATHS = (
					"$(inherited)",
					"${SRCROOT}",
				);
				GCC_PRECOMPILE_PREFIX_HEADER = YES;
				GCC_PREFIX_HEADER = "Hello-World/Hello-World-Prefix.pch";
				INFOPLIST_FILE = "Hello-World/Hello-World-Info.plist";
				PRODUCT_NAME = "$(TARGET_NAME)";
				WRAPPER_EXTENSION = app;
			};
			name = Release;
		};
		D442612C185F81D800E23699 /* Debug */ = {
			isa = XCBuildConfiguration;
			buildSettings = {
				BUNDLE_LOADER = "$(BUILT_PRODUCTS_DIR)/Hello-World.app/Hello-World";
				FRAMEWORK_SEARCH_PATHS = (
					"$(SDKROOT)/Developer/Library/Frameworks",
					"$(inherited)",
					"$(DEVELOPER_FRAMEWORKS_DIR)",
				);
				GCC_PRECOMPILE_PREFIX_HEADER = YES;
				GCC_PREFIX_HEADER = "Hello-World/Hello-World-Prefix.pch";
				GCC_PREPROCESSOR_DEFINITIONS = (
					"DEBUG=1",
					"$(inherited)",
				);
				INFOPLIST_FILE = "Hello-WorldTests/Hello-WorldTests-Info.plist";
				PRODUCT_NAME = "$(TARGET_NAME)";
				TEST_HOST = "$(BUNDLE_LOADER)";
				WRAPPER_EXTENSION = xctest;
			};
			name = Debug;
		};
		D442612D185F81D800E23699 /* Release */ = {
			isa = XCBuildConfiguration;
			buildSettings = {
				BUNDLE_LOADER = "$(BUILT_PRODUCTS_DIR)/Hello-World.app/Hello-World";
				FRAMEWORK_SEARCH_PATHS = (
					"$(SDKROOT)/Developer/Library/Frameworks",
					"$(inherited)",
					"$(DEVELOPER_FRAMEWORKS_DIR)",
				);
				GCC_PRECOMPILE_PREFIX_HEADER = YES;
				GCC_PREFIX_HEADER = "Hello-World/Hello-World-Prefix.pch";
				INFOPLIST_FILE = "Hello-WorldTests/Hello-WorldTests-Info.plist";
				PRODUCT_NAME = "$(TARGET_NAME)";
				TEST_HOST = "$(BUNDLE_LOADER)";
				WRAPPER_EXTENSION = xctest;
			};
			name = Release;
		};
/* End XCBuildConfiguration section */

/* Begin XCConfigurationList section */
		D44260EE185F81D800E23699 /* Build configuration list for PBXProject "Hello-World" */ = {
			isa = XCConfigurationList;
			buildConfigurations = (
				D4426126185F81D800E23699 /* Debug */,
				D4426127185F81D800E23699 /* Release */,
			);
			defaultConfigurationIsVisible = 0;
			defaultConfigurationName = Release;
		};
		D4426128185F81D800E23699 /* Build configuration list for PBXNativeTarget "Hello-World" */ = {
			isa = XCConfigurationList;
			buildConfigurations = (
				D4426129185F81D800E23699 /* Debug */,
				D442612A185F81D800E23699 /* Release */,
			);
			defaultConfigurationIsVisible = 0;
			defaultConfigurationName = Release;
		};
		D442612B185F81D800E23699 /* Build configuration list for PBXNativeTarget "Hello-WorldTests" */ = {
			isa = XCConfigurationList;
			buildConfigurations = (
				D442612C185F81D800E23699 /* Debug */,
				D442612D185F81D800E23699 /* Release */,
			);
			defaultConfigurationIsVisible = 0;
			defaultConfigurationName = Release;
		};
/* End XCConfigurationList section */
	};
	rootObject = D44260EB185F81D800E23699 /* Project object */;
}
