// !$*UTF8*$!
{
	archiveVersion = 1;
	classes = {
	};
	objectVersion = 46;
	objects = {

/* Begin PBXBuildFile section */
		D4426168185FA27400E23699 /* InfoPlist.strings in Resources */ = {isa = PBXBuildFile; fileRef = D4426166185FA27400E23699 /* InfoPlist.strings */; };
		D442616A185FA27400E23699 /* main.m in Sources */ = {isa = PBXBuildFile; fileRef = D4426169185FA27400E23699 /* main.m */; };
		D442616E185FA27400E23699 /* AppDelegate.m in Sources */ = {isa = PBXBuildFile; fileRef = D442616D185FA27400E23699 /* AppDelegate.m */; };
		D4426171185FA27400E23699 /* Main_iPhone.storyboard in Resources */ = {isa = PBXBuildFile; fileRef = D442616F185FA27400E23699 /* Main_iPhone.storyboard */; };
		D4426174185FA27400E23699 /* Main_iPad.storyboard in Resources */ = {isa = PBXBuildFile; fileRef = D4426172185FA27400E23699 /* Main_iPad.storyboard */; };
		D4426177185FA27400E23699 /* ViewController.m in Sources */ = {isa = PBXBuildFile; fileRef = D4426176185FA27400E23699 /* ViewController.m */; };
		D4426179185FA27400E23699 /* Images.xcassets in Resources */ = {isa = PBXBuildFile; fileRef = D4426178185FA27400E23699 /* Images.xcassets */; };
		D44261B2185FA39200E23699 /* README.md in Resources */ = {isa = PBXBuildFile; fileRef = D44261B1185FA39200E23699 /* README.md */; };
		D44261BA185FA64100E23699 /* TBExampleVideoRender.m in Sources */ = {isa = PBXBuildFile; fileRef = D44261B7185FA64100E23699 /* TBExampleVideoRender.m */; settings = {COMPILER_FLAGS = "-fno-objc-arc"; }; };
		D44261D5185FADAB00E23699 /* TBExampleVideoCapture.m in Sources */ = {isa = PBXBuildFile; fileRef = D44261D4185FADAB00E23699 /* TBExampleVideoCapture.m */; settings = {COMPILER_FLAGS = "-fno-objc-arc"; }; };
/* End PBXBuildFile section */

/* Begin PBXFileReference section */
		0C1685371A71932900A507E3 /* libc++.dylib */ = {isa = PBXFileReference; lastKnownFileType = "compiled.mach-o.dylib"; name = "libc++.dylib"; path = "usr/lib/libc++.dylib"; sourceTree = SDKROOT; };
		A0C851961ED8F49000BBCF9A /* Custom-Video-Driver-Info.plist */ = {isa = PBXFileReference; fileEncoding = 4; lastKnownFileType = text.plist.xml; path = "Custom-Video-Driver-Info.plist"; sourceTree = "<group>"; };
		A5D01FA71A3A124C005D84F9 /* VideoToolbox.framework */ = {isa = PBXFileReference; lastKnownFileType = wrapper.framework; name = VideoToolbox.framework; path = System/Library/Frameworks/VideoToolbox.framework; sourceTree = SDKROOT; };
		D442615A185FA27400E23699 /* Custom-Video-Driver.app */ = {isa = PBXFileReference; explicitFileType = wrapper.application; includeInIndex = 0; path = "Custom-Video-Driver.app"; sourceTree = BUILT_PRODUCTS_DIR; };
		D442615D185FA27400E23699 /* Foundation.framework */ = {isa = PBXFileReference; lastKnownFileType = wrapper.framework; name = Foundation.framework; path = System/Library/Frameworks/Foundation.framework; sourceTree = SDKROOT; };
		D442615F185FA27400E23699 /* CoreGraphics.framework */ = {isa = PBXFileReference; lastKnownFileType = wrapper.framework; name = CoreGraphics.framework; path = System/Library/Frameworks/CoreGraphics.framework; sourceTree = SDKROOT; };
		D4426161185FA27400E23699 /* UIKit.framework */ = {isa = PBXFileReference; lastKnownFileType = wrapper.framework; name = UIKit.framework; path = System/Library/Frameworks/UIKit.framework; sourceTree = SDKROOT; };
		D4426167185FA27400E23699 /* en */ = {isa = PBXFileReference; lastKnownFileType = text.plist.strings; name = en; path = en.lproj/InfoPlist.strings; sourceTree = "<group>"; };
		D4426169185FA27400E23699 /* main.m */ = {isa = PBXFileReference; lastKnownFileType = sourcecode.c.objc; path = main.m; sourceTree = "<group>"; };
		D442616B185FA27400E23699 /* Custom-Video-Driver-Prefix.pch */ = {isa = PBXFileReference; lastKnownFileType = sourcecode.c.h; path = "Custom-Video-Driver-Prefix.pch"; sourceTree = "<group>"; };
		D442616C185FA27400E23699 /* AppDelegate.h */ = {isa = PBXFileReference; lastKnownFileType = sourcecode.c.h; path = AppDelegate.h; sourceTree = "<group>"; };
		D442616D185FA27400E23699 /* AppDelegate.m */ = {isa = PBXFileReference; lastKnownFileType = sourcecode.c.objc; path = AppDelegate.m; sourceTree = "<group>"; };
		D4426170185FA27400E23699 /* Base */ = {isa = PBXFileReference; lastKnownFileType = file.storyboard; name = Base; path = Base.lproj/Main_iPhone.storyboard; sourceTree = "<group>"; };
		D4426173185FA27400E23699 /* Base */ = {isa = PBXFileReference; lastKnownFileType = file.storyboard; name = Base; path = Base.lproj/Main_iPad.storyboard; sourceTree = "<group>"; };
		D4426175185FA27400E23699 /* ViewController.h */ = {isa = PBXFileReference; lastKnownFileType = sourcecode.c.h; path = ViewController.h; sourceTree = "<group>"; };
		D4426176185FA27400E23699 /* ViewController.m */ = {isa = PBXFileReference; lastKnownFileType = sourcecode.c.objc; path = ViewController.m; sourceTree = "<group>"; };
		D4426178185FA27400E23699 /* Images.xcassets */ = {isa = PBXFileReference; lastKnownFileType = folder.assetcatalog; path = Images.xcassets; sourceTree = "<group>"; };
		D4426195185FA35F00E23699 /* OpenTok.framework */ = {isa = PBXFileReference; lastKnownFileType = wrapper.framework; path = OpenTok.framework; sourceTree = "<group>"; };
		D442619A185FA37600E23699 /* libsqlite3.dylib */ = {isa = PBXFileReference; lastKnownFileType = "compiled.mach-o.dylib"; name = libsqlite3.dylib; path = usr/lib/libsqlite3.dylib; sourceTree = SDKROOT; };
		D442619C185FA37600E23699 /* SystemConfiguration.framework */ = {isa = PBXFileReference; lastKnownFileType = wrapper.framework; name = SystemConfiguration.framework; path = System/Library/Frameworks/SystemConfiguration.framework; sourceTree = SDKROOT; };
		D442619D185FA37600E23699 /* CoreTelephony.framework */ = {isa = PBXFileReference; lastKnownFileType = wrapper.framework; name = CoreTelephony.framework; path = System/Library/Frameworks/CoreTelephony.framework; sourceTree = SDKROOT; };
		D442619E185FA37600E23699 /* OpenGLES.framework */ = {isa = PBXFileReference; lastKnownFileType = wrapper.framework; name = OpenGLES.framework; path = System/Library/Frameworks/OpenGLES.framework; sourceTree = SDKROOT; };
		D442619F185FA37600E23699 /* CoreVideo.framework */ = {isa = PBXFileReference; lastKnownFileType = wrapper.framework; name = CoreVideo.framework; path = System/Library/Frameworks/CoreVideo.framework; sourceTree = SDKROOT; };
		D44261A0185FA37600E23699 /* CoreMedia.framework */ = {isa = PBXFileReference; lastKnownFileType = wrapper.framework; name = CoreMedia.framework; path = System/Library/Frameworks/CoreMedia.framework; sourceTree = SDKROOT; };
		D44261A1185FA37600E23699 /* AudioToolbox.framework */ = {isa = PBXFileReference; lastKnownFileType = wrapper.framework; name = AudioToolbox.framework; path = System/Library/Frameworks/AudioToolbox.framework; sourceTree = SDKROOT; };
		D44261A2185FA37600E23699 /* AVFoundation.framework */ = {isa = PBXFileReference; lastKnownFileType = wrapper.framework; name = AVFoundation.framework; path = System/Library/Frameworks/AVFoundation.framework; sourceTree = SDKROOT; };
		D44261A3185FA37600E23699 /* QuartzCore.framework */ = {isa = PBXFileReference; lastKnownFileType = wrapper.framework; name = QuartzCore.framework; path = System/Library/Frameworks/QuartzCore.framework; sourceTree = SDKROOT; };
		D44261B1185FA39200E23699 /* README.md */ = {isa = PBXFileReference; fileEncoding = 4; lastKnownFileType = text; path = README.md; sourceTree = "<group>"; };
		D44261B6185FA64100E23699 /* TBExampleVideoRender.h */ = {isa = PBXFileReference; fileEncoding = 4; lastKnownFileType = sourcecode.c.h; path = TBExampleVideoRender.h; sourceTree = "<group>"; };
		D44261B7185FA64100E23699 /* TBExampleVideoRender.m */ = {isa = PBXFileReference; fileEncoding = 4; lastKnownFileType = sourcecode.c.objc; path = TBExampleVideoRender.m; sourceTree = "<group>"; };
		D44261D3185FADAB00E23699 /* TBExampleVideoCapture.h */ = {isa = PBXFileReference; fileEncoding = 4; lastKnownFileType = sourcecode.c.h; path = TBExampleVideoCapture.h; sourceTree = "<group>"; };
		D44261D4185FADAB00E23699 /* TBExampleVideoCapture.m */ = {isa = PBXFileReference; fileEncoding = 4; lastKnownFileType = sourcecode.c.objc; path = TBExampleVideoCapture.m; sourceTree = "<group>"; };
		D4F8FD9E194125E300364672 /* GLKit.framework */ = {isa = PBXFileReference; lastKnownFileType = wrapper.framework; name = GLKit.framework; path = System/Library/Frameworks/GLKit.framework; sourceTree = SDKROOT; };
/* End PBXFileReference section */

/* Begin PBXFrameworksBuildPhase section */
		D4426157185FA27400E23699 /* Frameworks */ = {
			isa = PBXFrameworksBuildPhase;
			buildActionMask = 2147483647;
			files = (
			);
			runOnlyForDeploymentPostprocessing = 0;
		};
/* End PBXFrameworksBuildPhase section */

/* Begin PBXGroup section */
		D4426151185FA27400E23699 = {
			isa = PBXGroup;
			children = (
				D44261B1185FA39200E23699 /* README.md */,
				D4426163185FA27400E23699 /* Lets-Build-OTPublisher */,
				D442615C185FA27400E23699 /* Frameworks */,
				D442615B185FA27400E23699 /* Products */,
			);
			sourceTree = "<group>";
		};
		D442615B185FA27400E23699 /* Products */ = {
			isa = PBXGroup;
			children = (
				D442615A185FA27400E23699 /* Custom-Video-Driver.app */,
			);
			name = Products;
			sourceTree = "<group>";
		};
		D442615C185FA27400E23699 /* Frameworks */ = {
			isa = PBXGroup;
			children = (
				0C1685371A71932900A507E3 /* libc++.dylib */,
				A5D01FA71A3A124C005D84F9 /* VideoToolbox.framework */,
				D442619A185FA37600E23699 /* libsqlite3.dylib */,
				D4F8FD9E194125E300364672 /* GLKit.framework */,
				D442619C185FA37600E23699 /* SystemConfiguration.framework */,
				D442619D185FA37600E23699 /* CoreTelephony.framework */,
				D442619E185FA37600E23699 /* OpenGLES.framework */,
				D442619F185FA37600E23699 /* CoreVideo.framework */,
				D44261A0185FA37600E23699 /* CoreMedia.framework */,
				D44261A1185FA37600E23699 /* AudioToolbox.framework */,
				D44261A2185FA37600E23699 /* AVFoundation.framework */,
				D44261A3185FA37600E23699 /* QuartzCore.framework */,
				D4426195185FA35F00E23699 /* OpenTok.framework */,
				D442615D185FA27400E23699 /* Foundation.framework */,
				D442615F185FA27400E23699 /* CoreGraphics.framework */,
				D4426161185FA27400E23699 /* UIKit.framework */,
			);
			name = Frameworks;
			sourceTree = "<group>";
		};
		D4426163185FA27400E23699 /* Lets-Build-OTPublisher */ = {
			isa = PBXGroup;
			children = (
				D44261D3185FADAB00E23699 /* TBExampleVideoCapture.h */,
				D44261D4185FADAB00E23699 /* TBExampleVideoCapture.m */,
				D44261B6185FA64100E23699 /* TBExampleVideoRender.h */,
				D44261B7185FA64100E23699 /* TBExampleVideoRender.m */,
				D442616C185FA27400E23699 /* AppDelegate.h */,
				D442616D185FA27400E23699 /* AppDelegate.m */,
				D442616F185FA27400E23699 /* Main_iPhone.storyboard */,
				D4426172185FA27400E23699 /* Main_iPad.storyboard */,
				D4426175185FA27400E23699 /* ViewController.h */,
				D4426176185FA27400E23699 /* ViewController.m */,
				D4426178185FA27400E23699 /* Images.xcassets */,
				D4426164185FA27400E23699 /* Supporting Files */,
			);
			path = "Lets-Build-OTPublisher";
			sourceTree = "<group>";
		};
		D4426164185FA27400E23699 /* Supporting Files */ = {
			isa = PBXGroup;
			children = (
				A0C851961ED8F49000BBCF9A /* Custom-Video-Driver-Info.plist */,
				D4426166185FA27400E23699 /* InfoPlist.strings */,
				D4426169185FA27400E23699 /* main.m */,
				D442616B185FA27400E23699 /* Custom-Video-Driver-Prefix.pch */,
			);
			name = "Supporting Files";
			sourceTree = "<group>";
		};
/* End PBXGroup section */

/* Begin PBXNativeTarget section */
		D4426159185FA27400E23699 /* Custom-Video-Driver */ = {
			isa = PBXNativeTarget;
			buildConfigurationList = D442618F185FA27400E23699 /* Build configuration list for PBXNativeTarget "Custom-Video-Driver" */;
			buildPhases = (
				D4426156185FA27400E23699 /* Sources */,
				D4426157185FA27400E23699 /* Frameworks */,
				D4426158185FA27400E23699 /* Resources */,
			);
			buildRules = (
			);
			dependencies = (
			);
			name = "Custom-Video-Driver";
			productName = "Lets-Build-OTPublisher";
			productReference = D442615A185FA27400E23699 /* Custom-Video-Driver.app */;
			productType = "com.apple.product-type.application";
		};
/* End PBXNativeTarget section */

/* Begin PBXProject section */
		D4426152185FA27400E23699 /* Project object */ = {
			isa = PBXProject;
			attributes = {
				LastUpgradeCheck = 0930;
				ORGANIZATIONNAME = "TokBox, Inc.";
			};
			buildConfigurationList = D4426155185FA27400E23699 /* Build configuration list for PBXProject "Custom-Video-Driver" */;
			compatibilityVersion = "Xcode 3.2";
			developmentRegion = English;
			hasScannedForEncodings = 0;
			knownRegions = (
				en,
				Base,
			);
			mainGroup = D4426151185FA27400E23699;
			productRefGroup = D442615B185FA27400E23699 /* Products */;
			projectDirPath = "";
			projectRoot = "";
			targets = (
				D4426159185FA27400E23699 /* Custom-Video-Driver */,
			);
		};
/* End PBXProject section */

/* Begin PBXResourcesBuildPhase section */
		D4426158185FA27400E23699 /* Resources */ = {
			isa = PBXResourcesBuildPhase;
			buildActionMask = 2147483647;
			files = (
				D4426174185FA27400E23699 /* Main_iPad.storyboard in Resources */,
				D4426179185FA27400E23699 /* Images.xcassets in Resources */,
				D44261B2185FA39200E23699 /* README.md in Resources */,
				D4426171185FA27400E23699 /* Main_iPhone.storyboard in Resources */,
				D4426168185FA27400E23699 /* InfoPlist.strings in Resources */,
			);
			runOnlyForDeploymentPostprocessing = 0;
		};
/* End PBXResourcesBuildPhase section */

/* Begin PBXSourcesBuildPhase section */
		D4426156185FA27400E23699 /* Sources */ = {
			isa = PBXSourcesBuildPhase;
			buildActionMask = 2147483647;
			files = (
				D4426177185FA27400E23699 /* ViewController.m in Sources */,
				D442616E185FA27400E23699 /* AppDelegate.m in Sources */,
				D442616A185FA27400E23699 /* main.m in Sources */,
				D44261BA185FA64100E23699 /* TBExampleVideoRender.m in Sources */,
				D44261D5185FADAB00E23699 /* TBExampleVideoCapture.m in Sources */,
			);
			runOnlyForDeploymentPostprocessing = 0;
		};
/* End PBXSourcesBuildPhase section */

/* Begin PBXVariantGroup section */
		D4426166185FA27400E23699 /* InfoPlist.strings */ = {
			isa = PBXVariantGroup;
			children = (
				D4426167185FA27400E23699 /* en */,
			);
			name = InfoPlist.strings;
			sourceTree = "<group>";
		};
		D442616F185FA27400E23699 /* Main_iPhone.storyboard */ = {
			isa = PBXVariantGroup;
			children = (
				D4426170185FA27400E23699 /* Base */,
			);
			name = Main_iPhone.storyboard;
			sourceTree = "<group>";
		};
		D4426172185FA27400E23699 /* Main_iPad.storyboard */ = {
			isa = PBXVariantGroup;
			children = (
				D4426173185FA27400E23699 /* Base */,
			);
			name = Main_iPad.storyboard;
			sourceTree = "<group>";
		};
/* End PBXVariantGroup section */

/* Begin XCBuildConfiguration section */
		D442618D185FA27400E23699 /* Debug */ = {
			isa = XCBuildConfiguration;
			buildSettings = {
				ALWAYS_SEARCH_USER_PATHS = NO;
				CLANG_CXX_LANGUAGE_STANDARD = "gnu++0x";
				CLANG_CXX_LIBRARY = "libc++";
				CLANG_ENABLE_MODULES = YES;
				CLANG_ENABLE_OBJC_ARC = YES;
				CLANG_WARN_BLOCK_CAPTURE_AUTORELEASING = YES;
				CLANG_WARN_BOOL_CONVERSION = YES;
				CLANG_WARN_COMMA = YES;
				CLANG_WARN_CONSTANT_CONVERSION = YES;
				CLANG_WARN_DEPRECATED_OBJC_IMPLEMENTATIONS = YES;
				CLANG_WARN_DIRECT_OBJC_ISA_USAGE = YES_ERROR;
				CLANG_WARN_EMPTY_BODY = YES;
				CLANG_WARN_ENUM_CONVERSION = YES;
				CLANG_WARN_INFINITE_RECURSION = YES;
				CLANG_WARN_INT_CONVERSION = YES;
				CLANG_WARN_NON_LITERAL_NULL_CONVERSION = YES;
				CLANG_WARN_OBJC_IMPLICIT_RETAIN_SELF = YES;
				CLANG_WARN_OBJC_LITERAL_CONVERSION = YES;
				CLANG_WARN_OBJC_ROOT_CLASS = YES_ERROR;
				CLANG_WARN_RANGE_LOOP_ANALYSIS = YES;
				CLANG_WARN_STRICT_PROTOTYPES = YES;
				CLANG_WARN_SUSPICIOUS_MOVE = YES;
				CLANG_WARN_UNREACHABLE_CODE = YES;
				CLANG_WARN__DUPLICATE_METHOD_MATCH = YES;
				COPY_PHASE_STRIP = NO;
				ENABLE_STRICT_OBJC_MSGSEND = YES;
				ENABLE_TESTABILITY = YES;
				GCC_C_LANGUAGE_STANDARD = gnu99;
				GCC_DYNAMIC_NO_PIC = NO;
				GCC_NO_COMMON_BLOCKS = YES;
				GCC_OPTIMIZATION_LEVEL = 0;
				GCC_PREPROCESSOR_DEFINITIONS = (
					"DEBUG=1",
					"$(inherited)",
				);
				GCC_SYMBOLS_PRIVATE_EXTERN = NO;
				GCC_WARN_64_TO_32_BIT_CONVERSION = YES;
				GCC_WARN_ABOUT_RETURN_TYPE = YES_ERROR;
				GCC_WARN_UNDECLARED_SELECTOR = YES;
				GCC_WARN_UNINITIALIZED_AUTOS = YES;
				GCC_WARN_UNUSED_FUNCTION = YES;
				GCC_WARN_UNUSED_VARIABLE = YES;
				IPHONEOS_DEPLOYMENT_TARGET = 9.0;
				ONLY_ACTIVE_ARCH = YES;
				SDKROOT = iphoneos;
				TARGETED_DEVICE_FAMILY = "1,2";
			};
			name = Debug;
		};
		D442618E185FA27400E23699 /* Release */ = {
			isa = XCBuildConfiguration;
			buildSettings = {
				ALWAYS_SEARCH_USER_PATHS = NO;
				CLANG_CXX_LANGUAGE_STANDARD = "gnu++0x";
				CLANG_CXX_LIBRARY = "libc++";
				CLANG_ENABLE_MODULES = YES;
				CLANG_ENABLE_OBJC_ARC = YES;
				CLANG_WARN_BLOCK_CAPTURE_AUTORELEASING = YES;
				CLANG_WARN_BOOL_CONVERSION = YES;
				CLANG_WARN_COMMA = YES;
				CLANG_WARN_CONSTANT_CONVERSION = YES;
				CLANG_WARN_DEPRECATED_OBJC_IMPLEMENTATIONS = YES;
				CLANG_WARN_DIRECT_OBJC_ISA_USAGE = YES_ERROR;
				CLANG_WARN_EMPTY_BODY = YES;
				CLANG_WARN_ENUM_CONVERSION = YES;
				CLANG_WARN_INFINITE_RECURSION = YES;
				CLANG_WARN_INT_CONVERSION = YES;
				CLANG_WARN_NON_LITERAL_NULL_CONVERSION = YES;
				CLANG_WARN_OBJC_IMPLICIT_RETAIN_SELF = YES;
				CLANG_WARN_OBJC_LITERAL_CONVERSION = YES;
				CLANG_WARN_OBJC_ROOT_CLASS = YES_ERROR;
				CLANG_WARN_RANGE_LOOP_ANALYSIS = YES;
				CLANG_WARN_STRICT_PROTOTYPES = YES;
				CLANG_WARN_SUSPICIOUS_MOVE = YES;
				CLANG_WARN_UNREACHABLE_CODE = YES;
				CLANG_WARN__DUPLICATE_METHOD_MATCH = YES;
				COPY_PHASE_STRIP = YES;
				ENABLE_NS_ASSERTIONS = NO;
				ENABLE_STRICT_OBJC_MSGSEND = YES;
				GCC_C_LANGUAGE_STANDARD = gnu99;
				GCC_NO_COMMON_BLOCKS = YES;
				GCC_WARN_64_TO_32_BIT_CONVERSION = YES;
				GCC_WARN_ABOUT_RETURN_TYPE = YES_ERROR;
				GCC_WARN_UNDECLARED_SELECTOR = YES;
				GCC_WARN_UNINITIALIZED_AUTOS = YES;
				GCC_WARN_UNUSED_FUNCTION = YES;
				GCC_WARN_UNUSED_VARIABLE = YES;
				IPHONEOS_DEPLOYMENT_TARGET = 9.0;
				SDKROOT = iphoneos;
				TARGETED_DEVICE_FAMILY = "1,2";
				VALIDATE_PRODUCT = YES;
			};
			name = Release;
		};
		D4426190185FA27400E23699 /* Debug */ = {
			isa = XCBuildConfiguration;
			buildSettings = {
				ASSETCATALOG_COMPILER_APPICON_NAME = AppIcon;
				ASSETCATALOG_COMPILER_LAUNCHIMAGE_NAME = LaunchImage;
				CLANG_ENABLE_OBJC_ARC = YES;
				ENABLE_BITCODE = YES;
				GCC_PRECOMPILE_PREFIX_HEADER = YES;
				GCC_PREFIX_HEADER = "Lets-Build-OTPublisher/Custom-Video-Driver-Prefix.pch";
				HEADER_SEARCH_PATHS = (
					"$(inherited)",
					/Applications/Xcode.app/Contents/Developer/Toolchains/XcodeDefault.xctoolchain/usr/include,
					"${SRCROOT}/**",
				);
				INFOPLIST_FILE = "$(SRCROOT)/Lets-Build-OTPublisher/Custom-Video-Driver-Info.plist";
				PRODUCT_BUNDLE_IDENTIFIER = "com.tokbox.Custom-Video-Driver";
				PRODUCT_NAME = "$(TARGET_NAME)";
				WRAPPER_EXTENSION = app;
			};
			name = Debug;
		};
		D4426191185FA27400E23699 /* Release */ = {
			isa = XCBuildConfiguration;
			buildSettings = {
				ASSETCATALOG_COMPILER_APPICON_NAME = AppIcon;
				ASSETCATALOG_COMPILER_LAUNCHIMAGE_NAME = LaunchImage;
				CLANG_ENABLE_OBJC_ARC = YES;
				ENABLE_BITCODE = YES;
				GCC_PRECOMPILE_PREFIX_HEADER = YES;
				GCC_PREFIX_HEADER = "Lets-Build-OTPublisher/Custom-Video-Driver-Prefix.pch";
				HEADER_SEARCH_PATHS = (
					"$(inherited)",
					/Applications/Xcode.app/Contents/Developer/Toolchains/XcodeDefault.xctoolchain/usr/include,
					"${SRCROOT}/**",
				);
				INFOPLIST_FILE = "$(SRCROOT)/Lets-Build-OTPublisher/Custom-Video-Driver-Info.plist";
				PRODUCT_BUNDLE_IDENTIFIER = "com.tokbox.Custom-Video-Driver";
				PRODUCT_NAME = "$(TARGET_NAME)";
				WRAPPER_EXTENSION = app;
			};
			name = Release;
		};
/* End XCBuildConfiguration section */

/* Begin XCConfigurationList section */
		D4426155185FA27400E23699 /* Build configuration list for PBXProject "Custom-Video-Driver" */ = {
			isa = XCConfigurationList;
			buildConfigurations = (
				D442618D185FA27400E23699 /* Debug */,
				D442618E185FA27400E23699 /* Release */,
			);
			defaultConfigurationIsVisible = 0;
			defaultConfigurationName = Release;
		};
		D442618F185FA27400E23699 /* Build configuration list for PBXNativeTarget "Custom-Video-Driver" */ = {
			isa = XCConfigurationList;
			buildConfigurations = (
				D4426190185FA27400E23699 /* Debug */,
				D4426191185FA27400E23699 /* Release */,
			);
			defaultConfigurationIsVisible = 0;
			defaultConfigurationName = Release;
		};
/* End XCConfigurationList section */
	};
	rootObject = D4426152185FA27400E23699 /* Project object */;
}
