// !$*UTF8*$!
{
	archiveVersion = 1;
	classes = {
	};
	objectVersion = 46;
	objects = {

/* Begin PBXBuildFile section */
		051A66951AA79E6600B54C97 /* VideoToolbox.framework in Frameworks */ = {isa = PBXBuildFile; fileRef = 051A66941AA79E6600B54C97 /* VideoToolbox.framework */; };
		051A66961AA79E7D00B54C97 /* SystemConfiguration.framework in Frameworks */ = {isa = PBXBuildFile; fileRef = D46BAC8E18074A4600A202BD /* SystemConfiguration.framework */; };
		051A66981AA79EA000B54C97 /* CoreTelephony.framework in Frameworks */ = {isa = PBXBuildFile; fileRef = 051A66971AA79EA000B54C97 /* CoreTelephony.framework */; };
		0C16854A1A7314E000A507E3 /* libc++.dylib in Frameworks */ = {isa = PBXBuildFile; fileRef = 0C1685491A7314E000A507E3 /* libc++.dylib */; };
		0C1685601A7315EE00A507E3 /* AppDelegate.m in Sources */ = {isa = PBXBuildFile; fileRef = 0C16854E1A7315EE00A507E3 /* AppDelegate.m */; };
		0C1685621A7315EE00A507E3 /* main.m in Sources */ = {isa = PBXBuildFile; fileRef = 0C1685501A7315EE00A507E3 /* main.m */; };
		0C1685661A7315EE00A507E3 /* OTMoviePlayer.m in Sources */ = {isa = PBXBuildFile; fileRef = 0C1685581A7315EE00A507E3 /* OTMoviePlayer.m */; };
		0C1685671A7315EE00A507E3 /* TPCircularBuffer.c in Sources */ = {isa = PBXBuildFile; fileRef = 0C1685591A7315EE00A507E3 /* TPCircularBuffer.c */; };
		0C1685681A7315EE00A507E3 /* TPCircularBuffer+AudioBufferList.c in Sources */ = {isa = PBXBuildFile; fileRef = 0C16855B1A7315EE00A507E3 /* TPCircularBuffer+AudioBufferList.c */; };
		0C1685691A7315EE00A507E3 /* ViewController.m in Sources */ = {isa = PBXBuildFile; fileRef = 0C16855E1A7315EE00A507E3 /* ViewController.m */; };
		0C16856E1A73162500A507E3 /* InfoPlist.strings in Resources */ = {isa = PBXBuildFile; fileRef = 0C16856C1A73162500A507E3 /* InfoPlist.strings */; };
		0C1B52221A7AB30600AFAAA2 /* OTAudioMovieReader.m in Sources */ = {isa = PBXBuildFile; fileRef = 0C1B52211A7AB30600AFAAA2 /* OTAudioMovieReader.m */; };
		0C1B522C1A81960200AFAAA2 /* README.md in Sources */ = {isa = PBXBuildFile; fileRef = 0C1B522B1A81960200AFAAA2 /* README.md */; };
		0C223737195C96C9005F1A84 /* OpenTok.mp4 in Resources */ = {isa = PBXBuildFile; fileRef = 0C223736195C96C9005F1A84 /* OpenTok.mp4 */; };
		0C6DA270199D5A6E009EC91A /* AssetsLibrary.framework in Frameworks */ = {isa = PBXBuildFile; fileRef = 0C6DA26F199D5A6E009EC91A /* AssetsLibrary.framework */; };
		0CB7E0A5195E1B1900EFEF53 /* MobileCoreServices.framework in Frameworks */ = {isa = PBXBuildFile; fileRef = 0CB7E0A4195E1B1900EFEF53 /* MobileCoreServices.framework */; };
		0CC02A331A8A8D7600768DFE /* OTVideoMovieReader.m in Sources */ = {isa = PBXBuildFile; fileRef = 0CC02A321A8A8D7600768DFE /* OTVideoMovieReader.m */; };
		0CC02A381A8A91C100768DFE /* Main_iPad.storyboard in Resources */ = {isa = PBXBuildFile; fileRef = 0CC02A341A8A91C100768DFE /* Main_iPad.storyboard */; };
		0CC02A391A8A91C100768DFE /* Main_iPhone.storyboard in Resources */ = {isa = PBXBuildFile; fileRef = 0CC02A361A8A91C100768DFE /* Main_iPhone.storyboard */; };
		0CC02A3B1A8BD50F00768DFE /* OpenTok.framework in Frameworks */ = {isa = PBXBuildFile; fileRef = 0CC02A3A1A8BD50F00768DFE /* OpenTok.framework */; };
		D40034FA180F331300ABE4DA /* QuartzCore.framework in Frameworks */ = {isa = PBXBuildFile; fileRef = D46BAC8918074A4600A202BD /* QuartzCore.framework */; };
		D420D4C0180F32CA00CFE02E /* CoreMedia.framework in Frameworks */ = {isa = PBXBuildFile; fileRef = D46BAC8D18074A4600A202BD /* CoreMedia.framework */; };
		D4493C23192BE9350088A13E /* GLKit.framework in Frameworks */ = {isa = PBXBuildFile; fileRef = D4493C22192BE9350088A13E /* GLKit.framework */; };
		D46BAC9418074A4600A202BD /* AVFoundation.framework in Frameworks */ = {isa = PBXBuildFile; fileRef = D46BAC8818074A4600A202BD /* AVFoundation.framework */; };
		D46BAC9C18074A4600A202BD /* OpenGLES.framework in Frameworks */ = {isa = PBXBuildFile; fileRef = D46BAC9018074A4600A202BD /* OpenGLES.framework */; };
		D47AD762180F2F0100B93B42 /* CoreVideo.framework in Frameworks */ = {isa = PBXBuildFile; fileRef = D46BAC8A18074A4600A202BD /* CoreVideo.framework */; };
		D4C2BE69180F2F290018B984 /* CoreGraphics.framework in Frameworks */ = {isa = PBXBuildFile; fileRef = D4E15A0618062212004C19B7 /* CoreGraphics.framework */; };
		D4E15A0518062212004C19B7 /* Foundation.framework in Frameworks */ = {isa = PBXBuildFile; fileRef = D4E15A0418062212004C19B7 /* Foundation.framework */; };
		D4E15A0918062212004C19B7 /* UIKit.framework in Frameworks */ = {isa = PBXBuildFile; fileRef = D4E15A0818062212004C19B7 /* UIKit.framework */; };
		D4E15A2818062212004C19B7 /* Foundation.framework in Frameworks */ = {isa = PBXBuildFile; fileRef = D4E15A0418062212004C19B7 /* Foundation.framework */; };
		D4E15A2918062212004C19B7 /* UIKit.framework in Frameworks */ = {isa = PBXBuildFile; fileRef = D4E15A0818062212004C19B7 /* UIKit.framework */; };
		D4E29D6718355E76009C651B /* libsqlite3.0.dylib in Frameworks */ = {isa = PBXBuildFile; fileRef = D4AED6A7180729E700D5E266 /* libsqlite3.0.dylib */; };
		D4F511C6180F2ED500CEF91E /* AudioToolbox.framework in Frameworks */ = {isa = PBXBuildFile; fileRef = D46BAC8C18074A4600A202BD /* AudioToolbox.framework */; };
/* End PBXBuildFile section */

/* Begin PBXContainerItemProxy section */
		D4E15A2A18062212004C19B7 /* PBXContainerItemProxy */ = {
			isa = PBXContainerItemProxy;
			containerPortal = D4E159F918062212004C19B7 /* Project object */;
			proxyType = 1;
			remoteGlobalIDString = D4E15A0018062212004C19B7;
			remoteInfo = "ios-example-app";
		};
/* End PBXContainerItemProxy section */

/* Begin PBXFileReference section */
		051A66941AA79E6600B54C97 /* VideoToolbox.framework */ = {isa = PBXFileReference; lastKnownFileType = wrapper.framework; name = VideoToolbox.framework; path = System/Library/Frameworks/VideoToolbox.framework; sourceTree = SDKROOT; };
		051A66971AA79EA000B54C97 /* CoreTelephony.framework */ = {isa = PBXFileReference; lastKnownFileType = wrapper.framework; name = CoreTelephony.framework; path = System/Library/Frameworks/CoreTelephony.framework; sourceTree = SDKROOT; };
		0C1685491A7314E000A507E3 /* libc++.dylib */ = {isa = PBXFileReference; lastKnownFileType = "compiled.mach-o.dylib"; name = "libc++.dylib"; path = "usr/lib/libc++.dylib"; sourceTree = SDKROOT; };
		0C16854D1A7315EE00A507E3 /* AppDelegate.h */ = {isa = PBXFileReference; fileEncoding = 4; lastKnownFileType = sourcecode.c.h; name = AppDelegate.h; path = OTMoviePlayer/AppDelegate.h; sourceTree = SOURCE_ROOT; };
		0C16854E1A7315EE00A507E3 /* AppDelegate.m */ = {isa = PBXFileReference; fileEncoding = 4; lastKnownFileType = sourcecode.c.objc; name = AppDelegate.m; path = OTMoviePlayer/AppDelegate.m; sourceTree = SOURCE_ROOT; };
		0C1685501A7315EE00A507E3 /* main.m */ = {isa = PBXFileReference; fileEncoding = 4; lastKnownFileType = sourcecode.c.objc; name = main.m; path = OTMoviePlayer/main.m; sourceTree = SOURCE_ROOT; };
		0C1685551A7315EE00A507E3 /* OTMoviePlayer-Info.plist */ = {isa = PBXFileReference; fileEncoding = 4; lastKnownFileType = text.plist.xml; name = "OTMoviePlayer-Info.plist"; path = "OTMoviePlayer/OTMoviePlayer-Info.plist"; sourceTree = SOURCE_ROOT; };
		0C1685561A7315EE00A507E3 /* OTMoviePlayer-Prefix.pch */ = {isa = PBXFileReference; fileEncoding = 4; lastKnownFileType = sourcecode.c.h; name = "OTMoviePlayer-Prefix.pch"; path = "OTMoviePlayer/OTMoviePlayer-Prefix.pch"; sourceTree = SOURCE_ROOT; };
		0C1685571A7315EE00A507E3 /* OTMoviePlayer.h */ = {isa = PBXFileReference; fileEncoding = 4; lastKnownFileType = sourcecode.c.h; name = OTMoviePlayer.h; path = OTMoviePlayer/OTMoviePlayer.h; sourceTree = SOURCE_ROOT; };
		0C1685581A7315EE00A507E3 /* OTMoviePlayer.m */ = {isa = PBXFileReference; fileEncoding = 4; lastKnownFileType = sourcecode.c.objc; name = OTMoviePlayer.m; path = OTMoviePlayer/OTMoviePlayer.m; sourceTree = SOURCE_ROOT; };
		0C1685591A7315EE00A507E3 /* TPCircularBuffer.c */ = {isa = PBXFileReference; fileEncoding = 4; lastKnownFileType = sourcecode.c.c; name = TPCircularBuffer.c; path = OTMoviePlayer/TPCircularBuffer.c; sourceTree = SOURCE_ROOT; };
		0C16855A1A7315EE00A507E3 /* TPCircularBuffer.h */ = {isa = PBXFileReference; fileEncoding = 4; lastKnownFileType = sourcecode.c.h; name = TPCircularBuffer.h; path = OTMoviePlayer/TPCircularBuffer.h; sourceTree = SOURCE_ROOT; };
		0C16855B1A7315EE00A507E3 /* TPCircularBuffer+AudioBufferList.c */ = {isa = PBXFileReference; fileEncoding = 4; lastKnownFileType = sourcecode.c.c; name = "TPCircularBuffer+AudioBufferList.c"; path = "OTMoviePlayer/TPCircularBuffer+AudioBufferList.c"; sourceTree = SOURCE_ROOT; };
		0C16855C1A7315EE00A507E3 /* TPCircularBuffer+AudioBufferList.h */ = {isa = PBXFileReference; fileEncoding = 4; lastKnownFileType = sourcecode.c.h; name = "TPCircularBuffer+AudioBufferList.h"; path = "OTMoviePlayer/TPCircularBuffer+AudioBufferList.h"; sourceTree = SOURCE_ROOT; };
		0C16855D1A7315EE00A507E3 /* ViewController.h */ = {isa = PBXFileReference; fileEncoding = 4; lastKnownFileType = sourcecode.c.h; name = ViewController.h; path = OTMoviePlayer/ViewController.h; sourceTree = SOURCE_ROOT; };
		0C16855E1A7315EE00A507E3 /* ViewController.m */ = {isa = PBXFileReference; fileEncoding = 4; lastKnownFileType = sourcecode.c.objc; name = ViewController.m; path = OTMoviePlayer/ViewController.m; sourceTree = SOURCE_ROOT; };
		0C16856D1A73162500A507E3 /* en */ = {isa = PBXFileReference; lastKnownFileType = text.plist.strings; name = en; path = OTMoviePlayer/en.lproj/InfoPlist.strings; sourceTree = SOURCE_ROOT; };
		0C1685701A731B0E00A507E3 /* OTMoviePlayerTests-Info.plist */ = {isa = PBXFileReference; fileEncoding = 4; lastKnownFileType = text.plist.xml; name = "OTMoviePlayerTests-Info.plist"; path = "OTMovePlayer-tests/OTMoviePlayerTests-Info.plist"; sourceTree = SOURCE_ROOT; };
		0C1B52211A7AB30600AFAAA2 /* OTAudioMovieReader.m */ = {isa = PBXFileReference; fileEncoding = 4; lastKnownFileType = sourcecode.c.objc; name = OTAudioMovieReader.m; path = OTMoviePlayer/OTAudioMovieReader.m; sourceTree = SOURCE_ROOT; };
		0C1B522B1A81960200AFAAA2 /* README.md */ = {isa = PBXFileReference; fileEncoding = 4; lastKnownFileType = net.daringfireball.markdown; path = README.md; sourceTree = "<group>"; };
		0C223736195C96C9005F1A84 /* OpenTok.mp4 */ = {isa = PBXFileReference; lastKnownFileType = file; path = OpenTok.mp4; sourceTree = SOURCE_ROOT; };
		0C6DA26F199D5A6E009EC91A /* AssetsLibrary.framework */ = {isa = PBXFileReference; lastKnownFileType = wrapper.framework; name = AssetsLibrary.framework; path = System/Library/Frameworks/AssetsLibrary.framework; sourceTree = SDKROOT; };
		0CB7E0A4195E1B1900EFEF53 /* MobileCoreServices.framework */ = {isa = PBXFileReference; lastKnownFileType = wrapper.framework; name = MobileCoreServices.framework; path = System/Library/Frameworks/MobileCoreServices.framework; sourceTree = SDKROOT; };
		0CC02A301A8A8D5900768DFE /* OTVideoMovieReader.h */ = {isa = PBXFileReference; lastKnownFileType = sourcecode.c.h; name = OTVideoMovieReader.h; path = OTMoviePlayer/OTVideoMovieReader.h; sourceTree = SOURCE_ROOT; };
		0CC02A311A8A8D7000768DFE /* OTAudioMovieReader.h */ = {isa = PBXFileReference; lastKnownFileType = sourcecode.c.h; name = OTAudioMovieReader.h; path = OTMoviePlayer/OTAudioMovieReader.h; sourceTree = SOURCE_ROOT; };
		0CC02A321A8A8D7600768DFE /* OTVideoMovieReader.m */ = {isa = PBXFileReference; fileEncoding = 4; lastKnownFileType = sourcecode.c.objc; name = OTVideoMovieReader.m; path = OTMoviePlayer/OTVideoMovieReader.m; sourceTree = SOURCE_ROOT; };
		0CC02A351A8A91C100768DFE /* Base */ = {isa = PBXFileReference; lastKnownFileType = file.storyboard; name = Base; path = OTMoviePlayer/Base.lproj/Main_iPad.storyboard; sourceTree = SOURCE_ROOT; };
		0CC02A371A8A91C100768DFE /* Base */ = {isa = PBXFileReference; lastKnownFileType = file.storyboard; name = Base; path = OTMoviePlayer/Base.lproj/Main_iPhone.storyboard; sourceTree = SOURCE_ROOT; };
		0CC02A3A1A8BD50F00768DFE /* OpenTok.framework */ = {isa = PBXFileReference; lastKnownFileType = wrapper.framework; path = OpenTok.framework; sourceTree = "<group>"; };
		D4493C22192BE9350088A13E /* GLKit.framework */ = {isa = PBXFileReference; lastKnownFileType = wrapper.framework; name = GLKit.framework; path = System/Library/Frameworks/GLKit.framework; sourceTree = SDKROOT; };
		D46BAC8818074A4600A202BD /* AVFoundation.framework */ = {isa = PBXFileReference; lastKnownFileType = wrapper.framework; name = AVFoundation.framework; path = System/Library/Frameworks/AVFoundation.framework; sourceTree = SDKROOT; };
		D46BAC8918074A4600A202BD /* QuartzCore.framework */ = {isa = PBXFileReference; lastKnownFileType = wrapper.framework; name = QuartzCore.framework; path = System/Library/Frameworks/QuartzCore.framework; sourceTree = SDKROOT; };
		D46BAC8A18074A4600A202BD /* CoreVideo.framework */ = {isa = PBXFileReference; lastKnownFileType = wrapper.framework; name = CoreVideo.framework; path = System/Library/Frameworks/CoreVideo.framework; sourceTree = SDKROOT; };
		D46BAC8B18074A4600A202BD /* CoreAudio.framework */ = {isa = PBXFileReference; lastKnownFileType = wrapper.framework; name = CoreAudio.framework; path = System/Library/Frameworks/CoreAudio.framework; sourceTree = SDKROOT; };
		D46BAC8C18074A4600A202BD /* AudioToolbox.framework */ = {isa = PBXFileReference; lastKnownFileType = wrapper.framework; name = AudioToolbox.framework; path = System/Library/Frameworks/AudioToolbox.framework; sourceTree = SDKROOT; };
		D46BAC8D18074A4600A202BD /* CoreMedia.framework */ = {isa = PBXFileReference; lastKnownFileType = wrapper.framework; name = CoreMedia.framework; path = System/Library/Frameworks/CoreMedia.framework; sourceTree = SDKROOT; };
		D46BAC8E18074A4600A202BD /* SystemConfiguration.framework */ = {isa = PBXFileReference; lastKnownFileType = wrapper.framework; name = SystemConfiguration.framework; path = System/Library/Frameworks/SystemConfiguration.framework; sourceTree = SDKROOT; };
		D46BAC8F18074A4600A202BD /* CFNetwork.framework */ = {isa = PBXFileReference; lastKnownFileType = wrapper.framework; name = CFNetwork.framework; path = System/Library/Frameworks/CFNetwork.framework; sourceTree = SDKROOT; };
		D46BAC9018074A4600A202BD /* OpenGLES.framework */ = {isa = PBXFileReference; lastKnownFileType = wrapper.framework; name = OpenGLES.framework; path = System/Library/Frameworks/OpenGLES.framework; sourceTree = SDKROOT; };
		D4AED6A7180729E700D5E266 /* libsqlite3.0.dylib */ = {isa = PBXFileReference; lastKnownFileType = "compiled.mach-o.dylib"; name = libsqlite3.0.dylib; path = usr/lib/libsqlite3.0.dylib; sourceTree = SDKROOT; };
		D4DA91AE1807489B0099D72D /* Security.framework */ = {isa = PBXFileReference; lastKnownFileType = wrapper.framework; name = Security.framework; path = System/Library/Frameworks/Security.framework; sourceTree = SDKROOT; };
		D4E15A0118062212004C19B7 /* OTMoviePlayer.app */ = {isa = PBXFileReference; explicitFileType = wrapper.application; includeInIndex = 0; path = OTMoviePlayer.app; sourceTree = BUILT_PRODUCTS_DIR; };
		D4E15A0418062212004C19B7 /* Foundation.framework */ = {isa = PBXFileReference; lastKnownFileType = wrapper.framework; name = Foundation.framework; path = System/Library/Frameworks/Foundation.framework; sourceTree = SDKROOT; };
		D4E15A0618062212004C19B7 /* CoreGraphics.framework */ = {isa = PBXFileReference; lastKnownFileType = wrapper.framework; name = CoreGraphics.framework; path = System/Library/Frameworks/CoreGraphics.framework; sourceTree = SDKROOT; };
		D4E15A0818062212004C19B7 /* UIKit.framework */ = {isa = PBXFileReference; lastKnownFileType = wrapper.framework; name = UIKit.framework; path = System/Library/Frameworks/UIKit.framework; sourceTree = SDKROOT; };
		D4E15A2518062212004C19B7 /* OTMoviePlayerTests.xctest */ = {isa = PBXFileReference; explicitFileType = wrapper.cfbundle; includeInIndex = 0; path = OTMoviePlayerTests.xctest; sourceTree = BUILT_PRODUCTS_DIR; };
/* End PBXFileReference section */

/* Begin PBXFrameworksBuildPhase section */
		D4E159FE18062212004C19B7 /* Frameworks */ = {
			isa = PBXFrameworksBuildPhase;
			buildActionMask = 2147483647;
			files = (
				051A66981AA79EA000B54C97 /* CoreTelephony.framework in Frameworks */,
				051A66961AA79E7D00B54C97 /* SystemConfiguration.framework in Frameworks */,
				051A66951AA79E6600B54C97 /* VideoToolbox.framework in Frameworks */,
				0C16854A1A7314E000A507E3 /* libc++.dylib in Frameworks */,
				D4493C23192BE9350088A13E /* GLKit.framework in Frameworks */,
				D4E29D6718355E76009C651B /* libsqlite3.0.dylib in Frameworks */,
				D40034FA180F331300ABE4DA /* QuartzCore.framework in Frameworks */,
				0C6DA270199D5A6E009EC91A /* AssetsLibrary.framework in Frameworks */,
				D4F511C6180F2ED500CEF91E /* AudioToolbox.framework in Frameworks */,
				D46BAC9418074A4600A202BD /* AVFoundation.framework in Frameworks */,
				D4C2BE69180F2F290018B984 /* CoreGraphics.framework in Frameworks */,
				0CC02A3B1A8BD50F00768DFE /* OpenTok.framework in Frameworks */,
				D420D4C0180F32CA00CFE02E /* CoreMedia.framework in Frameworks */,
				D47AD762180F2F0100B93B42 /* CoreVideo.framework in Frameworks */,
				D46BAC9C18074A4600A202BD /* OpenGLES.framework in Frameworks */,
				0CB7E0A5195E1B1900EFEF53 /* MobileCoreServices.framework in Frameworks */,
				D4E15A0918062212004C19B7 /* UIKit.framework in Frameworks */,
				D4E15A0518062212004C19B7 /* Foundation.framework in Frameworks */,
			);
			runOnlyForDeploymentPostprocessing = 0;
		};
		D4E15A2218062212004C19B7 /* Frameworks */ = {
			isa = PBXFrameworksBuildPhase;
			buildActionMask = 2147483647;
			files = (
				D4E15A2918062212004C19B7 /* UIKit.framework in Frameworks */,
				D4E15A2818062212004C19B7 /* Foundation.framework in Frameworks */,
			);
			runOnlyForDeploymentPostprocessing = 0;
		};
/* End PBXFrameworksBuildPhase section */

/* Begin PBXGroup section */
		D4E159F818062212004C19B7 = {
			isa = PBXGroup;
			children = (
				0C1B522B1A81960200AFAAA2 /* README.md */,
				D4E15A0A18062212004C19B7 /* ios-example-app */,
				D4E15A2C18062212004C19B7 /* ios-example-appTests */,
				D4E15A0318062212004C19B7 /* Frameworks */,
				D4E15A0218062212004C19B7 /* Products */,
			);
			sourceTree = "<group>";
		};
		D4E15A0218062212004C19B7 /* Products */ = {
			isa = PBXGroup;
			children = (
				D4E15A0118062212004C19B7 /* OTMoviePlayer.app */,
				D4E15A2518062212004C19B7 /* OTMoviePlayerTests.xctest */,
			);
			name = Products;
			sourceTree = "<group>";
		};
		D4E15A0318062212004C19B7 /* Frameworks */ = {
			isa = PBXGroup;
			children = (
				051A66971AA79EA000B54C97 /* CoreTelephony.framework */,
				051A66941AA79E6600B54C97 /* VideoToolbox.framework */,
				0CC02A3A1A8BD50F00768DFE /* OpenTok.framework */,
				0C1685491A7314E000A507E3 /* libc++.dylib */,
				D4AED6A7180729E700D5E266 /* libsqlite3.0.dylib */,
				0C6DA26F199D5A6E009EC91A /* AssetsLibrary.framework */,
				0CB7E0A4195E1B1900EFEF53 /* MobileCoreServices.framework */,
				D4493C22192BE9350088A13E /* GLKit.framework */,
				D46BAC8818074A4600A202BD /* AVFoundation.framework */,
				D46BAC8918074A4600A202BD /* QuartzCore.framework */,
				D46BAC8A18074A4600A202BD /* CoreVideo.framework */,
				D46BAC8B18074A4600A202BD /* CoreAudio.framework */,
				D46BAC8C18074A4600A202BD /* AudioToolbox.framework */,
				D46BAC8D18074A4600A202BD /* CoreMedia.framework */,
				D46BAC8E18074A4600A202BD /* SystemConfiguration.framework */,
				D46BAC8F18074A4600A202BD /* CFNetwork.framework */,
				D46BAC9018074A4600A202BD /* OpenGLES.framework */,
				D4DA91AE1807489B0099D72D /* Security.framework */,
				D4E15A0418062212004C19B7 /* Foundation.framework */,
				D4E15A0618062212004C19B7 /* CoreGraphics.framework */,
				D4E15A0818062212004C19B7 /* UIKit.framework */,
			);
			name = Frameworks;
			sourceTree = "<group>";
		};
		D4E15A0A18062212004C19B7 /* ios-example-app */ = {
			isa = PBXGroup;
			children = (
				0C16854D1A7315EE00A507E3 /* AppDelegate.h */,
				0C16854E1A7315EE00A507E3 /* AppDelegate.m */,
				0C1685591A7315EE00A507E3 /* TPCircularBuffer.c */,
				0C16855A1A7315EE00A507E3 /* TPCircularBuffer.h */,
				0C16855B1A7315EE00A507E3 /* TPCircularBuffer+AudioBufferList.c */,
				0C16855C1A7315EE00A507E3 /* TPCircularBuffer+AudioBufferList.h */,
				0C16855D1A7315EE00A507E3 /* ViewController.h */,
				0C16855E1A7315EE00A507E3 /* ViewController.m */,
				0C1685571A7315EE00A507E3 /* OTMoviePlayer.h */,
				0C1685581A7315EE00A507E3 /* OTMoviePlayer.m */,
				0CC02A301A8A8D5900768DFE /* OTVideoMovieReader.h */,
				0CC02A321A8A8D7600768DFE /* OTVideoMovieReader.m */,
				0CC02A311A8A8D7000768DFE /* OTAudioMovieReader.h */,
				0C1B52211A7AB30600AFAAA2 /* OTAudioMovieReader.m */,
				0CC02A341A8A91C100768DFE /* Main_iPad.storyboard */,
				0CC02A361A8A91C100768DFE /* Main_iPhone.storyboard */,
				D4E15A0B18062212004C19B7 /* Supporting Files */,
			);
			path = "ios-example-app";
			sourceTree = "<group>";
		};
		D4E15A0B18062212004C19B7 /* Supporting Files */ = {
			isa = PBXGroup;
			children = (
				0C1685501A7315EE00A507E3 /* main.m */,
				0C16856C1A73162500A507E3 /* InfoPlist.strings */,
				0C1685551A7315EE00A507E3 /* OTMoviePlayer-Info.plist */,
				0C1685561A7315EE00A507E3 /* OTMoviePlayer-Prefix.pch */,
				0C223736195C96C9005F1A84 /* OpenTok.mp4 */,
			);
			name = "Supporting Files";
			sourceTree = "<group>";
		};
		D4E15A2C18062212004C19B7 /* ios-example-appTests */ = {
			isa = PBXGroup;
			children = (
				D4E15A2D18062212004C19B7 /* Supporting Files */,
			);
			path = "ios-example-appTests";
			sourceTree = "<group>";
		};
		D4E15A2D18062212004C19B7 /* Supporting Files */ = {
			isa = PBXGroup;
			children = (
				0C1685701A731B0E00A507E3 /* OTMoviePlayerTests-Info.plist */,
			);
			name = "Supporting Files";
			sourceTree = "<group>";
		};
/* End PBXGroup section */

/* Begin PBXNativeTarget section */
		D4E15A0018062212004C19B7 /* OTMoviePlayer */ = {
			isa = PBXNativeTarget;
			buildConfigurationList = D4E15A3618062212004C19B7 /* Build configuration list for PBXNativeTarget "OTMoviePlayer" */;
			buildPhases = (
				D4E159FD18062212004C19B7 /* Sources */,
				D4E159FE18062212004C19B7 /* Frameworks */,
				D4E159FF18062212004C19B7 /* Resources */,
			);
			buildRules = (
			);
			dependencies = (
			);
			name = OTMoviePlayer;
			productName = "ios-example-app";
			productReference = D4E15A0118062212004C19B7 /* OTMoviePlayer.app */;
			productType = "com.apple.product-type.application";
		};
		D4E15A2418062212004C19B7 /* OTMoviePlayerTests */ = {
			isa = PBXNativeTarget;
			buildConfigurationList = D4E15A3918062212004C19B7 /* Build configuration list for PBXNativeTarget "OTMoviePlayerTests" */;
			buildPhases = (
				D4E15A2118062212004C19B7 /* Sources */,
				D4E15A2218062212004C19B7 /* Frameworks */,
				D4E15A2318062212004C19B7 /* Resources */,
			);
			buildRules = (
			);
			dependencies = (
				D4E15A2B18062212004C19B7 /* PBXTargetDependency */,
			);
			name = OTMoviePlayerTests;
			productName = "ios-example-appTests";
			productReference = D4E15A2518062212004C19B7 /* OTMoviePlayerTests.xctest */;
			productType = "com.apple.product-type.bundle.unit-test";
		};
/* End PBXNativeTarget section */

/* Begin PBXProject section */
		D4E159F918062212004C19B7 /* Project object */ = {
			isa = PBXProject;
			attributes = {
				LastUpgradeCheck = 0610;
				ORGANIZATIONNAME = "TokBox, Inc.";
				TargetAttributes = {
					D4E15A2418062212004C19B7 = {
						TestTargetID = D4E15A0018062212004C19B7;
					};
				};
			};
			buildConfigurationList = D4E159FC18062212004C19B7 /* Build configuration list for PBXProject "OTMoviePlayer" */;
			compatibilityVersion = "Xcode 3.2";
			developmentRegion = English;
			hasScannedForEncodings = 0;
			knownRegions = (
				en,
				Base,
			);
			mainGroup = D4E159F818062212004C19B7;
			productRefGroup = D4E15A0218062212004C19B7 /* Products */;
			projectDirPath = "";
			projectRoot = "";
			targets = (
				D4E15A0018062212004C19B7 /* OTMoviePlayer */,
				D4E15A2418062212004C19B7 /* OTMoviePlayerTests */,
			);
		};
/* End PBXProject section */

/* Begin PBXResourcesBuildPhase section */
		D4E159FF18062212004C19B7 /* Resources */ = {
			isa = PBXResourcesBuildPhase;
			buildActionMask = 2147483647;
			files = (
				0CC02A381A8A91C100768DFE /* Main_iPad.storyboard in Resources */,
				0CC02A391A8A91C100768DFE /* Main_iPhone.storyboard in Resources */,
				0C223737195C96C9005F1A84 /* OpenTok.mp4 in Resources */,
				0C16856E1A73162500A507E3 /* InfoPlist.strings in Resources */,
			);
			runOnlyForDeploymentPostprocessing = 0;
		};
		D4E15A2318062212004C19B7 /* Resources */ = {
			isa = PBXResourcesBuildPhase;
			buildActionMask = 2147483647;
			files = (
			);
			runOnlyForDeploymentPostprocessing = 0;
		};
/* End PBXResourcesBuildPhase section */

/* Begin PBXSourcesBuildPhase section */
		D4E159FD18062212004C19B7 /* Sources */ = {
			isa = PBXSourcesBuildPhase;
			buildActionMask = 2147483647;
			files = (
				0C1B52221A7AB30600AFAAA2 /* OTAudioMovieReader.m in Sources */,
				0C1685691A7315EE00A507E3 /* ViewController.m in Sources */,
				0C1685671A7315EE00A507E3 /* TPCircularBuffer.c in Sources */,
				0C1685601A7315EE00A507E3 /* AppDelegate.m in Sources */,
				0C1685661A7315EE00A507E3 /* OTMoviePlayer.m in Sources */,
				0CC02A331A8A8D7600768DFE /* OTVideoMovieReader.m in Sources */,
				0C1B522C1A81960200AFAAA2 /* README.md in Sources */,
				0C1685621A7315EE00A507E3 /* main.m in Sources */,
				0C1685681A7315EE00A507E3 /* TPCircularBuffer+AudioBufferList.c in Sources */,
			);
			runOnlyForDeploymentPostprocessing = 0;
		};
		D4E15A2118062212004C19B7 /* Sources */ = {
			isa = PBXSourcesBuildPhase;
			buildActionMask = 2147483647;
			files = (
			);
			runOnlyForDeploymentPostprocessing = 0;
		};
/* End PBXSourcesBuildPhase section */

/* Begin PBXTargetDependency section */
		D4E15A2B18062212004C19B7 /* PBXTargetDependency */ = {
			isa = PBXTargetDependency;
			target = D4E15A0018062212004C19B7 /* OTMoviePlayer */;
			targetProxy = D4E15A2A18062212004C19B7 /* PBXContainerItemProxy */;
		};
/* End PBXTargetDependency section */

/* Begin PBXVariantGroup section */
		0C16856C1A73162500A507E3 /* InfoPlist.strings */ = {
			isa = PBXVariantGroup;
			children = (
				0C16856D1A73162500A507E3 /* en */,
			);
			name = InfoPlist.strings;
			sourceTree = "<group>";
		};
		0CC02A341A8A91C100768DFE /* Main_iPad.storyboard */ = {
			isa = PBXVariantGroup;
			children = (
				0CC02A351A8A91C100768DFE /* Base */,
			);
			name = Main_iPad.storyboard;
			sourceTree = "<group>";
		};
		0CC02A361A8A91C100768DFE /* Main_iPhone.storyboard */ = {
			isa = PBXVariantGroup;
			children = (
				0CC02A371A8A91C100768DFE /* Base */,
			);
			name = Main_iPhone.storyboard;
			sourceTree = "<group>";
		};
/* End PBXVariantGroup section */

/* Begin XCBuildConfiguration section */
		D4E15A3418062212004C19B7 /* Debug */ = {
			isa = XCBuildConfiguration;
			buildSettings = {
				ALWAYS_SEARCH_USER_PATHS = NO;
				CLANG_CXX_LANGUAGE_STANDARD = "gnu++0x";
				CLANG_CXX_LIBRARY = "libc++";
				CLANG_ENABLE_MODULES = YES;
				CLANG_ENABLE_OBJC_ARC = NO;
				CLANG_WARN_BOOL_CONVERSION = YES;
				CLANG_WARN_CONSTANT_CONVERSION = YES;
				CLANG_WARN_DIRECT_OBJC_ISA_USAGE = YES_ERROR;
				CLANG_WARN_EMPTY_BODY = YES;
				CLANG_WARN_ENUM_CONVERSION = YES;
				CLANG_WARN_INT_CONVERSION = YES;
				CLANG_WARN_OBJC_ROOT_CLASS = YES_ERROR;
				CLANG_WARN__DUPLICATE_METHOD_MATCH = YES;
				"CODE_SIGN_IDENTITY[sdk=iphoneos*]" = "iPhone Developer";
				COPY_PHASE_STRIP = NO;
				GCC_C_LANGUAGE_STANDARD = gnu99;
				GCC_DYNAMIC_NO_PIC = NO;
				GCC_OPTIMIZATION_LEVEL = 0;
				GCC_PREPROCESSOR_DEFINITIONS = (
					"DEBUG=1",
					"$(inherited)",
				);
				GCC_SYMBOLS_PRIVATE_EXTERN = NO;
				GCC_WARN_64_TO_32_BIT_CONVERSION = YES;
				GCC_WARN_ABOUT_RETURN_TYPE = YES_ERROR;
				GCC_WARN_UNDECLARED_SELECTOR = YES;
				GCC_WARN_UNINITIALIZED_AUTOS = YES;
				GCC_WARN_UNUSED_FUNCTION = YES;
				GCC_WARN_UNUSED_VARIABLE = YES;
				HEADER_SEARCH_PATHS = (
					"$(inherited)",
					/Applications/Xcode.app/Contents/Developer/Toolchains/XcodeDefault.xctoolchain/usr/include,
				);
				IPHONEOS_DEPLOYMENT_TARGET = 7.0;
				ONLY_ACTIVE_ARCH = YES;
				SDKROOT = iphoneos;
				TARGETED_DEVICE_FAMILY = "1,2";
			};
			name = Debug;
		};
		D4E15A3518062212004C19B7 /* Release */ = {
			isa = XCBuildConfiguration;
			buildSettings = {
				ALWAYS_SEARCH_USER_PATHS = NO;
				CLANG_CXX_LANGUAGE_STANDARD = "gnu++0x";
				CLANG_CXX_LIBRARY = "libc++";
				CLANG_ENABLE_MODULES = YES;
				CLANG_ENABLE_OBJC_ARC = NO;
				CLANG_WARN_BOOL_CONVERSION = YES;
				CLANG_WARN_CONSTANT_CONVERSION = YES;
				CLANG_WARN_DIRECT_OBJC_ISA_USAGE = YES_ERROR;
				CLANG_WARN_EMPTY_BODY = YES;
				CLANG_WARN_ENUM_CONVERSION = YES;
				CLANG_WARN_INT_CONVERSION = YES;
				CLANG_WARN_OBJC_ROOT_CLASS = YES_ERROR;
				CLANG_WARN__DUPLICATE_METHOD_MATCH = YES;
				"CODE_SIGN_IDENTITY[sdk=iphoneos*]" = "iPhone Developer";
				COPY_PHASE_STRIP = YES;
				ENABLE_NS_ASSERTIONS = NO;
				GCC_C_LANGUAGE_STANDARD = gnu99;
				GCC_WARN_64_TO_32_BIT_CONVERSION = YES;
				GCC_WARN_ABOUT_RETURN_TYPE = YES_ERROR;
				GCC_WARN_UNDECLARED_SELECTOR = YES;
				GCC_WARN_UNINITIALIZED_AUTOS = YES;
				GCC_WARN_UNUSED_FUNCTION = YES;
				GCC_WARN_UNUSED_VARIABLE = YES;
				HEADER_SEARCH_PATHS = (
					"$(inherited)",
					/Applications/Xcode.app/Contents/Developer/Toolchains/XcodeDefault.xctoolchain/usr/include,
				);
				IPHONEOS_DEPLOYMENT_TARGET = 7.0;
				SDKROOT = iphoneos;
				TARGETED_DEVICE_FAMILY = "1,2";
				VALIDATE_PRODUCT = YES;
			};
			name = Release;
		};
		D4E15A3718062212004C19B7 /* Debug */ = {
			isa = XCBuildConfiguration;
			buildSettings = {
				ASSETCATALOG_COMPILER_APPICON_NAME = AppIcon;
				ASSETCATALOG_COMPILER_LAUNCHIMAGE_NAME = LaunchImage;
				CLANG_CXX_LANGUAGE_STANDARD = "c++0x";
				CLANG_CXX_LIBRARY = "libc++";
				CLANG_ENABLE_OBJC_ARC = NO;
				FRAMEWORK_SEARCH_PATHS = "$(PROJECT_DIR)";
				GCC_PRECOMPILE_PREFIX_HEADER = YES;
				GCC_PREFIX_HEADER = "OTMoviePlayer/OTMoviePlayer-Prefix.pch";
				HEADER_SEARCH_PATHS = (
					"$(inherited)",
					/Applications/Xcode.app/Contents/Developer/Toolchains/XcodeDefault.xctoolchain/usr/include,
				);
				INFOPLIST_FILE = "OTMoviePlayer/OTMoviePlayer-Info.plist";
				IPHONEOS_DEPLOYMENT_TARGET = 6.1;
				PRODUCT_NAME = OTMoviePlayer;
				WRAPPER_EXTENSION = app;
			};
			name = Debug;
		};
		D4E15A3818062212004C19B7 /* Release */ = {
			isa = XCBuildConfiguration;
			buildSettings = {
				ASSETCATALOG_COMPILER_APPICON_NAME = AppIcon;
				ASSETCATALOG_COMPILER_LAUNCHIMAGE_NAME = LaunchImage;
				CLANG_CXX_LANGUAGE_STANDARD = "c++0x";
				CLANG_CXX_LIBRARY = "libc++";
				CLANG_ENABLE_OBJC_ARC = NO;
				FRAMEWORK_SEARCH_PATHS = "$(PROJECT_DIR)";
				GCC_PRECOMPILE_PREFIX_HEADER = YES;
				GCC_PREFIX_HEADER = "OTMoviePlayer/OTMoviePlayer-Prefix.pch";
				HEADER_SEARCH_PATHS = (
					"$(inherited)",
					/Applications/Xcode.app/Contents/Developer/Toolchains/XcodeDefault.xctoolchain/usr/include,
				);
				INFOPLIST_FILE = "OTMoviePlayer/OTMoviePlayer-Info.plist";
				IPHONEOS_DEPLOYMENT_TARGET = 6.1;
				PRODUCT_NAME = OTMoviePlayer;
				WRAPPER_EXTENSION = app;
			};
			name = Release;
		};
		D4E15A3A18062212004C19B7 /* Debug */ = {
			isa = XCBuildConfiguration;
			buildSettings = {
				BUNDLE_LOADER = "$(BUILT_PRODUCTS_DIR)/ios-example-app.app/ios-example-app";
				FRAMEWORK_SEARCH_PATHS = (
					"$(SDKROOT)/Developer/Library/Frameworks",
					"$(inherited)",
					"$(DEVELOPER_FRAMEWORKS_DIR)",
				);
				GCC_PRECOMPILE_PREFIX_HEADER = YES;
				GCC_PREFIX_HEADER = "ios-example-app/ios-example-app-Prefix.pch";
				GCC_PREPROCESSOR_DEFINITIONS = (
					"DEBUG=1",
					"$(inherited)",
				);
				INFOPLIST_FILE = "ios-example-appTests/OTMoviePlayerTests-Info.plist";
				PRODUCT_NAME = OTMoviePlayerTests;
				TEST_HOST = "$(BUNDLE_LOADER)";
				WRAPPER_EXTENSION = xctest;
			};
			name = Debug;
		};
		D4E15A3B18062212004C19B7 /* Release */ = {
			isa = XCBuildConfiguration;
			buildSettings = {
				BUNDLE_LOADER = "$(BUILT_PRODUCTS_DIR)/ios-example-app.app/ios-example-app";
				FRAMEWORK_SEARCH_PATHS = (
					"$(SDKROOT)/Developer/Library/Frameworks",
					"$(inherited)",
					"$(DEVELOPER_FRAMEWORKS_DIR)",
				);
				GCC_PRECOMPILE_PREFIX_HEADER = YES;
				GCC_PREFIX_HEADER = "ios-example-app/ios-example-app-Prefix.pch";
				INFOPLIST_FILE = "ios-example-appTests/OTMoviePlayerTests-Info.plist";
				PRODUCT_NAME = OTMoviePlayerTests;
				TEST_HOST = "$(BUNDLE_LOADER)";
				WRAPPER_EXTENSION = xctest;
			};
			name = Release;
		};
/* End XCBuildConfiguration section */

/* Begin XCConfigurationList section */
		D4E159FC18062212004C19B7 /* Build configuration list for PBXProject "OTMoviePlayer" */ = {
			isa = XCConfigurationList;
			buildConfigurations = (
				D4E15A3418062212004C19B7 /* Debug */,
				D4E15A3518062212004C19B7 /* Release */,
			);
			defaultConfigurationIsVisible = 0;
			defaultConfigurationName = Release;
		};
		D4E15A3618062212004C19B7 /* Build configuration list for PBXNativeTarget "OTMoviePlayer" */ = {
			isa = XCConfigurationList;
			buildConfigurations = (
				D4E15A3718062212004C19B7 /* Debug */,
				D4E15A3818062212004C19B7 /* Release */,
			);
			defaultConfigurationIsVisible = 0;
			defaultConfigurationName = Release;
		};
		D4E15A3918062212004C19B7 /* Build configuration list for PBXNativeTarget "OTMoviePlayerTests" */ = {
			isa = XCConfigurationList;
			buildConfigurations = (
				D4E15A3A18062212004C19B7 /* Debug */,
				D4E15A3B18062212004C19B7 /* Release */,
			);
			defaultConfigurationIsVisible = 0;
			defaultConfigurationName = Release;
		};
/* End XCConfigurationList section */
	};
	rootObject = D4E159F918062212004C19B7 /* Project object */;
}
