{
  "pins" : [
    {
      "identity" : "vonage-client-sdk-video",
      "kind" : "remoteSourceControl",
      "location" : "https://github.com/opentok/vonage-client-sdk-video.git",
      "state" : {
        "branch" : "main",
        "revision" : "dd01fea7f3d6dabfafc0d81df17b4c268d4e5e97"
      }
    }
  ],
  "version" : 2
}
