{
  "pins" : [
    {
      "identity" : "vonage-video-sdk",
      "kind" : "remoteSourceControl",
      "location" : "https://github.com/opentok/vonage-video-sdk.git",
      "state" : {
        "revision" : "e2da3dfad45dd3b6d88570704c20b82c69ee36a3",
        "version" : "0.0.1"
      }
    }
  ],
  "version" : 2
}
