// !$*UTF8*$!
{
	archiveVersion = 1;
	classes = {
	};
	objectVersion = 46;
	objects = {

/* Begin PBXBuildFile section */
		26E7494B5BF741443EDE00F1 /* Pods_Basic_Video_Chat.framework in Frameworks */ = {isa = PBXBuildFile; fileRef = 22F866BE40BDEC084BC5C3BF /* Pods_Basic_Video_Chat.framework */; };
		A05376311EB173CC00645696 /* AppDelegate.m in Sources */ = {isa = PBXBuildFile; fileRef = A05376251EB173CC00645696 /* AppDelegate.m */; };
		A05376321EB173CC00645696 /* Main_iPad.storyboard in Resources */ = {isa = PBXBuildFile; fileRef = A05376261EB173CC00645696 /* Main_iPad.storyboard */; };
		A05376331EB173CC00645696 /* Main_iPhone.storyboard in Resources */ = {isa = PBXBuildFile; fileRef = A05376281EB173CC00645696 /* Main_iPhone.storyboard */; };
		A05376341EB173CC00645696 /* InfoPlist.strings in Resources */ = {isa = PBXBuildFile; fileRef = A053762A1EB173CC00645696 /* InfoPlist.strings */; };
		A05376351EB173CC00645696 /* Images.xcassets in Resources */ = {isa = PBXBuildFile; fileRef = A053762C1EB173CC00645696 /* Images.xcassets */; };
		A05376361EB173CC00645696 /* main.m in Sources */ = {isa = PBXBuildFile; fileRef = A053762D1EB173CC00645696 /* main.m */; };
		A05376371EB173CC00645696 /* ViewController.m in Sources */ = {isa = PBXBuildFile; fileRef = A053762F1EB173CC00645696 /* ViewController.m */; };
		CABAEBD029930A3F000B1B63 /* Foundation.framework in Frameworks */ = {isa = PBXBuildFile; fileRef = D44260F6185F81D800E23699 /* Foundation.framework */; };
		CABAEBD229930A5F000B1B63 /* CoreGraphics.framework in Frameworks */ = {isa = PBXBuildFile; fileRef = CABAEBD129930A5F000B1B63 /* CoreGraphics.framework */; };
		CABAEBD429930A65000B1B63 /* GLKit.framework in Frameworks */ = {isa = PBXBuildFile; fileRef = CABAEBD329930A65000B1B63 /* GLKit.framework */; };
		CABAEBD629930A6B000B1B63 /* Metal.framework in Frameworks */ = {isa = PBXBuildFile; fileRef = CABAEBD529930A6B000B1B63 /* Metal.framework */; };
		D442614C185F92C000E23699 /* README.md in Resources */ = {isa = PBXBuildFile; fileRef = D442614B185F92BF00E23699 /* README.md */; };
/* End PBXBuildFile section */

/* Begin PBXFileReference section */
		22F866BE40BDEC084BC5C3BF /* Pods_Basic_Video_Chat.framework */ = {isa = PBXFileReference; explicitFileType = wrapper.framework; includeInIndex = 0; path = Pods_Basic_Video_Chat.framework; sourceTree = BUILT_PRODUCTS_DIR; };
		765367E9F5824F7015EB32D0 /* Pods-Basic-Video-Chat.release.xcconfig */ = {isa = PBXFileReference; includeInIndex = 1; lastKnownFileType = text.xcconfig; name = "Pods-Basic-Video-Chat.release.xcconfig"; path = "Target Support Files/Pods-Basic-Video-Chat/Pods-Basic-Video-Chat.release.xcconfig"; sourceTree = "<group>"; };
		A05376221EB173CC00645696 /* Info.plist */ = {isa = PBXFileReference; fileEncoding = 4; lastKnownFileType = text.plist.xml; path = Info.plist; sourceTree = "<group>"; };
		A05376241EB173CC00645696 /* AppDelegate.h */ = {isa = PBXFileReference; fileEncoding = 4; lastKnownFileType = sourcecode.c.h; path = AppDelegate.h; sourceTree = "<group>"; };
		A05376251EB173CC00645696 /* AppDelegate.m */ = {isa = PBXFileReference; fileEncoding = 4; lastKnownFileType = sourcecode.c.objc; path = AppDelegate.m; sourceTree = "<group>"; };
		A05376271EB173CC00645696 /* Base */ = {isa = PBXFileReference; lastKnownFileType = file.storyboard; name = Base; path = Base.lproj/Main_iPad.storyboard; sourceTree = "<group>"; };
		A05376291EB173CC00645696 /* Base */ = {isa = PBXFileReference; lastKnownFileType = file.storyboard; name = Base; path = Base.lproj/Main_iPhone.storyboard; sourceTree = "<group>"; };
		A053762B1EB173CC00645696 /* en */ = {isa = PBXFileReference; lastKnownFileType = text.plist.strings; name = en; path = en.lproj/InfoPlist.strings; sourceTree = "<group>"; };
		A053762C1EB173CC00645696 /* Images.xcassets */ = {isa = PBXFileReference; lastKnownFileType = folder.assetcatalog; path = Images.xcassets; sourceTree = "<group>"; };
		A053762D1EB173CC00645696 /* main.m */ = {isa = PBXFileReference; fileEncoding = 4; lastKnownFileType = sourcecode.c.objc; path = main.m; sourceTree = "<group>"; };
		A053762E1EB173CC00645696 /* ViewController.h */ = {isa = PBXFileReference; fileEncoding = 4; lastKnownFileType = sourcecode.c.h; path = ViewController.h; sourceTree = "<group>"; };
		A053762F1EB173CC00645696 /* ViewController.m */ = {isa = PBXFileReference; fileEncoding = 4; lastKnownFileType = sourcecode.c.objc; path = ViewController.m; sourceTree = "<group>"; };
		CABAEBD129930A5F000B1B63 /* CoreGraphics.framework */ = {isa = PBXFileReference; lastKnownFileType = wrapper.framework; name = CoreGraphics.framework; path = System/Library/Frameworks/CoreGraphics.framework; sourceTree = SDKROOT; };
		CABAEBD329930A65000B1B63 /* GLKit.framework */ = {isa = PBXFileReference; lastKnownFileType = wrapper.framework; name = GLKit.framework; path = System/Library/Frameworks/GLKit.framework; sourceTree = SDKROOT; };
		CABAEBD529930A6B000B1B63 /* Metal.framework */ = {isa = PBXFileReference; lastKnownFileType = wrapper.framework; name = Metal.framework; path = System/Library/Frameworks/Metal.framework; sourceTree = SDKROOT; };
		D44260F3185F81D800E23699 /* Basic-Video-Chat.app */ = {isa = PBXFileReference; explicitFileType = wrapper.application; includeInIndex = 0; path = "Basic-Video-Chat.app"; sourceTree = BUILT_PRODUCTS_DIR; };
		D44260F6185F81D800E23699 /* Foundation.framework */ = {isa = PBXFileReference; lastKnownFileType = wrapper.framework; name = Foundation.framework; path = System/Library/Frameworks/Foundation.framework; sourceTree = SDKROOT; };
		D44260FA185F81D800E23699 /* UIKit.framework */ = {isa = PBXFileReference; lastKnownFileType = wrapper.framework; name = UIKit.framework; path = System/Library/Frameworks/UIKit.framework; sourceTree = SDKROOT; };
		D442614B185F92BF00E23699 /* README.md */ = {isa = PBXFileReference; fileEncoding = 4; lastKnownFileType = text; path = README.md; sourceTree = "<group>"; };
		E66F4BEC2F32F0EAAF64C15C /* Pods-Basic-Video-Chat.debug.xcconfig */ = {isa = PBXFileReference; includeInIndex = 1; lastKnownFileType = text.xcconfig; name = "Pods-Basic-Video-Chat.debug.xcconfig"; path = "Target Support Files/Pods-Basic-Video-Chat/Pods-Basic-Video-Chat.debug.xcconfig"; sourceTree = "<group>"; };
/* End PBXFileReference section */

/* Begin PBXFrameworksBuildPhase section */
		D44260F0185F81D800E23699 /* Frameworks */ = {
			isa = PBXFrameworksBuildPhase;
			buildActionMask = 2147483647;
			files = (
				CABAEBD229930A5F000B1B63 /* CoreGraphics.framework in Frameworks */,
				CABAEBD629930A6B000B1B63 /* Metal.framework in Frameworks */,
				CABAEBD429930A65000B1B63 /* GLKit.framework in Frameworks */,
				CABAEBD029930A3F000B1B63 /* Foundation.framework in Frameworks */,
				26E7494B5BF741443EDE00F1 /* Pods_Basic_Video_Chat.framework in Frameworks */,
			);
			runOnlyForDeploymentPostprocessing = 0;
		};
/* End PBXFrameworksBuildPhase section */

/* Begin PBXGroup section */
		A05376211EB173CC00645696 /* Basic-Video-Chat */ = {
			isa = PBXGroup;
			children = (
				A05376221EB173CC00645696 /* Info.plist */,
				A05376241EB173CC00645696 /* AppDelegate.h */,
				A05376251EB173CC00645696 /* AppDelegate.m */,
				A05376261EB173CC00645696 /* Main_iPad.storyboard */,
				A05376281EB173CC00645696 /* Main_iPhone.storyboard */,
				A053762A1EB173CC00645696 /* InfoPlist.strings */,
				A053762C1EB173CC00645696 /* Images.xcassets */,
				A053762D1EB173CC00645696 /* main.m */,
				A053762E1EB173CC00645696 /* ViewController.h */,
				A053762F1EB173CC00645696 /* ViewController.m */,
			);
			path = "Basic-Video-Chat";
			sourceTree = "<group>";
		};
		CC1806F816B40EE75C3B6340 /* Pods */ = {
			isa = PBXGroup;
			children = (
				765367E9F5824F7015EB32D0 /* Pods-Basic-Video-Chat.release.xcconfig */,
				E66F4BEC2F32F0EAAF64C15C /* Pods-Basic-Video-Chat.debug.xcconfig */,
			);
			path = Pods;
			sourceTree = "<group>";
		};
		D44260EA185F81D800E23699 = {
			isa = PBXGroup;
			children = (
				D442614B185F92BF00E23699 /* README.md */,
				A05376211EB173CC00645696 /* Basic-Video-Chat */,
				D44260F5185F81D800E23699 /* Frameworks */,
				D44260F4185F81D800E23699 /* Products */,
				CC1806F816B40EE75C3B6340 /* Pods */,
			);
			sourceTree = "<group>";
		};
		D44260F4185F81D800E23699 /* Products */ = {
			isa = PBXGroup;
			children = (
				D44260F3185F81D800E23699 /* Basic-Video-Chat.app */,
			);
			name = Products;
			sourceTree = "<group>";
		};
		D44260F5185F81D800E23699 /* Frameworks */ = {
			isa = PBXGroup;
			children = (
				CABAEBD529930A6B000B1B63 /* Metal.framework */,
				CABAEBD329930A65000B1B63 /* GLKit.framework */,
				CABAEBD129930A5F000B1B63 /* CoreGraphics.framework */,
				D44260F6185F81D800E23699 /* Foundation.framework */,
				D44260FA185F81D800E23699 /* UIKit.framework */,
				22F866BE40BDEC084BC5C3BF /* Pods_Basic_Video_Chat.framework */,
			);
			name = Frameworks;
			sourceTree = "<group>";
		};
/* End PBXGroup section */

/* Begin PBXNativeTarget section */
		D44260F2185F81D800E23699 /* Basic-Video-Chat */ = {
			isa = PBXNativeTarget;
			buildConfigurationList = D4426128185F81D800E23699 /* Build configuration list for PBXNativeTarget "Basic-Video-Chat" */;
			buildPhases = (
				1B04C33C9770D6D22E01ECC1 /* [CP] Check Pods Manifest.lock */,
				D44260EF185F81D800E23699 /* Sources */,
				D44260F0185F81D800E23699 /* Frameworks */,
				D44260F1185F81D800E23699 /* Resources */,
			);
			buildRules = (
			);
			dependencies = (
			);
			name = "Basic-Video-Chat";
			productName = "Hello-World";
			productReference = D44260F3185F81D800E23699 /* Basic-Video-Chat.app */;
			productType = "com.apple.product-type.application";
		};
/* End PBXNativeTarget section */

/* Begin PBXProject section */
		D44260EB185F81D800E23699 /* Project object */ = {
			isa = PBXProject;
			attributes = {
				LastUpgradeCheck = 1200;
				ORGANIZATIONNAME = "TokBox, Inc.";
				TargetAttributes = {
					D44260F2185F81D800E23699 = {
						DevelopmentTeam = PR6C39UQ38;
						LastSwiftMigration = 1420;
						ProvisioningStyle = Automatic;
					};
				};
			};
			buildConfigurationList = D44260EE185F81D800E23699 /* Build configuration list for PBXProject "Basic-Video-Chat" */;
			compatibilityVersion = "Xcode 3.2";
			developmentRegion = en;
			hasScannedForEncodings = 0;
			knownRegions = (
				en,
				Base,
			);
			mainGroup = D44260EA185F81D800E23699;
			productRefGroup = D44260F4185F81D800E23699 /* Products */;
			projectDirPath = "";
			projectRoot = "";
			targets = (
				D44260F2185F81D800E23699 /* Basic-Video-Chat */,
			);
		};
/* End PBXProject section */

/* Begin PBXResourcesBuildPhase section */
		D44260F1185F81D800E23699 /* Resources */ = {
			isa = PBXResourcesBuildPhase;
			buildActionMask = 2147483647;
			files = (
				A05376331EB173CC00645696 /* Main_iPhone.storyboard in Resources */,
				A05376321EB173CC00645696 /* Main_iPad.storyboard in Resources */,
				A05376351EB173CC00645696 /* Images.xcassets in Resources */,
				D442614C185F92C000E23699 /* README.md in Resources */,
				A05376341EB173CC00645696 /* InfoPlist.strings in Resources */,
			);
			runOnlyForDeploymentPostprocessing = 0;
		};
/* End PBXResourcesBuildPhase section */

/* Begin PBXShellScriptBuildPhase section */
		1B04C33C9770D6D22E01ECC1 /* [CP] Check Pods Manifest.lock */ = {
			isa = PBXShellScriptBuildPhase;
			buildActionMask = 2147483647;
			files = (
			);
			inputFileListPaths = (
			);
			inputPaths = (
				"${PODS_PODFILE_DIR_PATH}/Podfile.lock",
				"${PODS_ROOT}/Manifest.lock",
			);
			name = "[CP] Check Pods Manifest.lock";
			outputFileListPaths = (
			);
			outputPaths = (
				"$(DERIVED_FILE_DIR)/Pods-Basic-Video-Chat-checkManifestLockResult.txt",
			);
			runOnlyForDeploymentPostprocessing = 0;
			shellPath = /bin/sh;
			shellScript = "diff \"${PODS_PODFILE_DIR_PATH}/Podfile.lock\" \"${PODS_ROOT}/Manifest.lock\" > /dev/null\nif [ $? != 0 ] ; then\n    # print error to STDERR\n    echo \"error: The sandbox is not in sync with the Podfile.lock. Run 'pod install' or update your CocoaPods installation.\" >&2\n    exit 1\nfi\n# This output is used by Xcode 'outputs' to avoid re-running this script phase.\necho \"SUCCESS\" > \"${SCRIPT_OUTPUT_FILE_0}\"\n";
			showEnvVarsInLog = 0;
		};
/* End PBXShellScriptBuildPhase section */

/* Begin PBXSourcesBuildPhase section */
		D44260EF185F81D800E23699 /* Sources */ = {
			isa = PBXSourcesBuildPhase;
			buildActionMask = 2147483647;
			files = (
				A05376371EB173CC00645696 /* ViewController.m in Sources */,
				A05376361EB173CC00645696 /* main.m in Sources */,
				A05376311EB173CC00645696 /* AppDelegate.m in Sources */,
			);
			runOnlyForDeploymentPostprocessing = 0;
		};
/* End PBXSourcesBuildPhase section */

/* Begin PBXVariantGroup section */
		A05376261EB173CC00645696 /* Main_iPad.storyboard */ = {
			isa = PBXVariantGroup;
			children = (
				A05376271EB173CC00645696 /* Base */,
			);
			name = Main_iPad.storyboard;
			sourceTree = "<group>";
		};
		A05376281EB173CC00645696 /* Main_iPhone.storyboard */ = {
			isa = PBXVariantGroup;
			children = (
				A05376291EB173CC00645696 /* Base */,
			);
			name = Main_iPhone.storyboard;
			sourceTree = "<group>";
		};
		A053762A1EB173CC00645696 /* InfoPlist.strings */ = {
			isa = PBXVariantGroup;
			children = (
				A053762B1EB173CC00645696 /* en */,
			);
			name = InfoPlist.strings;
			sourceTree = "<group>";
		};
/* End PBXVariantGroup section */

/* Begin XCBuildConfiguration section */
		D4426127185F81D800E23699 /* Release */ = {
			isa = XCBuildConfiguration;
			buildSettings = {
				ALWAYS_SEARCH_USER_PATHS = NO;
				CLANG_ENABLE_MODULES = YES;
				CLANG_ENABLE_OBJC_ARC = YES;
				CLANG_WARN_BLOCK_CAPTURE_AUTORELEASING = YES;
				CLANG_WARN_BOOL_CONVERSION = YES;
				CLANG_WARN_COMMA = YES;
				CLANG_WARN_CONSTANT_CONVERSION = YES;
				CLANG_WARN_DEPRECATED_OBJC_IMPLEMENTATIONS = YES;
				CLANG_WARN_DIRECT_OBJC_ISA_USAGE = YES_ERROR;
				CLANG_WARN_EMPTY_BODY = YES;
				CLANG_WARN_ENUM_CONVERSION = YES;
				CLANG_WARN_INFINITE_RECURSION = YES;
				CLANG_WARN_INT_CONVERSION = YES;
				CLANG_WARN_NON_LITERAL_NULL_CONVERSION = YES;
				CLANG_WARN_OBJC_IMPLICIT_RETAIN_SELF = YES;
				CLANG_WARN_OBJC_LITERAL_CONVERSION = YES;
				CLANG_WARN_OBJC_ROOT_CLASS = YES_ERROR;
				CLANG_WARN_QUOTED_INCLUDE_IN_FRAMEWORK_HEADER = YES;
				CLANG_WARN_RANGE_LOOP_ANALYSIS = YES;
				CLANG_WARN_STRICT_PROTOTYPES = YES;
				CLANG_WARN_SUSPICIOUS_MOVE = YES;
				CLANG_WARN_UNREACHABLE_CODE = YES;
				CLANG_WARN__DUPLICATE_METHOD_MATCH = YES;
				COPY_PHASE_STRIP = YES;
				ENABLE_NS_ASSERTIONS = NO;
				ENABLE_STRICT_OBJC_MSGSEND = YES;
				GCC_C_LANGUAGE_STANDARD = gnu99;
				GCC_NO_COMMON_BLOCKS = YES;
				GCC_WARN_64_TO_32_BIT_CONVERSION = YES;
				GCC_WARN_ABOUT_RETURN_TYPE = YES_ERROR;
				GCC_WARN_UNDECLARED_SELECTOR = YES;
				GCC_WARN_UNINITIALIZED_AUTOS = YES;
				GCC_WARN_UNUSED_FUNCTION = YES;
				GCC_WARN_UNUSED_VARIABLE = YES;
				IPHONEOS_DEPLOYMENT_TARGET = 12.4;
				SDKROOT = iphoneos;
				SWIFT_COMPILATION_MODE = wholemodule;
				TARGETED_DEVICE_FAMILY = "1,2";
				VALIDATE_PRODUCT = YES;
			};
			name = Release;
		};
		D442612A185F81D800E23699 /* Release */ = {
			isa = XCBuildConfiguration;
			baseConfigurationReference = 765367E9F5824F7015EB32D0 /* Pods-Basic-Video-Chat.release.xcconfig */;
			buildSettings = {
				ASSETCATALOG_COMPILER_APPICON_NAME = AppIcon;
				CLANG_ENABLE_MODULES = YES;
				CODE_SIGN_IDENTITY = "Apple Development";
				CODE_SIGN_STYLE = Automatic;
				DEFINES_MODULE = YES;
				DEVELOPMENT_TEAM = PR6C39UQ38;
				ENABLE_BITCODE = NO;
				"EXCLUDED_ARCHS[sdk=iphonesimulator*]" = "";
				FRAMEWORK_SEARCH_PATHS = (
					"$(inherited)",
					"${SRCROOT}",
				);
				GCC_PRECOMPILE_PREFIX_HEADER = YES;
				GCC_PREFIX_HEADER = "";
				INFOPLIST_FILE = "$(SRCROOT)/Basic-Video-Chat/Info.plist";
				IPHONEOS_DEPLOYMENT_TARGET = 13.0;
				LD_RUNPATH_SEARCH_PATHS = "$(inherited) @executable_path/Frameworks";
				LIBRARY_SEARCH_PATHS = (
					"$(SDKROOT)/usr/lib/swift",
					"$(TOOLCHAIN_DIR)/usr/lib/swift/$(PLATFORM_NAME)",
				);
				PRODUCT_BUNDLE_IDENTIFIER = "com.tokbox.Basic-Video-Chat";
				PRODUCT_NAME = "$(TARGET_NAME)";
				PROVISIONING_PROFILE_SPECIFIER = "";
				SWIFT_OBJC_BRIDGING_HEADER = "Basic-Video-Chat/Basic-Video-Chat-Bridging-Header.h";
				SWIFT_VERSION = 5.0;
				WRAPPER_EXTENSION = app;
			};
			name = Release;
		};
		F8DE15D11D95710C00EFFA79 /* Debug */ = {
			isa = XCBuildConfiguration;
			buildSettings = {
				ALWAYS_SEARCH_USER_PATHS = NO;
				CLANG_ENABLE_MODULES = YES;
				CLANG_ENABLE_OBJC_ARC = YES;
				CLANG_WARN_BLOCK_CAPTURE_AUTORELEASING = YES;
				CLANG_WARN_BOOL_CONVERSION = YES;
				CLANG_WARN_COMMA = YES;
				CLANG_WARN_CONSTANT_CONVERSION = YES;
				CLANG_WARN_DEPRECATED_OBJC_IMPLEMENTATIONS = YES;
				CLANG_WARN_DIRECT_OBJC_ISA_USAGE = YES_ERROR;
				CLANG_WARN_EMPTY_BODY = YES;
				CLANG_WARN_ENUM_CONVERSION = YES;
				CLANG_WARN_INFINITE_RECURSION = YES;
				CLANG_WARN_INT_CONVERSION = YES;
				CLANG_WARN_NON_LITERAL_NULL_CONVERSION = YES;
				CLANG_WARN_OBJC_IMPLICIT_RETAIN_SELF = YES;
				CLANG_WARN_OBJC_LITERAL_CONVERSION = YES;
				CLANG_WARN_OBJC_ROOT_CLASS = YES_ERROR;
				CLANG_WARN_QUOTED_INCLUDE_IN_FRAMEWORK_HEADER = YES;
				CLANG_WARN_RANGE_LOOP_ANALYSIS = YES;
				CLANG_WARN_STRICT_PROTOTYPES = YES;
				CLANG_WARN_SUSPICIOUS_MOVE = YES;
				CLANG_WARN_UNREACHABLE_CODE = YES;
				CLANG_WARN__DUPLICATE_METHOD_MATCH = YES;
				COPY_PHASE_STRIP = YES;
				ENABLE_NS_ASSERTIONS = NO;
				ENABLE_STRICT_OBJC_MSGSEND = YES;
				ENABLE_TESTABILITY = YES;
				GCC_C_LANGUAGE_STANDARD = gnu99;
				GCC_NO_COMMON_BLOCKS = YES;
				GCC_WARN_64_TO_32_BIT_CONVERSION = YES;
				GCC_WARN_ABOUT_RETURN_TYPE = YES_ERROR;
				GCC_WARN_UNDECLARED_SELECTOR = YES;
				GCC_WARN_UNINITIALIZED_AUTOS = YES;
				GCC_WARN_UNUSED_FUNCTION = YES;
				GCC_WARN_UNUSED_VARIABLE = YES;
				IPHONEOS_DEPLOYMENT_TARGET = 12.4;
				ONLY_ACTIVE_ARCH = YES;
				SDKROOT = iphoneos;
				SWIFT_OPTIMIZATION_LEVEL = "-Onone";
				TARGETED_DEVICE_FAMILY = "1,2";
				VALIDATE_PRODUCT = YES;
			};
			name = Debug;
		};
		F8DE15D21D95710C00EFFA79 /* Debug */ = {
			isa = XCBuildConfiguration;
			baseConfigurationReference = E66F4BEC2F32F0EAAF64C15C /* Pods-Basic-Video-Chat.debug.xcconfig */;
			buildSettings = {
				ASSETCATALOG_COMPILER_APPICON_NAME = AppIcon;
				CLANG_ENABLE_MODULES = YES;
				CODE_SIGN_IDENTITY = "Apple Development";
				CODE_SIGN_STYLE = Automatic;
				DEFINES_MODULE = YES;
				DEVELOPMENT_TEAM = PR6C39UQ38;
				ENABLE_BITCODE = NO;
				"EXCLUDED_ARCHS[sdk=iphonesimulator*]" = "";
				FRAMEWORK_SEARCH_PATHS = (
					"$(inherited)",
					"${SRCROOT}",
				);
				GCC_PRECOMPILE_PREFIX_HEADER = YES;
				GCC_PREFIX_HEADER = "";
				INFOPLIST_FILE = "$(SRCROOT)/Basic-Video-Chat/Info.plist";
				IPHONEOS_DEPLOYMENT_TARGET = 13.0;
				LD_RUNPATH_SEARCH_PATHS = "$(inherited) @executable_path/Frameworks";
				LIBRARY_SEARCH_PATHS = (
					"$(SDKROOT)/usr/lib/swift",
					"$(TOOLCHAIN_DIR)/usr/lib/swift/$(PLATFORM_NAME)",
				);
				ONLY_ACTIVE_ARCH = YES;
				PRODUCT_BUNDLE_IDENTIFIER = "com.tokbox.Basic-Video-Chat";
				PRODUCT_NAME = "$(TARGET_NAME)";
				PROVISIONING_PROFILE_SPECIFIER = "";
				SWIFT_COMPILATION_MODE = Incremental;
				SWIFT_OBJC_BRIDGING_HEADER = "Basic-Video-Chat/Basic-Video-Chat-Bridging-Header.h";
				SWIFT_VERSION = 5.0;
				WRAPPER_EXTENSION = app;
			};
			name = Debug;
		};
/* End XCBuildConfiguration section */

/* Begin XCConfigurationList section */
		D44260EE185F81D800E23699 /* Build configuration list for PBXProject "Basic-Video-Chat" */ = {
			isa = XCConfigurationList;
			buildConfigurations = (
				D4426127185F81D800E23699 /* Release */,
				F8DE15D11D95710C00EFFA79 /* Debug */,
			);
			defaultConfigurationIsVisible = 0;
			defaultConfigurationName = Release;
		};
		D4426128185F81D800E23699 /* Build configuration list for PBXNativeTarget "Basic-Video-Chat" */ = {
			isa = XCConfigurationList;
			buildConfigurations = (
				D442612A185F81D800E23699 /* Release */,
				F8DE15D21D95710C00EFFA79 /* Debug */,
			);
			defaultConfigurationIsVisible = 0;
			defaultConfigurationName = Release;
		};
/* End XCConfigurationList section */
	};
	rootObject = D44260EB185F81D800E23699 /* Project object */;
}
